
Microsoft Visual Studio Solution File, Format Version 10.00
# Visual Studio 2008
Project("{8BC9CEB8-8B4A-11D0-8D11-00A0C91BC942}") = "celt", "celt\celt.vcproj", "{8B767A98-0230-427D-B351-D7D85B1BE87E}"
EndProject
Project("{8BC9CEB8-8B4A-11D0-8D11-00A0C91BC942}") = "silk_common", "silk\silk-common.vcproj", "{1A47B1FD-28E5-4B1A-935A-8F73AAB9C066}"
EndProject
Project("{8BC9CEB8-8B4A-11D0-8D11-00A0C91BC942}") = "silk_fixed", "silk\fixed\silk_fixed.vcproj", "{04B675A8-0191-4B06-BCA9-37C8855E1D30}"
EndProject
Project("{8BC9CEB8-8B4A-11D0-8D11-00A0C91BC942}") = "silk_float", "silk\float\silk_float.vcproj", "{BAA233E9-F5F0-4AA5-A447-E463C0074C46}"
EndProject
Project("{8BC9CEB8-8B4A-11D0-8D11-00A0C91BC942}") = "opus", "src\opus.vcproj", "{F59B18F9-2180-4F94-8145-F2827B999C1A}"
EndProject
Project("{8BC9CEB8-8B4A-11D0-8D11-00A0C91BC942}") = "test_opus_api", "tests\test_opus_api.vcproj", "{4D9B731F-ADAC-41CE-A423-74F2DCD993C8}"
	ProjectSection(ProjectDependencies) = postProject
		{8B767A98-0230-427D-B351-D7D85B1BE87E} = {8B767A98-0230-427D-B351-D7D85B1BE87E}
		{04B675A8-0191-4B06-BCA9-37C8855E1D30} = {04B675A8-0191-4B06-BCA9-37C8855E1D30}
		{BAA233E9-F5F0-4AA5-A447-E463C0074C46} = {BAA233E9-F5F0-4AA5-A447-E463C0074C46}
		{F59B18F9-2180-4F94-8145-F2827B999C1A} = {F59B18F9-2180-4F94-8145-F2827B999C1A}
		{1A47B1FD-28E5-4B1A-935A-8F73AAB9C066} = {1A47B1FD-28E5-4B1A-935A-8F73AAB9C066}
	EndProjectSection
EndProject
Global
	GlobalSection(SolutionConfigurationPlatforms) = preSolution
		Debug|Win32 = Debug|Win32
		Debug|x64 = Debug|x64
		Release|Win32 = Release|Win32
		Release|x64 = Release|x64
	EndGlobalSection
	GlobalSection(ProjectConfigurationPlatforms) = postSolution
		{8B767A98-0230-427D-B351-D7D85B1BE87E}.Debug|Win32.ActiveCfg = Debug|Win32
		{8B767A98-0230-427D-B351-D7D85B1BE87E}.Debug|Win32.Build.0 = Debug|Win32
		{8B767A98-0230-427D-B351-D7D85B1BE87E}.Debug|x64.ActiveCfg = Debug|x64
		{8B767A98-0230-427D-B351-D7D85B1BE87E}.Debug|x64.Build.0 = Debug|x64
		{8B767A98-0230-427D-B351-D7D85B1BE87E}.Release|Win32.ActiveCfg = Release|Win32
		{8B767A98-0230-427D-B351-D7D85B1BE87E}.Release|Win32.Build.0 = Release|Win32
		{8B767A98-0230-427D-B351-D7D85B1BE87E}.Release|x64.ActiveCfg = Release|x64
		{8B767A98-0230-427D-B351-D7D85B1BE87E}.Release|x64.Build.0 = Release|x64
		{1A47B1FD-28E5-4B1A-935A-8F73AAB9C066}.Debug|Win32.ActiveCfg = Debug|Win32
		{1A47B1FD-28E5-4B1A-935A-8F73AAB9C066}.Debug|Win32.Build.0 = Debug|Win32
		{1A47B1FD-28E5-4B1A-935A-8F73AAB9C066}.Debug|x64.ActiveCfg = Debug|x64
		{1A47B1FD-28E5-4B1A-935A-8F73AAB9C066}.Debug|x64.Build.0 = Debug|x64
		{1A47B1FD-28E5-4B1A-935A-8F73AAB9C066}.Release|Win32.ActiveCfg = Release|Win32
		{1A47B1FD-28E5-4B1A-935A-8F73AAB9C066}.Release|Win32.Build.0 = Release|Win32
		{1A47B1FD-28E5-4B1A-935A-8F73AAB9C066}.Release|x64.ActiveCfg = Release|x64
		{1A47B1FD-28E5-4B1A-935A-8F73AAB9C066}.Release|x64.Build.0 = Release|x64
		{04B675A8-0191-4B06-BCA9-37C8855E1D30}.Debug|Win32.ActiveCfg = Debug|Win32
		{04B675A8-0191-4B06-BCA9-37C8855E1D30}.Debug|Win32.Build.0 = Debug|Win32
		{04B675A8-0191-4B06-BCA9-37C8855E1D30}.Debug|x64.ActiveCfg = Debug|x64
		{04B675A8-0191-4B06-BCA9-37C8855E1D30}.Debug|x64.Build.0 = Debug|x64
		{04B675A8-0191-4B06-BCA9-37C8855E1D30}.Release|Win32.ActiveCfg = Release|Win32
		{04B675A8-0191-4B06-BCA9-37C8855E1D30}.Release|Win32.Build.0 = Release|Win32
		{04B675A8-0191-4B06-BCA9-37C8855E1D30}.Release|x64.ActiveCfg = Release|x64
		{04B675A8-0191-4B06-BCA9-37C8855E1D30}.Release|x64.Build.0 = Release|x64
		{BAA233E9-F5F0-4AA5-A447-E463C0074C46}.Debug|Win32.ActiveCfg = Debug|Win32
		{BAA233E9-F5F0-4AA5-A447-E463C0074C46}.Debug|Win32.Build.0 = Debug|Win32
		{BAA233E9-F5F0-4AA5-A447-E463C0074C46}.Debug|x64.ActiveCfg = Debug|x64
		{BAA233E9-F5F0-4AA5-A447-E463C0074C46}.Debug|x64.Build.0 = Debug|x64
		{BAA233E9-F5F0-4AA5-A447-E463C0074C46}.Release|Win32.ActiveCfg = Release|Win32
		{BAA233E9-F5F0-4AA5-A447-E463C0074C46}.Release|Win32.Build.0 = Release|Win32
		{BAA233E9-F5F0-4AA5-A447-E463C0074C46}.Release|x64.ActiveCfg = Release|x64
		{BAA233E9-F5F0-4AA5-A447-E463C0074C46}.Release|x64.Build.0 = Release|x64
		{F59B18F9-2180-4F94-8145-F2827B999C1A}.Debug|Win32.ActiveCfg = Debug|Win32
		{F59B18F9-2180-4F94-8145-F2827B999C1A}.Debug|Win32.Build.0 = Debug|Win32
		{F59B18F9-2180-4F94-8145-F2827B999C1A}.Debug|x64.ActiveCfg = Debug|x64
		{F59B18F9-2180-4F94-8145-F2827B999C1A}.Debug|x64.Build.0 = Debug|x64
		{F59B18F9-2180-4F94-8145-F2827B999C1A}.Release|Win32.ActiveCfg = Release|Win32
		{F59B18F9-2180-4F94-8145-F2827B999C1A}.Release|Win32.Build.0 = Release|Win32
		{F59B18F9-2180-4F94-8145-F2827B999C1A}.Release|x64.ActiveCfg = Release|x64
		{F59B18F9-2180-4F94-8145-F2827B999C1A}.Release|x64.Build.0 = Release|x64
		{4D9B731F-ADAC-41CE-A423-74F2DCD993C8}.Debug|Win32.ActiveCfg = Debug|Win32
		{4D9B731F-ADAC-41CE-A423-74F2DCD993C8}.Debug|Win32.Build.0 = Debug|Win32
		{4D9B731F-ADAC-41CE-A423-74F2DCD993C8}.Debug|x64.ActiveCfg = Debug|Win32
		{4D9B731F-ADAC-41CE-A423-74F2DCD993C8}.Release|Win32.ActiveCfg = Release|Win32
		{4D9B731F-ADAC-41CE-A423-74F2DCD993C8}.Release|Win32.Build.0 = Release|Win32
		{4D9B731F-ADAC-41CE-A423-74F2DCD993C8}.Release|x64.ActiveCfg = Release|Win32
	EndGlobalSection
	GlobalSection(SolutionProperties) = preSolution
		HideSolutionNode = FALSE
	EndGlobalSection
EndGlobal
