Microsoft Visual Studio Solution File, Format Version 8.00
Project("{8BC9CEB8-8B4A-11D0-8D11-00A0C91BC942}") = "libcmml", "libcmml.vcproj", "{42D02294-4A6B-47E3-8202-751F74165FB0}"
	ProjectSection(ProjectDependencies) = postProject
	EndProjectSection
EndProject
Project("{8BC9CEB8-8B4A-11D0-8D11-00A0C91BC942}") = "cmml-validate", "cmml-validate.vcproj", "{04D0F794-3328-4388-BDB5-836DDF934EB4}"
	ProjectSection(ProjectDependencies) = postProject
	EndProjectSection
EndProject
Project("{8BC9CEB8-8B4A-11D0-8D11-00A0C91BC942}") = "cmml-fix", "cmml-fix.vcproj", "{D8AF3C75-160E-40E7-AD99-DB7EB4A012CA}"
	ProjectSection(ProjectDependencies) = postProject
	EndProjectSection
EndProject
Project("{54435603-DBB4-11D2-8724-00A0C9A8B90C}") = "cmmlbin_installer", "cmmlbin_installer.vdproj", "{430C2DDF-3A4C-4E2A-8E06-34C4E0640FEF}"
	ProjectSection(ProjectDependencies) = postProject
	EndProjectSection
EndProject
Global
	GlobalSection(SolutionConfiguration) = preSolution
		Debug = Debug
		Release = Release
	EndGlobalSection
	GlobalSection(ProjectConfiguration) = postSolution
		{42D02294-4A6B-47E3-8202-751F74165FB0}.Debug.ActiveCfg = Debug|Win32
		{42D02294-4A6B-47E3-8202-751F74165FB0}.Debug.Build.0 = Debug|Win32
		{42D02294-4A6B-47E3-8202-751F74165FB0}.Release.ActiveCfg = Release|Win32
		{42D02294-4A6B-47E3-8202-751F74165FB0}.Release.Build.0 = Release|Win32
		{04D0F794-3328-4388-BDB5-836DDF934EB4}.Debug.ActiveCfg = Debug|Win32
		{04D0F794-3328-4388-BDB5-836DDF934EB4}.Debug.Build.0 = Debug|Win32
		{04D0F794-3328-4388-BDB5-836DDF934EB4}.Release.ActiveCfg = Release|Win32
		{04D0F794-3328-4388-BDB5-836DDF934EB4}.Release.Build.0 = Release|Win32
		{D8AF3C75-160E-40E7-AD99-DB7EB4A012CA}.Debug.ActiveCfg = Debug|Win32
		{D8AF3C75-160E-40E7-AD99-DB7EB4A012CA}.Debug.Build.0 = Debug|Win32
		{D8AF3C75-160E-40E7-AD99-DB7EB4A012CA}.Release.ActiveCfg = Release|Win32
		{D8AF3C75-160E-40E7-AD99-DB7EB4A012CA}.Release.Build.0 = Release|Win32
		{430C2DDF-3A4C-4E2A-8E06-34C4E0640FEF}.Debug.ActiveCfg = Debug
		{430C2DDF-3A4C-4E2A-8E06-34C4E0640FEF}.Release.ActiveCfg = Release
	EndGlobalSection
	GlobalSection(ExtensibilityGlobals) = postSolution
	EndGlobalSection
	GlobalSection(ExtensibilityAddIns) = postSolution
	EndGlobalSection
EndGlobal
