Microsoft Visual Studio Solution File, Format Version 7.00
Project("{8BC9CEB8-8B4A-11D0-8D11-00A0C91BC942}") = "ogg_dynamic", "..\..\src\lib\core\ogg\libogg\win32\ogg_dynamic.vcproj", "{FB373486-0E6E-4BB6-8BF2-1F92EACA1468}"
EndProject
Project("{8BC9CEB8-8B4A-11D0-8D11-00A0C91BC942}") = "libOOOgg", "..\..\src\lib\core\ogg\libOOOgg\libOOOgg.vcproj", "{223ACC19-608E-4E1B-A054-067F0CACB272}"
EndProject
Project("{8BC9CEB8-8B4A-11D0-8D11-00A0C91BC942}") = "libOOOggSeek", "..\..\src\lib\core\ogg\libOOOggSeek\libOOOggSeek.vcproj", "{9A14F6AC-BC6E-401A-A300-07369BD6C5FE}"
EndProject
Project("{8BC9CEB8-8B4A-11D0-8D11-00A0C91BC942}") = "dsfAbstractAudioDecoder", "..\..\src\lib\core\directshow\dsfAbstractAudioDecoder\dsfAbstractAudioDecoder.vcproj", "{BE48BAC3-F0DE-47AA-8192-C2A52798E0E5}"
EndProject
Project("{8BC9CEB8-8B4A-11D0-8D11-00A0C91BC942}") = "dsfSeeking", "..\..\src\lib\core\directshow\dsfSeeking\dsfSeeking.vcproj", "{A882A968-3013-4A27-B653-E18CF5C791FE}"
EndProject
Project("{8BC9CEB8-8B4A-11D0-8D11-00A0C91BC942}") = "BaseClasses", "C:\DXSDK\Samples\C++\DirectShow\BaseClasses\baseclasses.vcproj", "{4CBC0173-27E6-4218-AE06-5EFDCA7B2547}"
EndProject
Project("{8BC9CEB8-8B4A-11D0-8D11-00A0C91BC942}") = "dsfAbstractAudioEncoder", "..\..\src\lib\core\directshow\dsfAbstractAudioEncoder\dsfAbstractAudioEncoder.vcproj", "{4906E533-2864-4840-ABC1-00CD844623EB}"
EndProject
Project("{8BC9CEB8-8B4A-11D0-8D11-00A0C91BC942}") = "dsfAbstractVideoDecoder", "..\..\src\lib\core\directshow\dsfAbstractVideoDecoder\dsfAbstractVideoDecoder.vcproj", "{A3BFBA6A-9B45-44C3-8FB0-A16FA2D9E487}"
EndProject
Project("{8BC9CEB8-8B4A-11D0-8D11-00A0C91BC942}") = "dsfOggDemux", "..\..\src\lib\core\directshow\dsfOggDemux\dsfOggDemux.vcproj", "{AE32588D-2807-4796-9E68-C9104817BC1A}"
EndProject
Project("{8BC9CEB8-8B4A-11D0-8D11-00A0C91BC942}") = "dsfOggMux", "..\..\src\lib\core\directshow\dsfOggMux\dsfOggMux.vcproj", "{2EBA839A-CE6E-406E-9A43-CC6FB25A78CB}"
EndProject
Project("{8BC9CEB8-8B4A-11D0-8D11-00A0C91BC942}") = "libFLAC_dynamic", "..\..\src\lib\codecs\flac\libs\libflac\src\libFLAC\libFLAC_dynamic.vcproj", "{A0004AEB-B47C-4A0A-8FE7-4F65B5FD48FA}"
EndProject
Project("{8BC9CEB8-8B4A-11D0-8D11-00A0C91BC942}") = "libFLAC++_dynamic", "..\..\src\lib\codecs\flac\libs\libflac\src\libFLAC++\libFLAC++_dynamic.vcproj", "{6B548F29-04A2-4F61-946F-72B86B4845DA}"
EndProject
Project("{8BC9CEB8-8B4A-11D0-8D11-00A0C91BC942}") = "dsfFLACDecoder", "..\..\src\lib\codecs\flac\filters\dsfFLACDecoder\dsfFLACDecoder.vcproj", "{DE1073F1-71D6-477E-A7C1-6E4F0AACCBF4}"
EndProject
Project("{8BC9CEB8-8B4A-11D0-8D11-00A0C91BC942}") = "vorbis_dynamic", "..\..\src\lib\codecs\vorbis\libs\libvorbis\win32\vorbis_dynamic.vcproj", "{95720FE9-89D5-4DCD-9A75-EE73BDF58AB2}"
EndProject
Project("{8BC9CEB8-8B4A-11D0-8D11-00A0C91BC942}") = "dsfVorbisDecoder", "..\..\src\lib\codecs\vorbis\filters\dsfVorbisDecoder\dsfVorbisDecoder.vcproj", "{C2B7DBC0-5AB3-46F5-90E9-05EF1B230AE2}"
EndProject
Project("{8BC9CEB8-8B4A-11D0-8D11-00A0C91BC942}") = "libfishsound", "..\..\src\lib\codecs\helper\libfishsound\win32\libfishsound.vcproj", "{AE0ABDB0-AE3B-4C38-843B-3408A6B87BA4}"
EndProject
Project("{8BC9CEB8-8B4A-11D0-8D11-00A0C91BC942}") = "libspeex", "..\..\src\lib\codecs\speex\libs\libspeex\win32\libspeex\libspeex.vcproj", "{6D653C6F-8722-4B10-9C3A-CB7094DD159F}"
EndProject
Project("{8BC9CEB8-8B4A-11D0-8D11-00A0C91BC942}") = "dsfVorbisEncoder", "..\..\src\lib\codecs\vorbis\filters\dsfVorbisEncoder\dsfVorbisEncoder.vcproj", "{D74A626E-C8CB-4787-913E-2E637FC04F2B}"
EndProject
Project("{8BC9CEB8-8B4A-11D0-8D11-00A0C91BC942}") = "dsfSpeexDecoder", "..\..\src\lib\codecs\speex\filters\dsfSpeexDecoder\dsfSpeexDecoder.vcproj", "{3FB9B20E-790A-402F-A02C-B0FBDC5938E3}"
EndProject
Project("{8BC9CEB8-8B4A-11D0-8D11-00A0C91BC942}") = "dsfSpeexEncoder", "..\..\src\lib\codecs\speex\filters\dsfSpeexEncoder\dsfSpeexEncoder.vcproj", "{419E0701-9C9A-4671-B3B6-79FA206DEE25}"
EndProject
Project("{8BC9CEB8-8B4A-11D0-8D11-00A0C91BC942}") = "libtheora", "..\..\src\lib\codecs\theora\libs\libtheora\win32\libtheora\libtheora.vcproj", "{2394BCBD-BAE8-443F-A65C-6BFDDD42D7CA}"
EndProject
Project("{8BC9CEB8-8B4A-11D0-8D11-00A0C91BC942}") = "libOOTheora", "..\..\src\lib\codecs\theora\libs\libOOTheora\libOOTheora.vcproj", "{6B20BD7A-644B-4087-9CAC-71B2D68D0231}"
EndProject
Project("{8BC9CEB8-8B4A-11D0-8D11-00A0C91BC942}") = "dsfTheoraDecoder", "..\..\src\lib\codecs\theora\filters\dsfTheoraDecoder\dsfTheoraDecoder.vcproj", "{11CBDFD6-0D73-40C0-95DF-997C5FD873F2}"
EndProject
Project("{8BC9CEB8-8B4A-11D0-8D11-00A0C91BC942}") = "OOOggDump", "..\..\src\tools\OOOggDump\OOOggDump.vcproj", "{73D3CA81-3BDC-42F1-8456-76224F6B337C}"
EndProject
Project("{54435603-DBB4-11D2-8724-00A0C9A8B90C}") = "oggcodecs", "..\..\build\oggcodecs\oggcodecs.vdproj", "{3214DF66-3E46-4E44-BF9D-BC7502B88C29}"
EndProject
Project("{8BC9CEB8-8B4A-11D0-8D11-00A0C91BC942}") = "OOOggStat", "..\..\src\tools\OOOggStat\OOOggStat.vcproj", "{48CFEC13-E2BC-412F-8ECA-29090C7193B6}"
EndProject
Project("{8BC9CEB8-8B4A-11D0-8D11-00A0C91BC942}") = "dsfAnxDemux", "..\..\src\lib\core\directshow\dsfAnxDemux\dsfAnxDemux.vcproj", "{F9F22B14-22FE-4651-81B8-5AE267A6B189}"
EndProject
Project("{8BC9CEB8-8B4A-11D0-8D11-00A0C91BC942}") = "libCMMLTags", "..\..\src\lib\codecs\cmml\libCMMLTags\libCMMLTags.vcproj", "{AD38DCC6-B431-4B32-8569-74F3376EF2DA}"
EndProject
Project("{8BC9CEB8-8B4A-11D0-8D11-00A0C91BC942}") = "dsfSubtitleVMR9", "..\..\src\lib\core\directshow\dsfSubtitleVMR9\dsfSubtitleVMR9.vcproj", "{88532BA9-1EED-421F-84BF-88A7A87FB2D3}"
EndProject
Project("{8BC9CEB8-8B4A-11D0-8D11-00A0C91BC942}") = "dsfAbstractVideoEncoder", "..\..\src\lib\core\directshow\dsfAbstractVideoEncoder\dsfAbstractVideoEncoder.vcproj", "{AD2DC5BB-AC7B-482D-9472-19BB98A833CE}"
EndProject
Project("{8BC9CEB8-8B4A-11D0-8D11-00A0C91BC942}") = "dsfTheoraEncoder", "..\..\src\lib\codecs\theora\filters\dsfTheoraEncoder\dsfTheoraEncoder.vcproj", "{8C91066F-5C96-48BB-BD1F-D30FFD2A57A1}"
EndProject
Project("{8BC9CEB8-8B4A-11D0-8D11-00A0C91BC942}") = "libWinCMMLParse", "..\..\src\lib\codecs\cmml\libWinCMMLParse\libWinCMMLParse.vcproj", "{23BAAF7B-AEC3-4812-AA91-7E5061E83A39}"
EndProject
Project("{8BC9CEB8-8B4A-11D0-8D11-00A0C91BC942}") = "dsfCMMLDecoder", "..\..\src\lib\codecs\cmml\dsfCMMLDecoder\dsfCMMLDecoder.vcproj", "{6B269BA6-6A18-41EF-A82C-03B6B5D4BCA7}"
EndProject
Project("{8BC9CEB8-8B4A-11D0-8D11-00A0C91BC942}") = "libVorbisComment", "..\..\src\lib\core\ogg\libVorbisComment\libVorbisComment.vcproj", "{DC4D86E2-72C1-4995-8FB1-0F08655E620A}"
EndProject
Project("{8BC9CEB8-8B4A-11D0-8D11-00A0C91BC942}") = "OOOggCommentDump", "..\..\src\tools\OOOggCommentDump\OOOggCommentDump.vcproj", "{43DE5FC7-7E6F-43FE-AD8A-FBBA7AF5D139}"
EndProject
Project("{8BC9CEB8-8B4A-11D0-8D11-00A0C91BC942}") = "CLOgg", "..\..\src\tools\CLOgg\CLOgg.vcproj", "{9FAC2038-9D4F-4309-B79F-CF7C32BEE60F}"
EndProject
Project("{8BC9CEB8-8B4A-11D0-8D11-00A0C91BC942}") = "libDSPlayDotNET", "..\..\src\lib\player\libDSPlayDotNET\libDSPlayDotNET.vcproj", "{E274665B-12E3-4C7F-A749-FAB0C0A73522}"
EndProject
Project("{8BC9CEB8-8B4A-11D0-8D11-00A0C91BC942}") = "libiWrapper", "..\..\src\lib\helper\libiWrapper\libiWrapper.vcproj", "{FCFE729D-EADE-45BA-9506-7E82A46403F7}"
EndProject
Global
	GlobalSection(SolutionConfiguration) = preSolution
		ConfigName.0 = Debug
		ConfigName.1 = Debug Unicode
		ConfigName.2 = MakeFile
		ConfigName.3 = Release
		ConfigName.4 = Release Unicode
	EndGlobalSection
	GlobalSection(ProjectDependencies) = postSolution
		{9A14F6AC-BC6E-401A-A300-07369BD6C5FE}.0 = {223ACC19-608E-4E1B-A054-067F0CACB272}
		{BE48BAC3-F0DE-47AA-8192-C2A52798E0E5}.0 = {223ACC19-608E-4E1B-A054-067F0CACB272}
		{BE48BAC3-F0DE-47AA-8192-C2A52798E0E5}.1 = {4CBC0173-27E6-4218-AE06-5EFDCA7B2547}
		{BE48BAC3-F0DE-47AA-8192-C2A52798E0E5}.2 = {A882A968-3013-4A27-B653-E18CF5C791FE}
		{4906E533-2864-4840-ABC1-00CD844623EB}.0 = {223ACC19-608E-4E1B-A054-067F0CACB272}
		{4906E533-2864-4840-ABC1-00CD844623EB}.1 = {A882A968-3013-4A27-B653-E18CF5C791FE}
		{4906E533-2864-4840-ABC1-00CD844623EB}.2 = {4CBC0173-27E6-4218-AE06-5EFDCA7B2547}
		{A3BFBA6A-9B45-44C3-8FB0-A16FA2D9E487}.0 = {4CBC0173-27E6-4218-AE06-5EFDCA7B2547}
		{A3BFBA6A-9B45-44C3-8FB0-A16FA2D9E487}.1 = {A882A968-3013-4A27-B653-E18CF5C791FE}
		{A3BFBA6A-9B45-44C3-8FB0-A16FA2D9E487}.2 = {223ACC19-608E-4E1B-A054-067F0CACB272}
		{AE32588D-2807-4796-9E68-C9104817BC1A}.0 = {4CBC0173-27E6-4218-AE06-5EFDCA7B2547}
		{AE32588D-2807-4796-9E68-C9104817BC1A}.1 = {9A14F6AC-BC6E-401A-A300-07369BD6C5FE}
		{AE32588D-2807-4796-9E68-C9104817BC1A}.2 = {223ACC19-608E-4E1B-A054-067F0CACB272}
		{AE32588D-2807-4796-9E68-C9104817BC1A}.3 = {A882A968-3013-4A27-B653-E18CF5C791FE}
		{2EBA839A-CE6E-406E-9A43-CC6FB25A78CB}.0 = {4CBC0173-27E6-4218-AE06-5EFDCA7B2547}
		{2EBA839A-CE6E-406E-9A43-CC6FB25A78CB}.1 = {A882A968-3013-4A27-B653-E18CF5C791FE}
		{2EBA839A-CE6E-406E-9A43-CC6FB25A78CB}.2 = {223ACC19-608E-4E1B-A054-067F0CACB272}
		{6B548F29-04A2-4F61-946F-72B86B4845DA}.0 = {A0004AEB-B47C-4A0A-8FE7-4F65B5FD48FA}
		{DE1073F1-71D6-477E-A7C1-6E4F0AACCBF4}.0 = {A882A968-3013-4A27-B653-E18CF5C791FE}
		{DE1073F1-71D6-477E-A7C1-6E4F0AACCBF4}.1 = {BE48BAC3-F0DE-47AA-8192-C2A52798E0E5}
		{DE1073F1-71D6-477E-A7C1-6E4F0AACCBF4}.2 = {4CBC0173-27E6-4218-AE06-5EFDCA7B2547}
		{DE1073F1-71D6-477E-A7C1-6E4F0AACCBF4}.3 = {6B548F29-04A2-4F61-946F-72B86B4845DA}
		{DE1073F1-71D6-477E-A7C1-6E4F0AACCBF4}.4 = {223ACC19-608E-4E1B-A054-067F0CACB272}
		{95720FE9-89D5-4DCD-9A75-EE73BDF58AB2}.0 = {FB373486-0E6E-4BB6-8BF2-1F92EACA1468}
		{C2B7DBC0-5AB3-46F5-90E9-05EF1B230AE2}.0 = {223ACC19-608E-4E1B-A054-067F0CACB272}
		{C2B7DBC0-5AB3-46F5-90E9-05EF1B230AE2}.1 = {AE0ABDB0-AE3B-4C38-843B-3408A6B87BA4}
		{C2B7DBC0-5AB3-46F5-90E9-05EF1B230AE2}.2 = {A882A968-3013-4A27-B653-E18CF5C791FE}
		{C2B7DBC0-5AB3-46F5-90E9-05EF1B230AE2}.3 = {BE48BAC3-F0DE-47AA-8192-C2A52798E0E5}
		{C2B7DBC0-5AB3-46F5-90E9-05EF1B230AE2}.4 = {4CBC0173-27E6-4218-AE06-5EFDCA7B2547}
		{AE0ABDB0-AE3B-4C38-843B-3408A6B87BA4}.0 = {6D653C6F-8722-4B10-9C3A-CB7094DD159F}
		{AE0ABDB0-AE3B-4C38-843B-3408A6B87BA4}.1 = {FB373486-0E6E-4BB6-8BF2-1F92EACA1468}
		{AE0ABDB0-AE3B-4C38-843B-3408A6B87BA4}.2 = {95720FE9-89D5-4DCD-9A75-EE73BDF58AB2}
		{D74A626E-C8CB-4787-913E-2E637FC04F2B}.0 = {4906E533-2864-4840-ABC1-00CD844623EB}
		{D74A626E-C8CB-4787-913E-2E637FC04F2B}.1 = {A882A968-3013-4A27-B653-E18CF5C791FE}
		{D74A626E-C8CB-4787-913E-2E637FC04F2B}.2 = {223ACC19-608E-4E1B-A054-067F0CACB272}
		{D74A626E-C8CB-4787-913E-2E637FC04F2B}.3 = {AE0ABDB0-AE3B-4C38-843B-3408A6B87BA4}
		{D74A626E-C8CB-4787-913E-2E637FC04F2B}.4 = {4CBC0173-27E6-4218-AE06-5EFDCA7B2547}
		{3FB9B20E-790A-402F-A02C-B0FBDC5938E3}.0 = {4CBC0173-27E6-4218-AE06-5EFDCA7B2547}
		{3FB9B20E-790A-402F-A02C-B0FBDC5938E3}.1 = {BE48BAC3-F0DE-47AA-8192-C2A52798E0E5}
		{3FB9B20E-790A-402F-A02C-B0FBDC5938E3}.2 = {A882A968-3013-4A27-B653-E18CF5C791FE}
		{3FB9B20E-790A-402F-A02C-B0FBDC5938E3}.3 = {AE0ABDB0-AE3B-4C38-843B-3408A6B87BA4}
		{3FB9B20E-790A-402F-A02C-B0FBDC5938E3}.4 = {223ACC19-608E-4E1B-A054-067F0CACB272}
		{419E0701-9C9A-4671-B3B6-79FA206DEE25}.0 = {223ACC19-608E-4E1B-A054-067F0CACB272}
		{419E0701-9C9A-4671-B3B6-79FA206DEE25}.1 = {AE0ABDB0-AE3B-4C38-843B-3408A6B87BA4}
		{419E0701-9C9A-4671-B3B6-79FA206DEE25}.2 = {A882A968-3013-4A27-B653-E18CF5C791FE}
		{419E0701-9C9A-4671-B3B6-79FA206DEE25}.3 = {4906E533-2864-4840-ABC1-00CD844623EB}
		{419E0701-9C9A-4671-B3B6-79FA206DEE25}.4 = {4CBC0173-27E6-4218-AE06-5EFDCA7B2547}
		{2394BCBD-BAE8-443F-A65C-6BFDDD42D7CA}.0 = {FB373486-0E6E-4BB6-8BF2-1F92EACA1468}
		{6B20BD7A-644B-4087-9CAC-71B2D68D0231}.0 = {2394BCBD-BAE8-443F-A65C-6BFDDD42D7CA}
		{6B20BD7A-644B-4087-9CAC-71B2D68D0231}.1 = {223ACC19-608E-4E1B-A054-067F0CACB272}
		{11CBDFD6-0D73-40C0-95DF-997C5FD873F2}.0 = {223ACC19-608E-4E1B-A054-067F0CACB272}
		{11CBDFD6-0D73-40C0-95DF-997C5FD873F2}.1 = {6B20BD7A-644B-4087-9CAC-71B2D68D0231}
		{11CBDFD6-0D73-40C0-95DF-997C5FD873F2}.2 = {A882A968-3013-4A27-B653-E18CF5C791FE}
		{11CBDFD6-0D73-40C0-95DF-997C5FD873F2}.3 = {A3BFBA6A-9B45-44C3-8FB0-A16FA2D9E487}
		{11CBDFD6-0D73-40C0-95DF-997C5FD873F2}.4 = {4CBC0173-27E6-4218-AE06-5EFDCA7B2547}
		{73D3CA81-3BDC-42F1-8456-76224F6B337C}.0 = {223ACC19-608E-4E1B-A054-067F0CACB272}
		{3214DF66-3E46-4E44-BF9D-BC7502B88C29}.0 = {AD38DCC6-B431-4B32-8569-74F3376EF2DA}
		{3214DF66-3E46-4E44-BF9D-BC7502B88C29}.1 = {73D3CA81-3BDC-42F1-8456-76224F6B337C}
		{3214DF66-3E46-4E44-BF9D-BC7502B88C29}.2 = {AD2DC5BB-AC7B-482D-9472-19BB98A833CE}
		{3214DF66-3E46-4E44-BF9D-BC7502B88C29}.3 = {23BAAF7B-AEC3-4812-AA91-7E5061E83A39}
		{3214DF66-3E46-4E44-BF9D-BC7502B88C29}.4 = {48CFEC13-E2BC-412F-8ECA-29090C7193B6}
		{3214DF66-3E46-4E44-BF9D-BC7502B88C29}.5 = {3FB9B20E-790A-402F-A02C-B0FBDC5938E3}
		{3214DF66-3E46-4E44-BF9D-BC7502B88C29}.6 = {6B20BD7A-644B-4087-9CAC-71B2D68D0231}
		{3214DF66-3E46-4E44-BF9D-BC7502B88C29}.7 = {11CBDFD6-0D73-40C0-95DF-997C5FD873F2}
		{3214DF66-3E46-4E44-BF9D-BC7502B88C29}.8 = {2EBA839A-CE6E-406E-9A43-CC6FB25A78CB}
		{3214DF66-3E46-4E44-BF9D-BC7502B88C29}.9 = {223ACC19-608E-4E1B-A054-067F0CACB272}
		{3214DF66-3E46-4E44-BF9D-BC7502B88C29}.10 = {9A14F6AC-BC6E-401A-A300-07369BD6C5FE}
		{3214DF66-3E46-4E44-BF9D-BC7502B88C29}.11 = {6B269BA6-6A18-41EF-A82C-03B6B5D4BCA7}
		{3214DF66-3E46-4E44-BF9D-BC7502B88C29}.12 = {4906E533-2864-4840-ABC1-00CD844623EB}
		{3214DF66-3E46-4E44-BF9D-BC7502B88C29}.13 = {A3BFBA6A-9B45-44C3-8FB0-A16FA2D9E487}
		{3214DF66-3E46-4E44-BF9D-BC7502B88C29}.14 = {BE48BAC3-F0DE-47AA-8192-C2A52798E0E5}
		{3214DF66-3E46-4E44-BF9D-BC7502B88C29}.15 = {FB373486-0E6E-4BB6-8BF2-1F92EACA1468}
		{3214DF66-3E46-4E44-BF9D-BC7502B88C29}.16 = {A0004AEB-B47C-4A0A-8FE7-4F65B5FD48FA}
		{3214DF66-3E46-4E44-BF9D-BC7502B88C29}.17 = {DE1073F1-71D6-477E-A7C1-6E4F0AACCBF4}
		{3214DF66-3E46-4E44-BF9D-BC7502B88C29}.18 = {419E0701-9C9A-4671-B3B6-79FA206DEE25}
		{3214DF66-3E46-4E44-BF9D-BC7502B88C29}.19 = {F9F22B14-22FE-4651-81B8-5AE267A6B189}
		{3214DF66-3E46-4E44-BF9D-BC7502B88C29}.20 = {A882A968-3013-4A27-B653-E18CF5C791FE}
		{3214DF66-3E46-4E44-BF9D-BC7502B88C29}.21 = {8C91066F-5C96-48BB-BD1F-D30FFD2A57A1}
		{3214DF66-3E46-4E44-BF9D-BC7502B88C29}.22 = {95720FE9-89D5-4DCD-9A75-EE73BDF58AB2}
		{3214DF66-3E46-4E44-BF9D-BC7502B88C29}.23 = {88532BA9-1EED-421F-84BF-88A7A87FB2D3}
		{3214DF66-3E46-4E44-BF9D-BC7502B88C29}.24 = {6B548F29-04A2-4F61-946F-72B86B4845DA}
		{3214DF66-3E46-4E44-BF9D-BC7502B88C29}.25 = {AE32588D-2807-4796-9E68-C9104817BC1A}
		{3214DF66-3E46-4E44-BF9D-BC7502B88C29}.26 = {2394BCBD-BAE8-443F-A65C-6BFDDD42D7CA}
		{3214DF66-3E46-4E44-BF9D-BC7502B88C29}.27 = {DC4D86E2-72C1-4995-8FB1-0F08655E620A}
		{3214DF66-3E46-4E44-BF9D-BC7502B88C29}.28 = {AE0ABDB0-AE3B-4C38-843B-3408A6B87BA4}
		{3214DF66-3E46-4E44-BF9D-BC7502B88C29}.29 = {43DE5FC7-7E6F-43FE-AD8A-FBBA7AF5D139}
		{3214DF66-3E46-4E44-BF9D-BC7502B88C29}.30 = {C2B7DBC0-5AB3-46F5-90E9-05EF1B230AE2}
		{3214DF66-3E46-4E44-BF9D-BC7502B88C29}.31 = {D74A626E-C8CB-4787-913E-2E637FC04F2B}
		{3214DF66-3E46-4E44-BF9D-BC7502B88C29}.32 = {AD38DCC6-B431-4B32-8569-74F3376EF2DA}
		{3214DF66-3E46-4E44-BF9D-BC7502B88C29}.33 = {73D3CA81-3BDC-42F1-8456-76224F6B337C}
		{3214DF66-3E46-4E44-BF9D-BC7502B88C29}.34 = {AD2DC5BB-AC7B-482D-9472-19BB98A833CE}
		{3214DF66-3E46-4E44-BF9D-BC7502B88C29}.35 = {23BAAF7B-AEC3-4812-AA91-7E5061E83A39}
		{3214DF66-3E46-4E44-BF9D-BC7502B88C29}.36 = {48CFEC13-E2BC-412F-8ECA-29090C7193B6}
		{3214DF66-3E46-4E44-BF9D-BC7502B88C29}.37 = {3FB9B20E-790A-402F-A02C-B0FBDC5938E3}
		{3214DF66-3E46-4E44-BF9D-BC7502B88C29}.38 = {6B20BD7A-644B-4087-9CAC-71B2D68D0231}
		{3214DF66-3E46-4E44-BF9D-BC7502B88C29}.39 = {11CBDFD6-0D73-40C0-95DF-997C5FD873F2}
		{3214DF66-3E46-4E44-BF9D-BC7502B88C29}.40 = {2EBA839A-CE6E-406E-9A43-CC6FB25A78CB}
		{3214DF66-3E46-4E44-BF9D-BC7502B88C29}.41 = {223ACC19-608E-4E1B-A054-067F0CACB272}
		{3214DF66-3E46-4E44-BF9D-BC7502B88C29}.42 = {9A14F6AC-BC6E-401A-A300-07369BD6C5FE}
		{3214DF66-3E46-4E44-BF9D-BC7502B88C29}.43 = {6B269BA6-6A18-41EF-A82C-03B6B5D4BCA7}
		{3214DF66-3E46-4E44-BF9D-BC7502B88C29}.44 = {4906E533-2864-4840-ABC1-00CD844623EB}
		{3214DF66-3E46-4E44-BF9D-BC7502B88C29}.45 = {A3BFBA6A-9B45-44C3-8FB0-A16FA2D9E487}
		{3214DF66-3E46-4E44-BF9D-BC7502B88C29}.46 = {BE48BAC3-F0DE-47AA-8192-C2A52798E0E5}
		{3214DF66-3E46-4E44-BF9D-BC7502B88C29}.47 = {FB373486-0E6E-4BB6-8BF2-1F92EACA1468}
		{3214DF66-3E46-4E44-BF9D-BC7502B88C29}.48 = {A0004AEB-B47C-4A0A-8FE7-4F65B5FD48FA}
		{3214DF66-3E46-4E44-BF9D-BC7502B88C29}.49 = {DE1073F1-71D6-477E-A7C1-6E4F0AACCBF4}
		{3214DF66-3E46-4E44-BF9D-BC7502B88C29}.50 = {419E0701-9C9A-4671-B3B6-79FA206DEE25}
		{3214DF66-3E46-4E44-BF9D-BC7502B88C29}.51 = {F9F22B14-22FE-4651-81B8-5AE267A6B189}
		{3214DF66-3E46-4E44-BF9D-BC7502B88C29}.52 = {A882A968-3013-4A27-B653-E18CF5C791FE}
		{3214DF66-3E46-4E44-BF9D-BC7502B88C29}.53 = {8C91066F-5C96-48BB-BD1F-D30FFD2A57A1}
		{3214DF66-3E46-4E44-BF9D-BC7502B88C29}.54 = {95720FE9-89D5-4DCD-9A75-EE73BDF58AB2}
		{3214DF66-3E46-4E44-BF9D-BC7502B88C29}.55 = {88532BA9-1EED-421F-84BF-88A7A87FB2D3}
		{3214DF66-3E46-4E44-BF9D-BC7502B88C29}.56 = {6B548F29-04A2-4F61-946F-72B86B4845DA}
		{3214DF66-3E46-4E44-BF9D-BC7502B88C29}.57 = {AE32588D-2807-4796-9E68-C9104817BC1A}
		{3214DF66-3E46-4E44-BF9D-BC7502B88C29}.58 = {2394BCBD-BAE8-443F-A65C-6BFDDD42D7CA}
		{3214DF66-3E46-4E44-BF9D-BC7502B88C29}.59 = {DC4D86E2-72C1-4995-8FB1-0F08655E620A}
		{3214DF66-3E46-4E44-BF9D-BC7502B88C29}.60 = {AE0ABDB0-AE3B-4C38-843B-3408A6B87BA4}
		{3214DF66-3E46-4E44-BF9D-BC7502B88C29}.61 = {43DE5FC7-7E6F-43FE-AD8A-FBBA7AF5D139}
		{3214DF66-3E46-4E44-BF9D-BC7502B88C29}.62 = {C2B7DBC0-5AB3-46F5-90E9-05EF1B230AE2}
		{3214DF66-3E46-4E44-BF9D-BC7502B88C29}.63 = {D74A626E-C8CB-4787-913E-2E637FC04F2B}
		{3214DF66-3E46-4E44-BF9D-BC7502B88C29}.64 = {AD38DCC6-B431-4B32-8569-74F3376EF2DA}
		{3214DF66-3E46-4E44-BF9D-BC7502B88C29}.65 = {73D3CA81-3BDC-42F1-8456-76224F6B337C}
		{3214DF66-3E46-4E44-BF9D-BC7502B88C29}.66 = {AD2DC5BB-AC7B-482D-9472-19BB98A833CE}
		{3214DF66-3E46-4E44-BF9D-BC7502B88C29}.67 = {23BAAF7B-AEC3-4812-AA91-7E5061E83A39}
		{3214DF66-3E46-4E44-BF9D-BC7502B88C29}.68 = {48CFEC13-E2BC-412F-8ECA-29090C7193B6}
		{3214DF66-3E46-4E44-BF9D-BC7502B88C29}.69 = {3FB9B20E-790A-402F-A02C-B0FBDC5938E3}
		{3214DF66-3E46-4E44-BF9D-BC7502B88C29}.70 = {6B20BD7A-644B-4087-9CAC-71B2D68D0231}
		{3214DF66-3E46-4E44-BF9D-BC7502B88C29}.71 = {11CBDFD6-0D73-40C0-95DF-997C5FD873F2}
		{3214DF66-3E46-4E44-BF9D-BC7502B88C29}.72 = {2EBA839A-CE6E-406E-9A43-CC6FB25A78CB}
		{3214DF66-3E46-4E44-BF9D-BC7502B88C29}.73 = {223ACC19-608E-4E1B-A054-067F0CACB272}
		{3214DF66-3E46-4E44-BF9D-BC7502B88C29}.74 = {9A14F6AC-BC6E-401A-A300-07369BD6C5FE}
		{3214DF66-3E46-4E44-BF9D-BC7502B88C29}.75 = {6B269BA6-6A18-41EF-A82C-03B6B5D4BCA7}
		{3214DF66-3E46-4E44-BF9D-BC7502B88C29}.76 = {4906E533-2864-4840-ABC1-00CD844623EB}
		{3214DF66-3E46-4E44-BF9D-BC7502B88C29}.77 = {A3BFBA6A-9B45-44C3-8FB0-A16FA2D9E487}
		{3214DF66-3E46-4E44-BF9D-BC7502B88C29}.78 = {BE48BAC3-F0DE-47AA-8192-C2A52798E0E5}
		{3214DF66-3E46-4E44-BF9D-BC7502B88C29}.79 = {FB373486-0E6E-4BB6-8BF2-1F92EACA1468}
		{3214DF66-3E46-4E44-BF9D-BC7502B88C29}.80 = {A0004AEB-B47C-4A0A-8FE7-4F65B5FD48FA}
		{3214DF66-3E46-4E44-BF9D-BC7502B88C29}.81 = {DE1073F1-71D6-477E-A7C1-6E4F0AACCBF4}
		{3214DF66-3E46-4E44-BF9D-BC7502B88C29}.82 = {419E0701-9C9A-4671-B3B6-79FA206DEE25}
		{3214DF66-3E46-4E44-BF9D-BC7502B88C29}.83 = {F9F22B14-22FE-4651-81B8-5AE267A6B189}
		{3214DF66-3E46-4E44-BF9D-BC7502B88C29}.84 = {A882A968-3013-4A27-B653-E18CF5C791FE}
		{3214DF66-3E46-4E44-BF9D-BC7502B88C29}.85 = {8C91066F-5C96-48BB-BD1F-D30FFD2A57A1}
		{3214DF66-3E46-4E44-BF9D-BC7502B88C29}.86 = {95720FE9-89D5-4DCD-9A75-EE73BDF58AB2}
		{3214DF66-3E46-4E44-BF9D-BC7502B88C29}.87 = {88532BA9-1EED-421F-84BF-88A7A87FB2D3}
		{3214DF66-3E46-4E44-BF9D-BC7502B88C29}.88 = {6B548F29-04A2-4F61-946F-72B86B4845DA}
		{3214DF66-3E46-4E44-BF9D-BC7502B88C29}.89 = {AE32588D-2807-4796-9E68-C9104817BC1A}
		{3214DF66-3E46-4E44-BF9D-BC7502B88C29}.90 = {2394BCBD-BAE8-443F-A65C-6BFDDD42D7CA}
		{3214DF66-3E46-4E44-BF9D-BC7502B88C29}.91 = {DC4D86E2-72C1-4995-8FB1-0F08655E620A}
		{3214DF66-3E46-4E44-BF9D-BC7502B88C29}.92 = {AE0ABDB0-AE3B-4C38-843B-3408A6B87BA4}
		{3214DF66-3E46-4E44-BF9D-BC7502B88C29}.93 = {43DE5FC7-7E6F-43FE-AD8A-FBBA7AF5D139}
		{3214DF66-3E46-4E44-BF9D-BC7502B88C29}.94 = {C2B7DBC0-5AB3-46F5-90E9-05EF1B230AE2}
		{3214DF66-3E46-4E44-BF9D-BC7502B88C29}.95 = {D74A626E-C8CB-4787-913E-2E637FC04F2B}
		{3214DF66-3E46-4E44-BF9D-BC7502B88C29}.96 = {AD38DCC6-B431-4B32-8569-74F3376EF2DA}
		{3214DF66-3E46-4E44-BF9D-BC7502B88C29}.97 = {73D3CA81-3BDC-42F1-8456-76224F6B337C}
		{3214DF66-3E46-4E44-BF9D-BC7502B88C29}.98 = {AD2DC5BB-AC7B-482D-9472-19BB98A833CE}
		{3214DF66-3E46-4E44-BF9D-BC7502B88C29}.99 = {23BAAF7B-AEC3-4812-AA91-7E5061E83A39}
		{3214DF66-3E46-4E44-BF9D-BC7502B88C29}.100 = {48CFEC13-E2BC-412F-8ECA-29090C7193B6}
		{3214DF66-3E46-4E44-BF9D-BC7502B88C29}.101 = {3FB9B20E-790A-402F-A02C-B0FBDC5938E3}
		{3214DF66-3E46-4E44-BF9D-BC7502B88C29}.102 = {6B20BD7A-644B-4087-9CAC-71B2D68D0231}
		{3214DF66-3E46-4E44-BF9D-BC7502B88C29}.103 = {11CBDFD6-0D73-40C0-95DF-997C5FD873F2}
		{3214DF66-3E46-4E44-BF9D-BC7502B88C29}.104 = {2EBA839A-CE6E-406E-9A43-CC6FB25A78CB}
		{3214DF66-3E46-4E44-BF9D-BC7502B88C29}.105 = {223ACC19-608E-4E1B-A054-067F0CACB272}
		{3214DF66-3E46-4E44-BF9D-BC7502B88C29}.106 = {9A14F6AC-BC6E-401A-A300-07369BD6C5FE}
		{3214DF66-3E46-4E44-BF9D-BC7502B88C29}.107 = {6B269BA6-6A18-41EF-A82C-03B6B5D4BCA7}
		{3214DF66-3E46-4E44-BF9D-BC7502B88C29}.108 = {4906E533-2864-4840-ABC1-00CD844623EB}
		{3214DF66-3E46-4E44-BF9D-BC7502B88C29}.109 = {A3BFBA6A-9B45-44C3-8FB0-A16FA2D9E487}
		{3214DF66-3E46-4E44-BF9D-BC7502B88C29}.110 = {BE48BAC3-F0DE-47AA-8192-C2A52798E0E5}
		{3214DF66-3E46-4E44-BF9D-BC7502B88C29}.111 = {FB373486-0E6E-4BB6-8BF2-1F92EACA1468}
		{3214DF66-3E46-4E44-BF9D-BC7502B88C29}.112 = {A0004AEB-B47C-4A0A-8FE7-4F65B5FD48FA}
		{3214DF66-3E46-4E44-BF9D-BC7502B88C29}.113 = {DE1073F1-71D6-477E-A7C1-6E4F0AACCBF4}
		{3214DF66-3E46-4E44-BF9D-BC7502B88C29}.114 = {419E0701-9C9A-4671-B3B6-79FA206DEE25}
		{3214DF66-3E46-4E44-BF9D-BC7502B88C29}.115 = {F9F22B14-22FE-4651-81B8-5AE267A6B189}
		{3214DF66-3E46-4E44-BF9D-BC7502B88C29}.116 = {A882A968-3013-4A27-B653-E18CF5C791FE}
		{3214DF66-3E46-4E44-BF9D-BC7502B88C29}.117 = {8C91066F-5C96-48BB-BD1F-D30FFD2A57A1}
		{3214DF66-3E46-4E44-BF9D-BC7502B88C29}.118 = {95720FE9-89D5-4DCD-9A75-EE73BDF58AB2}
		{3214DF66-3E46-4E44-BF9D-BC7502B88C29}.119 = {88532BA9-1EED-421F-84BF-88A7A87FB2D3}
		{3214DF66-3E46-4E44-BF9D-BC7502B88C29}.120 = {6B548F29-04A2-4F61-946F-72B86B4845DA}
		{3214DF66-3E46-4E44-BF9D-BC7502B88C29}.121 = {AE32588D-2807-4796-9E68-C9104817BC1A}
		{3214DF66-3E46-4E44-BF9D-BC7502B88C29}.122 = {2394BCBD-BAE8-443F-A65C-6BFDDD42D7CA}
		{3214DF66-3E46-4E44-BF9D-BC7502B88C29}.123 = {DC4D86E2-72C1-4995-8FB1-0F08655E620A}
		{3214DF66-3E46-4E44-BF9D-BC7502B88C29}.124 = {AE0ABDB0-AE3B-4C38-843B-3408A6B87BA4}
		{3214DF66-3E46-4E44-BF9D-BC7502B88C29}.125 = {43DE5FC7-7E6F-43FE-AD8A-FBBA7AF5D139}
		{3214DF66-3E46-4E44-BF9D-BC7502B88C29}.126 = {C2B7DBC0-5AB3-46F5-90E9-05EF1B230AE2}
		{3214DF66-3E46-4E44-BF9D-BC7502B88C29}.127 = {D74A626E-C8CB-4787-913E-2E637FC04F2B}
		{3214DF66-3E46-4E44-BF9D-BC7502B88C29}.128 = {AD38DCC6-B431-4B32-8569-74F3376EF2DA}
		{3214DF66-3E46-4E44-BF9D-BC7502B88C29}.129 = {73D3CA81-3BDC-42F1-8456-76224F6B337C}
		{3214DF66-3E46-4E44-BF9D-BC7502B88C29}.130 = {23BAAF7B-AEC3-4812-AA91-7E5061E83A39}
		{3214DF66-3E46-4E44-BF9D-BC7502B88C29}.131 = {48CFEC13-E2BC-412F-8ECA-29090C7193B6}
		{3214DF66-3E46-4E44-BF9D-BC7502B88C29}.132 = {3FB9B20E-790A-402F-A02C-B0FBDC5938E3}
		{3214DF66-3E46-4E44-BF9D-BC7502B88C29}.133 = {6B20BD7A-644B-4087-9CAC-71B2D68D0231}
		{3214DF66-3E46-4E44-BF9D-BC7502B88C29}.134 = {11CBDFD6-0D73-40C0-95DF-997C5FD873F2}
		{3214DF66-3E46-4E44-BF9D-BC7502B88C29}.135 = {2EBA839A-CE6E-406E-9A43-CC6FB25A78CB}
		{3214DF66-3E46-4E44-BF9D-BC7502B88C29}.136 = {223ACC19-608E-4E1B-A054-067F0CACB272}
		{3214DF66-3E46-4E44-BF9D-BC7502B88C29}.137 = {9A14F6AC-BC6E-401A-A300-07369BD6C5FE}
		{3214DF66-3E46-4E44-BF9D-BC7502B88C29}.138 = {6B269BA6-6A18-41EF-A82C-03B6B5D4BCA7}
		{3214DF66-3E46-4E44-BF9D-BC7502B88C29}.139 = {4906E533-2864-4840-ABC1-00CD844623EB}
		{3214DF66-3E46-4E44-BF9D-BC7502B88C29}.140 = {A3BFBA6A-9B45-44C3-8FB0-A16FA2D9E487}
		{3214DF66-3E46-4E44-BF9D-BC7502B88C29}.141 = {BE48BAC3-F0DE-47AA-8192-C2A52798E0E5}
		{3214DF66-3E46-4E44-BF9D-BC7502B88C29}.142 = {FB373486-0E6E-4BB6-8BF2-1F92EACA1468}
		{3214DF66-3E46-4E44-BF9D-BC7502B88C29}.143 = {A0004AEB-B47C-4A0A-8FE7-4F65B5FD48FA}
		{3214DF66-3E46-4E44-BF9D-BC7502B88C29}.144 = {DE1073F1-71D6-477E-A7C1-6E4F0AACCBF4}
		{3214DF66-3E46-4E44-BF9D-BC7502B88C29}.145 = {419E0701-9C9A-4671-B3B6-79FA206DEE25}
		{3214DF66-3E46-4E44-BF9D-BC7502B88C29}.146 = {F9F22B14-22FE-4651-81B8-5AE267A6B189}
		{3214DF66-3E46-4E44-BF9D-BC7502B88C29}.147 = {A882A968-3013-4A27-B653-E18CF5C791FE}
		{3214DF66-3E46-4E44-BF9D-BC7502B88C29}.148 = {95720FE9-89D5-4DCD-9A75-EE73BDF58AB2}
		{3214DF66-3E46-4E44-BF9D-BC7502B88C29}.149 = {88532BA9-1EED-421F-84BF-88A7A87FB2D3}
		{3214DF66-3E46-4E44-BF9D-BC7502B88C29}.150 = {6B548F29-04A2-4F61-946F-72B86B4845DA}
		{3214DF66-3E46-4E44-BF9D-BC7502B88C29}.151 = {AE32588D-2807-4796-9E68-C9104817BC1A}
		{3214DF66-3E46-4E44-BF9D-BC7502B88C29}.152 = {2394BCBD-BAE8-443F-A65C-6BFDDD42D7CA}
		{3214DF66-3E46-4E44-BF9D-BC7502B88C29}.153 = {DC4D86E2-72C1-4995-8FB1-0F08655E620A}
		{3214DF66-3E46-4E44-BF9D-BC7502B88C29}.154 = {AE0ABDB0-AE3B-4C38-843B-3408A6B87BA4}
		{3214DF66-3E46-4E44-BF9D-BC7502B88C29}.155 = {43DE5FC7-7E6F-43FE-AD8A-FBBA7AF5D139}
		{3214DF66-3E46-4E44-BF9D-BC7502B88C29}.156 = {C2B7DBC0-5AB3-46F5-90E9-05EF1B230AE2}
		{3214DF66-3E46-4E44-BF9D-BC7502B88C29}.157 = {D74A626E-C8CB-4787-913E-2E637FC04F2B}
		{3214DF66-3E46-4E44-BF9D-BC7502B88C29}.158 = {73D3CA81-3BDC-42F1-8456-76224F6B337C}
		{3214DF66-3E46-4E44-BF9D-BC7502B88C29}.159 = {48CFEC13-E2BC-412F-8ECA-29090C7193B6}
		{3214DF66-3E46-4E44-BF9D-BC7502B88C29}.160 = {3FB9B20E-790A-402F-A02C-B0FBDC5938E3}
		{3214DF66-3E46-4E44-BF9D-BC7502B88C29}.161 = {6B20BD7A-644B-4087-9CAC-71B2D68D0231}
		{3214DF66-3E46-4E44-BF9D-BC7502B88C29}.162 = {11CBDFD6-0D73-40C0-95DF-997C5FD873F2}
		{3214DF66-3E46-4E44-BF9D-BC7502B88C29}.163 = {2EBA839A-CE6E-406E-9A43-CC6FB25A78CB}
		{3214DF66-3E46-4E44-BF9D-BC7502B88C29}.164 = {223ACC19-608E-4E1B-A054-067F0CACB272}
		{3214DF66-3E46-4E44-BF9D-BC7502B88C29}.165 = {9A14F6AC-BC6E-401A-A300-07369BD6C5FE}
		{3214DF66-3E46-4E44-BF9D-BC7502B88C29}.166 = {4906E533-2864-4840-ABC1-00CD844623EB}
		{3214DF66-3E46-4E44-BF9D-BC7502B88C29}.167 = {A3BFBA6A-9B45-44C3-8FB0-A16FA2D9E487}
		{3214DF66-3E46-4E44-BF9D-BC7502B88C29}.168 = {BE48BAC3-F0DE-47AA-8192-C2A52798E0E5}
		{3214DF66-3E46-4E44-BF9D-BC7502B88C29}.169 = {FB373486-0E6E-4BB6-8BF2-1F92EACA1468}
		{3214DF66-3E46-4E44-BF9D-BC7502B88C29}.170 = {A0004AEB-B47C-4A0A-8FE7-4F65B5FD48FA}
		{3214DF66-3E46-4E44-BF9D-BC7502B88C29}.171 = {DE1073F1-71D6-477E-A7C1-6E4F0AACCBF4}
		{3214DF66-3E46-4E44-BF9D-BC7502B88C29}.172 = {419E0701-9C9A-4671-B3B6-79FA206DEE25}
		{3214DF66-3E46-4E44-BF9D-BC7502B88C29}.173 = {F9F22B14-22FE-4651-81B8-5AE267A6B189}
		{3214DF66-3E46-4E44-BF9D-BC7502B88C29}.174 = {A882A968-3013-4A27-B653-E18CF5C791FE}
		{3214DF66-3E46-4E44-BF9D-BC7502B88C29}.175 = {95720FE9-89D5-4DCD-9A75-EE73BDF58AB2}
		{3214DF66-3E46-4E44-BF9D-BC7502B88C29}.176 = {6B548F29-04A2-4F61-946F-72B86B4845DA}
		{3214DF66-3E46-4E44-BF9D-BC7502B88C29}.177 = {AE32588D-2807-4796-9E68-C9104817BC1A}
		{3214DF66-3E46-4E44-BF9D-BC7502B88C29}.178 = {2394BCBD-BAE8-443F-A65C-6BFDDD42D7CA}
		{3214DF66-3E46-4E44-BF9D-BC7502B88C29}.179 = {AE0ABDB0-AE3B-4C38-843B-3408A6B87BA4}
		{3214DF66-3E46-4E44-BF9D-BC7502B88C29}.180 = {C2B7DBC0-5AB3-46F5-90E9-05EF1B230AE2}
		{3214DF66-3E46-4E44-BF9D-BC7502B88C29}.181 = {D74A626E-C8CB-4787-913E-2E637FC04F2B}
		{3214DF66-3E46-4E44-BF9D-BC7502B88C29}.182 = {73D3CA81-3BDC-42F1-8456-76224F6B337C}
		{3214DF66-3E46-4E44-BF9D-BC7502B88C29}.183 = {48CFEC13-E2BC-412F-8ECA-29090C7193B6}
		{3214DF66-3E46-4E44-BF9D-BC7502B88C29}.184 = {3FB9B20E-790A-402F-A02C-B0FBDC5938E3}
		{3214DF66-3E46-4E44-BF9D-BC7502B88C29}.185 = {6B20BD7A-644B-4087-9CAC-71B2D68D0231}
		{3214DF66-3E46-4E44-BF9D-BC7502B88C29}.186 = {11CBDFD6-0D73-40C0-95DF-997C5FD873F2}
		{3214DF66-3E46-4E44-BF9D-BC7502B88C29}.187 = {2EBA839A-CE6E-406E-9A43-CC6FB25A78CB}
		{3214DF66-3E46-4E44-BF9D-BC7502B88C29}.188 = {223ACC19-608E-4E1B-A054-067F0CACB272}
		{3214DF66-3E46-4E44-BF9D-BC7502B88C29}.189 = {9A14F6AC-BC6E-401A-A300-07369BD6C5FE}
		{3214DF66-3E46-4E44-BF9D-BC7502B88C29}.190 = {4906E533-2864-4840-ABC1-00CD844623EB}
		{3214DF66-3E46-4E44-BF9D-BC7502B88C29}.191 = {A3BFBA6A-9B45-44C3-8FB0-A16FA2D9E487}
		{3214DF66-3E46-4E44-BF9D-BC7502B88C29}.192 = {BE48BAC3-F0DE-47AA-8192-C2A52798E0E5}
		{3214DF66-3E46-4E44-BF9D-BC7502B88C29}.193 = {FB373486-0E6E-4BB6-8BF2-1F92EACA1468}
		{3214DF66-3E46-4E44-BF9D-BC7502B88C29}.194 = {A0004AEB-B47C-4A0A-8FE7-4F65B5FD48FA}
		{3214DF66-3E46-4E44-BF9D-BC7502B88C29}.195 = {DE1073F1-71D6-477E-A7C1-6E4F0AACCBF4}
		{3214DF66-3E46-4E44-BF9D-BC7502B88C29}.196 = {419E0701-9C9A-4671-B3B6-79FA206DEE25}
		{3214DF66-3E46-4E44-BF9D-BC7502B88C29}.197 = {F9F22B14-22FE-4651-81B8-5AE267A6B189}
		{3214DF66-3E46-4E44-BF9D-BC7502B88C29}.198 = {A882A968-3013-4A27-B653-E18CF5C791FE}
		{3214DF66-3E46-4E44-BF9D-BC7502B88C29}.199 = {95720FE9-89D5-4DCD-9A75-EE73BDF58AB2}
		{3214DF66-3E46-4E44-BF9D-BC7502B88C29}.200 = {6B548F29-04A2-4F61-946F-72B86B4845DA}
		{3214DF66-3E46-4E44-BF9D-BC7502B88C29}.201 = {AE32588D-2807-4796-9E68-C9104817BC1A}
		{3214DF66-3E46-4E44-BF9D-BC7502B88C29}.202 = {2394BCBD-BAE8-443F-A65C-6BFDDD42D7CA}
		{3214DF66-3E46-4E44-BF9D-BC7502B88C29}.203 = {AE0ABDB0-AE3B-4C38-843B-3408A6B87BA4}
		{3214DF66-3E46-4E44-BF9D-BC7502B88C29}.204 = {C2B7DBC0-5AB3-46F5-90E9-05EF1B230AE2}
		{3214DF66-3E46-4E44-BF9D-BC7502B88C29}.205 = {D74A626E-C8CB-4787-913E-2E637FC04F2B}
		{3214DF66-3E46-4E44-BF9D-BC7502B88C29}.206 = {73D3CA81-3BDC-42F1-8456-76224F6B337C}
		{3214DF66-3E46-4E44-BF9D-BC7502B88C29}.207 = {48CFEC13-E2BC-412F-8ECA-29090C7193B6}
		{3214DF66-3E46-4E44-BF9D-BC7502B88C29}.208 = {3FB9B20E-790A-402F-A02C-B0FBDC5938E3}
		{3214DF66-3E46-4E44-BF9D-BC7502B88C29}.209 = {6B20BD7A-644B-4087-9CAC-71B2D68D0231}
		{3214DF66-3E46-4E44-BF9D-BC7502B88C29}.210 = {11CBDFD6-0D73-40C0-95DF-997C5FD873F2}
		{3214DF66-3E46-4E44-BF9D-BC7502B88C29}.211 = {2EBA839A-CE6E-406E-9A43-CC6FB25A78CB}
		{3214DF66-3E46-4E44-BF9D-BC7502B88C29}.212 = {223ACC19-608E-4E1B-A054-067F0CACB272}
		{3214DF66-3E46-4E44-BF9D-BC7502B88C29}.213 = {9A14F6AC-BC6E-401A-A300-07369BD6C5FE}
		{3214DF66-3E46-4E44-BF9D-BC7502B88C29}.214 = {4906E533-2864-4840-ABC1-00CD844623EB}
		{3214DF66-3E46-4E44-BF9D-BC7502B88C29}.215 = {A3BFBA6A-9B45-44C3-8FB0-A16FA2D9E487}
		{3214DF66-3E46-4E44-BF9D-BC7502B88C29}.216 = {BE48BAC3-F0DE-47AA-8192-C2A52798E0E5}
		{3214DF66-3E46-4E44-BF9D-BC7502B88C29}.217 = {FB373486-0E6E-4BB6-8BF2-1F92EACA1468}
		{3214DF66-3E46-4E44-BF9D-BC7502B88C29}.218 = {A0004AEB-B47C-4A0A-8FE7-4F65B5FD48FA}
		{3214DF66-3E46-4E44-BF9D-BC7502B88C29}.219 = {DE1073F1-71D6-477E-A7C1-6E4F0AACCBF4}
		{3214DF66-3E46-4E44-BF9D-BC7502B88C29}.220 = {419E0701-9C9A-4671-B3B6-79FA206DEE25}
		{3214DF66-3E46-4E44-BF9D-BC7502B88C29}.221 = {A882A968-3013-4A27-B653-E18CF5C791FE}
		{3214DF66-3E46-4E44-BF9D-BC7502B88C29}.222 = {95720FE9-89D5-4DCD-9A75-EE73BDF58AB2}
		{3214DF66-3E46-4E44-BF9D-BC7502B88C29}.223 = {6B548F29-04A2-4F61-946F-72B86B4845DA}
		{3214DF66-3E46-4E44-BF9D-BC7502B88C29}.224 = {AE32588D-2807-4796-9E68-C9104817BC1A}
		{3214DF66-3E46-4E44-BF9D-BC7502B88C29}.225 = {2394BCBD-BAE8-443F-A65C-6BFDDD42D7CA}
		{3214DF66-3E46-4E44-BF9D-BC7502B88C29}.226 = {AE0ABDB0-AE3B-4C38-843B-3408A6B87BA4}
		{3214DF66-3E46-4E44-BF9D-BC7502B88C29}.227 = {C2B7DBC0-5AB3-46F5-90E9-05EF1B230AE2}
		{3214DF66-3E46-4E44-BF9D-BC7502B88C29}.228 = {D74A626E-C8CB-4787-913E-2E637FC04F2B}
		{3214DF66-3E46-4E44-BF9D-BC7502B88C29}.229 = {73D3CA81-3BDC-42F1-8456-76224F6B337C}
		{3214DF66-3E46-4E44-BF9D-BC7502B88C29}.230 = {48CFEC13-E2BC-412F-8ECA-29090C7193B6}
		{3214DF66-3E46-4E44-BF9D-BC7502B88C29}.231 = {3FB9B20E-790A-402F-A02C-B0FBDC5938E3}
		{3214DF66-3E46-4E44-BF9D-BC7502B88C29}.232 = {6B20BD7A-644B-4087-9CAC-71B2D68D0231}
		{3214DF66-3E46-4E44-BF9D-BC7502B88C29}.233 = {11CBDFD6-0D73-40C0-95DF-997C5FD873F2}
		{3214DF66-3E46-4E44-BF9D-BC7502B88C29}.234 = {2EBA839A-CE6E-406E-9A43-CC6FB25A78CB}
		{3214DF66-3E46-4E44-BF9D-BC7502B88C29}.235 = {223ACC19-608E-4E1B-A054-067F0CACB272}
		{3214DF66-3E46-4E44-BF9D-BC7502B88C29}.236 = {9A14F6AC-BC6E-401A-A300-07369BD6C5FE}
		{3214DF66-3E46-4E44-BF9D-BC7502B88C29}.237 = {4906E533-2864-4840-ABC1-00CD844623EB}
		{3214DF66-3E46-4E44-BF9D-BC7502B88C29}.238 = {A3BFBA6A-9B45-44C3-8FB0-A16FA2D9E487}
		{3214DF66-3E46-4E44-BF9D-BC7502B88C29}.239 = {BE48BAC3-F0DE-47AA-8192-C2A52798E0E5}
		{3214DF66-3E46-4E44-BF9D-BC7502B88C29}.240 = {FB373486-0E6E-4BB6-8BF2-1F92EACA1468}
		{3214DF66-3E46-4E44-BF9D-BC7502B88C29}.241 = {A0004AEB-B47C-4A0A-8FE7-4F65B5FD48FA}
		{3214DF66-3E46-4E44-BF9D-BC7502B88C29}.242 = {DE1073F1-71D6-477E-A7C1-6E4F0AACCBF4}
		{3214DF66-3E46-4E44-BF9D-BC7502B88C29}.243 = {419E0701-9C9A-4671-B3B6-79FA206DEE25}
		{3214DF66-3E46-4E44-BF9D-BC7502B88C29}.244 = {A882A968-3013-4A27-B653-E18CF5C791FE}
		{3214DF66-3E46-4E44-BF9D-BC7502B88C29}.245 = {95720FE9-89D5-4DCD-9A75-EE73BDF58AB2}
		{3214DF66-3E46-4E44-BF9D-BC7502B88C29}.246 = {6B548F29-04A2-4F61-946F-72B86B4845DA}
		{3214DF66-3E46-4E44-BF9D-BC7502B88C29}.247 = {AE32588D-2807-4796-9E68-C9104817BC1A}
		{3214DF66-3E46-4E44-BF9D-BC7502B88C29}.248 = {2394BCBD-BAE8-443F-A65C-6BFDDD42D7CA}
		{3214DF66-3E46-4E44-BF9D-BC7502B88C29}.249 = {AE0ABDB0-AE3B-4C38-843B-3408A6B87BA4}
		{3214DF66-3E46-4E44-BF9D-BC7502B88C29}.250 = {C2B7DBC0-5AB3-46F5-90E9-05EF1B230AE2}
		{3214DF66-3E46-4E44-BF9D-BC7502B88C29}.251 = {D74A626E-C8CB-4787-913E-2E637FC04F2B}
		{3214DF66-3E46-4E44-BF9D-BC7502B88C29}.252 = {73D3CA81-3BDC-42F1-8456-76224F6B337C}
		{3214DF66-3E46-4E44-BF9D-BC7502B88C29}.253 = {3FB9B20E-790A-402F-A02C-B0FBDC5938E3}
		{3214DF66-3E46-4E44-BF9D-BC7502B88C29}.254 = {6B20BD7A-644B-4087-9CAC-71B2D68D0231}
		{3214DF66-3E46-4E44-BF9D-BC7502B88C29}.255 = {11CBDFD6-0D73-40C0-95DF-997C5FD873F2}
		{3214DF66-3E46-4E44-BF9D-BC7502B88C29}.256 = {2EBA839A-CE6E-406E-9A43-CC6FB25A78CB}
		{3214DF66-3E46-4E44-BF9D-BC7502B88C29}.257 = {223ACC19-608E-4E1B-A054-067F0CACB272}
		{3214DF66-3E46-4E44-BF9D-BC7502B88C29}.258 = {9A14F6AC-BC6E-401A-A300-07369BD6C5FE}
		{3214DF66-3E46-4E44-BF9D-BC7502B88C29}.259 = {4906E533-2864-4840-ABC1-00CD844623EB}
		{3214DF66-3E46-4E44-BF9D-BC7502B88C29}.260 = {A3BFBA6A-9B45-44C3-8FB0-A16FA2D9E487}
		{3214DF66-3E46-4E44-BF9D-BC7502B88C29}.261 = {BE48BAC3-F0DE-47AA-8192-C2A52798E0E5}
		{3214DF66-3E46-4E44-BF9D-BC7502B88C29}.262 = {FB373486-0E6E-4BB6-8BF2-1F92EACA1468}
		{3214DF66-3E46-4E44-BF9D-BC7502B88C29}.263 = {A0004AEB-B47C-4A0A-8FE7-4F65B5FD48FA}
		{3214DF66-3E46-4E44-BF9D-BC7502B88C29}.264 = {DE1073F1-71D6-477E-A7C1-6E4F0AACCBF4}
		{3214DF66-3E46-4E44-BF9D-BC7502B88C29}.265 = {419E0701-9C9A-4671-B3B6-79FA206DEE25}
		{3214DF66-3E46-4E44-BF9D-BC7502B88C29}.266 = {A882A968-3013-4A27-B653-E18CF5C791FE}
		{3214DF66-3E46-4E44-BF9D-BC7502B88C29}.267 = {95720FE9-89D5-4DCD-9A75-EE73BDF58AB2}
		{3214DF66-3E46-4E44-BF9D-BC7502B88C29}.268 = {6B548F29-04A2-4F61-946F-72B86B4845DA}
		{3214DF66-3E46-4E44-BF9D-BC7502B88C29}.269 = {AE32588D-2807-4796-9E68-C9104817BC1A}
		{3214DF66-3E46-4E44-BF9D-BC7502B88C29}.270 = {2394BCBD-BAE8-443F-A65C-6BFDDD42D7CA}
		{3214DF66-3E46-4E44-BF9D-BC7502B88C29}.271 = {AE0ABDB0-AE3B-4C38-843B-3408A6B87BA4}
		{3214DF66-3E46-4E44-BF9D-BC7502B88C29}.272 = {C2B7DBC0-5AB3-46F5-90E9-05EF1B230AE2}
		{3214DF66-3E46-4E44-BF9D-BC7502B88C29}.273 = {D74A626E-C8CB-4787-913E-2E637FC04F2B}
		{3214DF66-3E46-4E44-BF9D-BC7502B88C29}.274 = {D74A626E-C8CB-4787-913E-2E637FC04F2B}
		{3214DF66-3E46-4E44-BF9D-BC7502B88C29}.275 = {C2B7DBC0-5AB3-46F5-90E9-05EF1B230AE2}
		{3214DF66-3E46-4E44-BF9D-BC7502B88C29}.276 = {AE0ABDB0-AE3B-4C38-843B-3408A6B87BA4}
		{3214DF66-3E46-4E44-BF9D-BC7502B88C29}.277 = {2394BCBD-BAE8-443F-A65C-6BFDDD42D7CA}
		{3214DF66-3E46-4E44-BF9D-BC7502B88C29}.278 = {AE32588D-2807-4796-9E68-C9104817BC1A}
		{3214DF66-3E46-4E44-BF9D-BC7502B88C29}.279 = {6B548F29-04A2-4F61-946F-72B86B4845DA}
		{3214DF66-3E46-4E44-BF9D-BC7502B88C29}.280 = {95720FE9-89D5-4DCD-9A75-EE73BDF58AB2}
		{3214DF66-3E46-4E44-BF9D-BC7502B88C29}.281 = {A882A968-3013-4A27-B653-E18CF5C791FE}
		{3214DF66-3E46-4E44-BF9D-BC7502B88C29}.282 = {419E0701-9C9A-4671-B3B6-79FA206DEE25}
		{3214DF66-3E46-4E44-BF9D-BC7502B88C29}.283 = {DE1073F1-71D6-477E-A7C1-6E4F0AACCBF4}
		{3214DF66-3E46-4E44-BF9D-BC7502B88C29}.284 = {A0004AEB-B47C-4A0A-8FE7-4F65B5FD48FA}
		{3214DF66-3E46-4E44-BF9D-BC7502B88C29}.285 = {FB373486-0E6E-4BB6-8BF2-1F92EACA1468}
		{3214DF66-3E46-4E44-BF9D-BC7502B88C29}.286 = {BE48BAC3-F0DE-47AA-8192-C2A52798E0E5}
		{3214DF66-3E46-4E44-BF9D-BC7502B88C29}.287 = {A3BFBA6A-9B45-44C3-8FB0-A16FA2D9E487}
		{3214DF66-3E46-4E44-BF9D-BC7502B88C29}.288 = {4906E533-2864-4840-ABC1-00CD844623EB}
		{3214DF66-3E46-4E44-BF9D-BC7502B88C29}.289 = {9A14F6AC-BC6E-401A-A300-07369BD6C5FE}
		{3214DF66-3E46-4E44-BF9D-BC7502B88C29}.290 = {223ACC19-608E-4E1B-A054-067F0CACB272}
		{3214DF66-3E46-4E44-BF9D-BC7502B88C29}.291 = {2EBA839A-CE6E-406E-9A43-CC6FB25A78CB}
		{3214DF66-3E46-4E44-BF9D-BC7502B88C29}.292 = {11CBDFD6-0D73-40C0-95DF-997C5FD873F2}
		{3214DF66-3E46-4E44-BF9D-BC7502B88C29}.293 = {6B20BD7A-644B-4087-9CAC-71B2D68D0231}
		{3214DF66-3E46-4E44-BF9D-BC7502B88C29}.294 = {3FB9B20E-790A-402F-A02C-B0FBDC5938E3}
		{3214DF66-3E46-4E44-BF9D-BC7502B88C29}.295 = {73D3CA81-3BDC-42F1-8456-76224F6B337C}
		{3214DF66-3E46-4E44-BF9D-BC7502B88C29}.296 = {D74A626E-C8CB-4787-913E-2E637FC04F2B}
		{3214DF66-3E46-4E44-BF9D-BC7502B88C29}.297 = {C2B7DBC0-5AB3-46F5-90E9-05EF1B230AE2}
		{3214DF66-3E46-4E44-BF9D-BC7502B88C29}.298 = {AE0ABDB0-AE3B-4C38-843B-3408A6B87BA4}
		{3214DF66-3E46-4E44-BF9D-BC7502B88C29}.299 = {2394BCBD-BAE8-443F-A65C-6BFDDD42D7CA}
		{3214DF66-3E46-4E44-BF9D-BC7502B88C29}.300 = {AE32588D-2807-4796-9E68-C9104817BC1A}
		{3214DF66-3E46-4E44-BF9D-BC7502B88C29}.301 = {6B548F29-04A2-4F61-946F-72B86B4845DA}
		{3214DF66-3E46-4E44-BF9D-BC7502B88C29}.302 = {95720FE9-89D5-4DCD-9A75-EE73BDF58AB2}
		{3214DF66-3E46-4E44-BF9D-BC7502B88C29}.303 = {A882A968-3013-4A27-B653-E18CF5C791FE}
		{3214DF66-3E46-4E44-BF9D-BC7502B88C29}.304 = {419E0701-9C9A-4671-B3B6-79FA206DEE25}
		{3214DF66-3E46-4E44-BF9D-BC7502B88C29}.305 = {DE1073F1-71D6-477E-A7C1-6E4F0AACCBF4}
		{3214DF66-3E46-4E44-BF9D-BC7502B88C29}.306 = {A0004AEB-B47C-4A0A-8FE7-4F65B5FD48FA}
		{3214DF66-3E46-4E44-BF9D-BC7502B88C29}.307 = {FB373486-0E6E-4BB6-8BF2-1F92EACA1468}
		{3214DF66-3E46-4E44-BF9D-BC7502B88C29}.308 = {BE48BAC3-F0DE-47AA-8192-C2A52798E0E5}
		{3214DF66-3E46-4E44-BF9D-BC7502B88C29}.309 = {A3BFBA6A-9B45-44C3-8FB0-A16FA2D9E487}
		{3214DF66-3E46-4E44-BF9D-BC7502B88C29}.310 = {4906E533-2864-4840-ABC1-00CD844623EB}
		{3214DF66-3E46-4E44-BF9D-BC7502B88C29}.311 = {9A14F6AC-BC6E-401A-A300-07369BD6C5FE}
		{3214DF66-3E46-4E44-BF9D-BC7502B88C29}.312 = {223ACC19-608E-4E1B-A054-067F0CACB272}
		{3214DF66-3E46-4E44-BF9D-BC7502B88C29}.313 = {2EBA839A-CE6E-406E-9A43-CC6FB25A78CB}
		{3214DF66-3E46-4E44-BF9D-BC7502B88C29}.314 = {11CBDFD6-0D73-40C0-95DF-997C5FD873F2}
		{3214DF66-3E46-4E44-BF9D-BC7502B88C29}.315 = {6B20BD7A-644B-4087-9CAC-71B2D68D0231}
		{3214DF66-3E46-4E44-BF9D-BC7502B88C29}.316 = {3FB9B20E-790A-402F-A02C-B0FBDC5938E3}
		{3214DF66-3E46-4E44-BF9D-BC7502B88C29}.317 = {73D3CA81-3BDC-42F1-8456-76224F6B337C}
		{3214DF66-3E46-4E44-BF9D-BC7502B88C29}.318 = {D74A626E-C8CB-4787-913E-2E637FC04F2B}
		{3214DF66-3E46-4E44-BF9D-BC7502B88C29}.319 = {C2B7DBC0-5AB3-46F5-90E9-05EF1B230AE2}
		{3214DF66-3E46-4E44-BF9D-BC7502B88C29}.320 = {AE0ABDB0-AE3B-4C38-843B-3408A6B87BA4}
		{3214DF66-3E46-4E44-BF9D-BC7502B88C29}.321 = {2394BCBD-BAE8-443F-A65C-6BFDDD42D7CA}
		{3214DF66-3E46-4E44-BF9D-BC7502B88C29}.322 = {AE32588D-2807-4796-9E68-C9104817BC1A}
		{3214DF66-3E46-4E44-BF9D-BC7502B88C29}.323 = {6B548F29-04A2-4F61-946F-72B86B4845DA}
		{3214DF66-3E46-4E44-BF9D-BC7502B88C29}.324 = {95720FE9-89D5-4DCD-9A75-EE73BDF58AB2}
		{3214DF66-3E46-4E44-BF9D-BC7502B88C29}.325 = {A882A968-3013-4A27-B653-E18CF5C791FE}
		{3214DF66-3E46-4E44-BF9D-BC7502B88C29}.326 = {419E0701-9C9A-4671-B3B6-79FA206DEE25}
		{3214DF66-3E46-4E44-BF9D-BC7502B88C29}.327 = {DE1073F1-71D6-477E-A7C1-6E4F0AACCBF4}
		{3214DF66-3E46-4E44-BF9D-BC7502B88C29}.328 = {A0004AEB-B47C-4A0A-8FE7-4F65B5FD48FA}
		{3214DF66-3E46-4E44-BF9D-BC7502B88C29}.329 = {FB373486-0E6E-4BB6-8BF2-1F92EACA1468}
		{3214DF66-3E46-4E44-BF9D-BC7502B88C29}.330 = {BE48BAC3-F0DE-47AA-8192-C2A52798E0E5}
		{3214DF66-3E46-4E44-BF9D-BC7502B88C29}.331 = {A3BFBA6A-9B45-44C3-8FB0-A16FA2D9E487}
		{3214DF66-3E46-4E44-BF9D-BC7502B88C29}.332 = {4906E533-2864-4840-ABC1-00CD844623EB}
		{3214DF66-3E46-4E44-BF9D-BC7502B88C29}.333 = {9A14F6AC-BC6E-401A-A300-07369BD6C5FE}
		{3214DF66-3E46-4E44-BF9D-BC7502B88C29}.334 = {223ACC19-608E-4E1B-A054-067F0CACB272}
		{3214DF66-3E46-4E44-BF9D-BC7502B88C29}.335 = {2EBA839A-CE6E-406E-9A43-CC6FB25A78CB}
		{3214DF66-3E46-4E44-BF9D-BC7502B88C29}.336 = {11CBDFD6-0D73-40C0-95DF-997C5FD873F2}
		{3214DF66-3E46-4E44-BF9D-BC7502B88C29}.337 = {6B20BD7A-644B-4087-9CAC-71B2D68D0231}
		{3214DF66-3E46-4E44-BF9D-BC7502B88C29}.338 = {3FB9B20E-790A-402F-A02C-B0FBDC5938E3}
		{3214DF66-3E46-4E44-BF9D-BC7502B88C29}.339 = {73D3CA81-3BDC-42F1-8456-76224F6B337C}
		{3214DF66-3E46-4E44-BF9D-BC7502B88C29}.340 = {D74A626E-C8CB-4787-913E-2E637FC04F2B}
		{3214DF66-3E46-4E44-BF9D-BC7502B88C29}.341 = {C2B7DBC0-5AB3-46F5-90E9-05EF1B230AE2}
		{3214DF66-3E46-4E44-BF9D-BC7502B88C29}.342 = {AE0ABDB0-AE3B-4C38-843B-3408A6B87BA4}
		{3214DF66-3E46-4E44-BF9D-BC7502B88C29}.343 = {2394BCBD-BAE8-443F-A65C-6BFDDD42D7CA}
		{3214DF66-3E46-4E44-BF9D-BC7502B88C29}.344 = {AE32588D-2807-4796-9E68-C9104817BC1A}
		{3214DF66-3E46-4E44-BF9D-BC7502B88C29}.345 = {6B548F29-04A2-4F61-946F-72B86B4845DA}
		{3214DF66-3E46-4E44-BF9D-BC7502B88C29}.346 = {95720FE9-89D5-4DCD-9A75-EE73BDF58AB2}
		{3214DF66-3E46-4E44-BF9D-BC7502B88C29}.347 = {A882A968-3013-4A27-B653-E18CF5C791FE}
		{3214DF66-3E46-4E44-BF9D-BC7502B88C29}.348 = {419E0701-9C9A-4671-B3B6-79FA206DEE25}
		{3214DF66-3E46-4E44-BF9D-BC7502B88C29}.349 = {DE1073F1-71D6-477E-A7C1-6E4F0AACCBF4}
		{3214DF66-3E46-4E44-BF9D-BC7502B88C29}.350 = {A0004AEB-B47C-4A0A-8FE7-4F65B5FD48FA}
		{3214DF66-3E46-4E44-BF9D-BC7502B88C29}.351 = {FB373486-0E6E-4BB6-8BF2-1F92EACA1468}
		{3214DF66-3E46-4E44-BF9D-BC7502B88C29}.352 = {BE48BAC3-F0DE-47AA-8192-C2A52798E0E5}
		{3214DF66-3E46-4E44-BF9D-BC7502B88C29}.353 = {A3BFBA6A-9B45-44C3-8FB0-A16FA2D9E487}
		{3214DF66-3E46-4E44-BF9D-BC7502B88C29}.354 = {4906E533-2864-4840-ABC1-00CD844623EB}
		{3214DF66-3E46-4E44-BF9D-BC7502B88C29}.355 = {9A14F6AC-BC6E-401A-A300-07369BD6C5FE}
		{3214DF66-3E46-4E44-BF9D-BC7502B88C29}.356 = {223ACC19-608E-4E1B-A054-067F0CACB272}
		{3214DF66-3E46-4E44-BF9D-BC7502B88C29}.357 = {2EBA839A-CE6E-406E-9A43-CC6FB25A78CB}
		{3214DF66-3E46-4E44-BF9D-BC7502B88C29}.358 = {11CBDFD6-0D73-40C0-95DF-997C5FD873F2}
		{3214DF66-3E46-4E44-BF9D-BC7502B88C29}.359 = {6B20BD7A-644B-4087-9CAC-71B2D68D0231}
		{3214DF66-3E46-4E44-BF9D-BC7502B88C29}.360 = {3FB9B20E-790A-402F-A02C-B0FBDC5938E3}
		{3214DF66-3E46-4E44-BF9D-BC7502B88C29}.361 = {48CFEC13-E2BC-412F-8ECA-29090C7193B6}
		{3214DF66-3E46-4E44-BF9D-BC7502B88C29}.362 = {73D3CA81-3BDC-42F1-8456-76224F6B337C}
		{3214DF66-3E46-4E44-BF9D-BC7502B88C29}.363 = {D74A626E-C8CB-4787-913E-2E637FC04F2B}
		{3214DF66-3E46-4E44-BF9D-BC7502B88C29}.364 = {C2B7DBC0-5AB3-46F5-90E9-05EF1B230AE2}
		{3214DF66-3E46-4E44-BF9D-BC7502B88C29}.365 = {AE0ABDB0-AE3B-4C38-843B-3408A6B87BA4}
		{3214DF66-3E46-4E44-BF9D-BC7502B88C29}.366 = {2394BCBD-BAE8-443F-A65C-6BFDDD42D7CA}
		{3214DF66-3E46-4E44-BF9D-BC7502B88C29}.367 = {AE32588D-2807-4796-9E68-C9104817BC1A}
		{3214DF66-3E46-4E44-BF9D-BC7502B88C29}.368 = {6B548F29-04A2-4F61-946F-72B86B4845DA}
		{3214DF66-3E46-4E44-BF9D-BC7502B88C29}.369 = {95720FE9-89D5-4DCD-9A75-EE73BDF58AB2}
		{3214DF66-3E46-4E44-BF9D-BC7502B88C29}.370 = {A882A968-3013-4A27-B653-E18CF5C791FE}
		{3214DF66-3E46-4E44-BF9D-BC7502B88C29}.371 = {419E0701-9C9A-4671-B3B6-79FA206DEE25}
		{3214DF66-3E46-4E44-BF9D-BC7502B88C29}.372 = {DE1073F1-71D6-477E-A7C1-6E4F0AACCBF4}
		{3214DF66-3E46-4E44-BF9D-BC7502B88C29}.373 = {A0004AEB-B47C-4A0A-8FE7-4F65B5FD48FA}
		{3214DF66-3E46-4E44-BF9D-BC7502B88C29}.374 = {FB373486-0E6E-4BB6-8BF2-1F92EACA1468}
		{3214DF66-3E46-4E44-BF9D-BC7502B88C29}.375 = {BE48BAC3-F0DE-47AA-8192-C2A52798E0E5}
		{3214DF66-3E46-4E44-BF9D-BC7502B88C29}.376 = {A3BFBA6A-9B45-44C3-8FB0-A16FA2D9E487}
		{3214DF66-3E46-4E44-BF9D-BC7502B88C29}.377 = {4906E533-2864-4840-ABC1-00CD844623EB}
		{3214DF66-3E46-4E44-BF9D-BC7502B88C29}.378 = {9A14F6AC-BC6E-401A-A300-07369BD6C5FE}
		{3214DF66-3E46-4E44-BF9D-BC7502B88C29}.379 = {223ACC19-608E-4E1B-A054-067F0CACB272}
		{3214DF66-3E46-4E44-BF9D-BC7502B88C29}.380 = {2EBA839A-CE6E-406E-9A43-CC6FB25A78CB}
		{3214DF66-3E46-4E44-BF9D-BC7502B88C29}.381 = {11CBDFD6-0D73-40C0-95DF-997C5FD873F2}
		{3214DF66-3E46-4E44-BF9D-BC7502B88C29}.382 = {6B20BD7A-644B-4087-9CAC-71B2D68D0231}
		{3214DF66-3E46-4E44-BF9D-BC7502B88C29}.383 = {3FB9B20E-790A-402F-A02C-B0FBDC5938E3}
		{3214DF66-3E46-4E44-BF9D-BC7502B88C29}.384 = {48CFEC13-E2BC-412F-8ECA-29090C7193B6}
		{3214DF66-3E46-4E44-BF9D-BC7502B88C29}.385 = {73D3CA81-3BDC-42F1-8456-76224F6B337C}
		{3214DF66-3E46-4E44-BF9D-BC7502B88C29}.386 = {D74A626E-C8CB-4787-913E-2E637FC04F2B}
		{3214DF66-3E46-4E44-BF9D-BC7502B88C29}.387 = {C2B7DBC0-5AB3-46F5-90E9-05EF1B230AE2}
		{3214DF66-3E46-4E44-BF9D-BC7502B88C29}.388 = {AE0ABDB0-AE3B-4C38-843B-3408A6B87BA4}
		{3214DF66-3E46-4E44-BF9D-BC7502B88C29}.389 = {2394BCBD-BAE8-443F-A65C-6BFDDD42D7CA}
		{3214DF66-3E46-4E44-BF9D-BC7502B88C29}.390 = {AE32588D-2807-4796-9E68-C9104817BC1A}
		{3214DF66-3E46-4E44-BF9D-BC7502B88C29}.391 = {6B548F29-04A2-4F61-946F-72B86B4845DA}
		{3214DF66-3E46-4E44-BF9D-BC7502B88C29}.392 = {95720FE9-89D5-4DCD-9A75-EE73BDF58AB2}
		{3214DF66-3E46-4E44-BF9D-BC7502B88C29}.393 = {A882A968-3013-4A27-B653-E18CF5C791FE}
		{3214DF66-3E46-4E44-BF9D-BC7502B88C29}.394 = {F9F22B14-22FE-4651-81B8-5AE267A6B189}
		{3214DF66-3E46-4E44-BF9D-BC7502B88C29}.395 = {419E0701-9C9A-4671-B3B6-79FA206DEE25}
		{3214DF66-3E46-4E44-BF9D-BC7502B88C29}.396 = {DE1073F1-71D6-477E-A7C1-6E4F0AACCBF4}
		{3214DF66-3E46-4E44-BF9D-BC7502B88C29}.397 = {A0004AEB-B47C-4A0A-8FE7-4F65B5FD48FA}
		{3214DF66-3E46-4E44-BF9D-BC7502B88C29}.398 = {FB373486-0E6E-4BB6-8BF2-1F92EACA1468}
		{3214DF66-3E46-4E44-BF9D-BC7502B88C29}.399 = {BE48BAC3-F0DE-47AA-8192-C2A52798E0E5}
		{3214DF66-3E46-4E44-BF9D-BC7502B88C29}.400 = {A3BFBA6A-9B45-44C3-8FB0-A16FA2D9E487}
		{3214DF66-3E46-4E44-BF9D-BC7502B88C29}.401 = {4906E533-2864-4840-ABC1-00CD844623EB}
		{3214DF66-3E46-4E44-BF9D-BC7502B88C29}.402 = {9A14F6AC-BC6E-401A-A300-07369BD6C5FE}
		{3214DF66-3E46-4E44-BF9D-BC7502B88C29}.403 = {223ACC19-608E-4E1B-A054-067F0CACB272}
		{3214DF66-3E46-4E44-BF9D-BC7502B88C29}.404 = {2EBA839A-CE6E-406E-9A43-CC6FB25A78CB}
		{3214DF66-3E46-4E44-BF9D-BC7502B88C29}.405 = {11CBDFD6-0D73-40C0-95DF-997C5FD873F2}
		{3214DF66-3E46-4E44-BF9D-BC7502B88C29}.406 = {6B20BD7A-644B-4087-9CAC-71B2D68D0231}
		{3214DF66-3E46-4E44-BF9D-BC7502B88C29}.407 = {3FB9B20E-790A-402F-A02C-B0FBDC5938E3}
		{3214DF66-3E46-4E44-BF9D-BC7502B88C29}.408 = {48CFEC13-E2BC-412F-8ECA-29090C7193B6}
		{3214DF66-3E46-4E44-BF9D-BC7502B88C29}.409 = {73D3CA81-3BDC-42F1-8456-76224F6B337C}
		{3214DF66-3E46-4E44-BF9D-BC7502B88C29}.410 = {D74A626E-C8CB-4787-913E-2E637FC04F2B}
		{3214DF66-3E46-4E44-BF9D-BC7502B88C29}.411 = {C2B7DBC0-5AB3-46F5-90E9-05EF1B230AE2}
		{3214DF66-3E46-4E44-BF9D-BC7502B88C29}.412 = {AE0ABDB0-AE3B-4C38-843B-3408A6B87BA4}
		{3214DF66-3E46-4E44-BF9D-BC7502B88C29}.413 = {2394BCBD-BAE8-443F-A65C-6BFDDD42D7CA}
		{3214DF66-3E46-4E44-BF9D-BC7502B88C29}.414 = {AE32588D-2807-4796-9E68-C9104817BC1A}
		{3214DF66-3E46-4E44-BF9D-BC7502B88C29}.415 = {6B548F29-04A2-4F61-946F-72B86B4845DA}
		{3214DF66-3E46-4E44-BF9D-BC7502B88C29}.416 = {95720FE9-89D5-4DCD-9A75-EE73BDF58AB2}
		{3214DF66-3E46-4E44-BF9D-BC7502B88C29}.417 = {A882A968-3013-4A27-B653-E18CF5C791FE}
		{3214DF66-3E46-4E44-BF9D-BC7502B88C29}.418 = {F9F22B14-22FE-4651-81B8-5AE267A6B189}
		{3214DF66-3E46-4E44-BF9D-BC7502B88C29}.419 = {419E0701-9C9A-4671-B3B6-79FA206DEE25}
		{3214DF66-3E46-4E44-BF9D-BC7502B88C29}.420 = {DE1073F1-71D6-477E-A7C1-6E4F0AACCBF4}
		{3214DF66-3E46-4E44-BF9D-BC7502B88C29}.421 = {A0004AEB-B47C-4A0A-8FE7-4F65B5FD48FA}
		{3214DF66-3E46-4E44-BF9D-BC7502B88C29}.422 = {FB373486-0E6E-4BB6-8BF2-1F92EACA1468}
		{3214DF66-3E46-4E44-BF9D-BC7502B88C29}.423 = {BE48BAC3-F0DE-47AA-8192-C2A52798E0E5}
		{3214DF66-3E46-4E44-BF9D-BC7502B88C29}.424 = {A3BFBA6A-9B45-44C3-8FB0-A16FA2D9E487}
		{3214DF66-3E46-4E44-BF9D-BC7502B88C29}.425 = {4906E533-2864-4840-ABC1-00CD844623EB}
		{3214DF66-3E46-4E44-BF9D-BC7502B88C29}.426 = {9A14F6AC-BC6E-401A-A300-07369BD6C5FE}
		{3214DF66-3E46-4E44-BF9D-BC7502B88C29}.427 = {223ACC19-608E-4E1B-A054-067F0CACB272}
		{3214DF66-3E46-4E44-BF9D-BC7502B88C29}.428 = {2EBA839A-CE6E-406E-9A43-CC6FB25A78CB}
		{3214DF66-3E46-4E44-BF9D-BC7502B88C29}.429 = {11CBDFD6-0D73-40C0-95DF-997C5FD873F2}
		{3214DF66-3E46-4E44-BF9D-BC7502B88C29}.430 = {6B20BD7A-644B-4087-9CAC-71B2D68D0231}
		{3214DF66-3E46-4E44-BF9D-BC7502B88C29}.431 = {3FB9B20E-790A-402F-A02C-B0FBDC5938E3}
		{3214DF66-3E46-4E44-BF9D-BC7502B88C29}.432 = {48CFEC13-E2BC-412F-8ECA-29090C7193B6}
		{3214DF66-3E46-4E44-BF9D-BC7502B88C29}.433 = {73D3CA81-3BDC-42F1-8456-76224F6B337C}
		{3214DF66-3E46-4E44-BF9D-BC7502B88C29}.434 = {D74A626E-C8CB-4787-913E-2E637FC04F2B}
		{3214DF66-3E46-4E44-BF9D-BC7502B88C29}.435 = {C2B7DBC0-5AB3-46F5-90E9-05EF1B230AE2}
		{3214DF66-3E46-4E44-BF9D-BC7502B88C29}.436 = {AE0ABDB0-AE3B-4C38-843B-3408A6B87BA4}
		{3214DF66-3E46-4E44-BF9D-BC7502B88C29}.437 = {2394BCBD-BAE8-443F-A65C-6BFDDD42D7CA}
		{3214DF66-3E46-4E44-BF9D-BC7502B88C29}.438 = {AE32588D-2807-4796-9E68-C9104817BC1A}
		{3214DF66-3E46-4E44-BF9D-BC7502B88C29}.439 = {6B548F29-04A2-4F61-946F-72B86B4845DA}
		{3214DF66-3E46-4E44-BF9D-BC7502B88C29}.440 = {88532BA9-1EED-421F-84BF-88A7A87FB2D3}
		{3214DF66-3E46-4E44-BF9D-BC7502B88C29}.441 = {95720FE9-89D5-4DCD-9A75-EE73BDF58AB2}
		{3214DF66-3E46-4E44-BF9D-BC7502B88C29}.442 = {A882A968-3013-4A27-B653-E18CF5C791FE}
		{3214DF66-3E46-4E44-BF9D-BC7502B88C29}.443 = {F9F22B14-22FE-4651-81B8-5AE267A6B189}
		{3214DF66-3E46-4E44-BF9D-BC7502B88C29}.444 = {419E0701-9C9A-4671-B3B6-79FA206DEE25}
		{3214DF66-3E46-4E44-BF9D-BC7502B88C29}.445 = {DE1073F1-71D6-477E-A7C1-6E4F0AACCBF4}
		{3214DF66-3E46-4E44-BF9D-BC7502B88C29}.446 = {A0004AEB-B47C-4A0A-8FE7-4F65B5FD48FA}
		{3214DF66-3E46-4E44-BF9D-BC7502B88C29}.447 = {FB373486-0E6E-4BB6-8BF2-1F92EACA1468}
		{3214DF66-3E46-4E44-BF9D-BC7502B88C29}.448 = {BE48BAC3-F0DE-47AA-8192-C2A52798E0E5}
		{3214DF66-3E46-4E44-BF9D-BC7502B88C29}.449 = {A3BFBA6A-9B45-44C3-8FB0-A16FA2D9E487}
		{3214DF66-3E46-4E44-BF9D-BC7502B88C29}.450 = {4906E533-2864-4840-ABC1-00CD844623EB}
		{3214DF66-3E46-4E44-BF9D-BC7502B88C29}.451 = {6B269BA6-6A18-41EF-A82C-03B6B5D4BCA7}
		{3214DF66-3E46-4E44-BF9D-BC7502B88C29}.452 = {9A14F6AC-BC6E-401A-A300-07369BD6C5FE}
		{3214DF66-3E46-4E44-BF9D-BC7502B88C29}.453 = {223ACC19-608E-4E1B-A054-067F0CACB272}
		{3214DF66-3E46-4E44-BF9D-BC7502B88C29}.454 = {2EBA839A-CE6E-406E-9A43-CC6FB25A78CB}
		{3214DF66-3E46-4E44-BF9D-BC7502B88C29}.455 = {11CBDFD6-0D73-40C0-95DF-997C5FD873F2}
		{3214DF66-3E46-4E44-BF9D-BC7502B88C29}.456 = {6B20BD7A-644B-4087-9CAC-71B2D68D0231}
		{3214DF66-3E46-4E44-BF9D-BC7502B88C29}.457 = {3FB9B20E-790A-402F-A02C-B0FBDC5938E3}
		{3214DF66-3E46-4E44-BF9D-BC7502B88C29}.458 = {48CFEC13-E2BC-412F-8ECA-29090C7193B6}
		{3214DF66-3E46-4E44-BF9D-BC7502B88C29}.459 = {23BAAF7B-AEC3-4812-AA91-7E5061E83A39}
		{3214DF66-3E46-4E44-BF9D-BC7502B88C29}.460 = {73D3CA81-3BDC-42F1-8456-76224F6B337C}
		{3214DF66-3E46-4E44-BF9D-BC7502B88C29}.461 = {AD38DCC6-B431-4B32-8569-74F3376EF2DA}
		{3214DF66-3E46-4E44-BF9D-BC7502B88C29}.462 = {D74A626E-C8CB-4787-913E-2E637FC04F2B}
		{3214DF66-3E46-4E44-BF9D-BC7502B88C29}.463 = {C2B7DBC0-5AB3-46F5-90E9-05EF1B230AE2}
		{3214DF66-3E46-4E44-BF9D-BC7502B88C29}.464 = {43DE5FC7-7E6F-43FE-AD8A-FBBA7AF5D139}
		{3214DF66-3E46-4E44-BF9D-BC7502B88C29}.465 = {AE0ABDB0-AE3B-4C38-843B-3408A6B87BA4}
		{3214DF66-3E46-4E44-BF9D-BC7502B88C29}.466 = {DC4D86E2-72C1-4995-8FB1-0F08655E620A}
		{3214DF66-3E46-4E44-BF9D-BC7502B88C29}.467 = {2394BCBD-BAE8-443F-A65C-6BFDDD42D7CA}
		{3214DF66-3E46-4E44-BF9D-BC7502B88C29}.468 = {AE32588D-2807-4796-9E68-C9104817BC1A}
		{3214DF66-3E46-4E44-BF9D-BC7502B88C29}.469 = {6B548F29-04A2-4F61-946F-72B86B4845DA}
		{3214DF66-3E46-4E44-BF9D-BC7502B88C29}.470 = {88532BA9-1EED-421F-84BF-88A7A87FB2D3}
		{3214DF66-3E46-4E44-BF9D-BC7502B88C29}.471 = {95720FE9-89D5-4DCD-9A75-EE73BDF58AB2}
		{3214DF66-3E46-4E44-BF9D-BC7502B88C29}.472 = {A882A968-3013-4A27-B653-E18CF5C791FE}
		{3214DF66-3E46-4E44-BF9D-BC7502B88C29}.473 = {F9F22B14-22FE-4651-81B8-5AE267A6B189}
		{3214DF66-3E46-4E44-BF9D-BC7502B88C29}.474 = {419E0701-9C9A-4671-B3B6-79FA206DEE25}
		{3214DF66-3E46-4E44-BF9D-BC7502B88C29}.475 = {DE1073F1-71D6-477E-A7C1-6E4F0AACCBF4}
		{3214DF66-3E46-4E44-BF9D-BC7502B88C29}.476 = {A0004AEB-B47C-4A0A-8FE7-4F65B5FD48FA}
		{3214DF66-3E46-4E44-BF9D-BC7502B88C29}.477 = {FB373486-0E6E-4BB6-8BF2-1F92EACA1468}
		{3214DF66-3E46-4E44-BF9D-BC7502B88C29}.478 = {BE48BAC3-F0DE-47AA-8192-C2A52798E0E5}
		{3214DF66-3E46-4E44-BF9D-BC7502B88C29}.479 = {A3BFBA6A-9B45-44C3-8FB0-A16FA2D9E487}
		{3214DF66-3E46-4E44-BF9D-BC7502B88C29}.480 = {4906E533-2864-4840-ABC1-00CD844623EB}
		{3214DF66-3E46-4E44-BF9D-BC7502B88C29}.481 = {6B269BA6-6A18-41EF-A82C-03B6B5D4BCA7}
		{3214DF66-3E46-4E44-BF9D-BC7502B88C29}.482 = {9A14F6AC-BC6E-401A-A300-07369BD6C5FE}
		{3214DF66-3E46-4E44-BF9D-BC7502B88C29}.483 = {223ACC19-608E-4E1B-A054-067F0CACB272}
		{3214DF66-3E46-4E44-BF9D-BC7502B88C29}.484 = {2EBA839A-CE6E-406E-9A43-CC6FB25A78CB}
		{3214DF66-3E46-4E44-BF9D-BC7502B88C29}.485 = {11CBDFD6-0D73-40C0-95DF-997C5FD873F2}
		{3214DF66-3E46-4E44-BF9D-BC7502B88C29}.486 = {6B20BD7A-644B-4087-9CAC-71B2D68D0231}
		{3214DF66-3E46-4E44-BF9D-BC7502B88C29}.487 = {3FB9B20E-790A-402F-A02C-B0FBDC5938E3}
		{3214DF66-3E46-4E44-BF9D-BC7502B88C29}.488 = {48CFEC13-E2BC-412F-8ECA-29090C7193B6}
		{3214DF66-3E46-4E44-BF9D-BC7502B88C29}.489 = {23BAAF7B-AEC3-4812-AA91-7E5061E83A39}
		{3214DF66-3E46-4E44-BF9D-BC7502B88C29}.490 = {73D3CA81-3BDC-42F1-8456-76224F6B337C}
		{3214DF66-3E46-4E44-BF9D-BC7502B88C29}.491 = {AD38DCC6-B431-4B32-8569-74F3376EF2DA}
		{3214DF66-3E46-4E44-BF9D-BC7502B88C29}.492 = {D74A626E-C8CB-4787-913E-2E637FC04F2B}
		{3214DF66-3E46-4E44-BF9D-BC7502B88C29}.493 = {C2B7DBC0-5AB3-46F5-90E9-05EF1B230AE2}
		{3214DF66-3E46-4E44-BF9D-BC7502B88C29}.494 = {43DE5FC7-7E6F-43FE-AD8A-FBBA7AF5D139}
		{3214DF66-3E46-4E44-BF9D-BC7502B88C29}.495 = {AE0ABDB0-AE3B-4C38-843B-3408A6B87BA4}
		{3214DF66-3E46-4E44-BF9D-BC7502B88C29}.496 = {DC4D86E2-72C1-4995-8FB1-0F08655E620A}
		{3214DF66-3E46-4E44-BF9D-BC7502B88C29}.497 = {2394BCBD-BAE8-443F-A65C-6BFDDD42D7CA}
		{3214DF66-3E46-4E44-BF9D-BC7502B88C29}.498 = {AE32588D-2807-4796-9E68-C9104817BC1A}
		{3214DF66-3E46-4E44-BF9D-BC7502B88C29}.499 = {6B548F29-04A2-4F61-946F-72B86B4845DA}
		{3214DF66-3E46-4E44-BF9D-BC7502B88C29}.500 = {88532BA9-1EED-421F-84BF-88A7A87FB2D3}
		{3214DF66-3E46-4E44-BF9D-BC7502B88C29}.501 = {95720FE9-89D5-4DCD-9A75-EE73BDF58AB2}
		{3214DF66-3E46-4E44-BF9D-BC7502B88C29}.502 = {A882A968-3013-4A27-B653-E18CF5C791FE}
		{3214DF66-3E46-4E44-BF9D-BC7502B88C29}.503 = {F9F22B14-22FE-4651-81B8-5AE267A6B189}
		{3214DF66-3E46-4E44-BF9D-BC7502B88C29}.504 = {419E0701-9C9A-4671-B3B6-79FA206DEE25}
		{3214DF66-3E46-4E44-BF9D-BC7502B88C29}.505 = {DE1073F1-71D6-477E-A7C1-6E4F0AACCBF4}
		{3214DF66-3E46-4E44-BF9D-BC7502B88C29}.506 = {A0004AEB-B47C-4A0A-8FE7-4F65B5FD48FA}
		{3214DF66-3E46-4E44-BF9D-BC7502B88C29}.507 = {FB373486-0E6E-4BB6-8BF2-1F92EACA1468}
		{3214DF66-3E46-4E44-BF9D-BC7502B88C29}.508 = {BE48BAC3-F0DE-47AA-8192-C2A52798E0E5}
		{3214DF66-3E46-4E44-BF9D-BC7502B88C29}.509 = {A3BFBA6A-9B45-44C3-8FB0-A16FA2D9E487}
		{3214DF66-3E46-4E44-BF9D-BC7502B88C29}.510 = {4906E533-2864-4840-ABC1-00CD844623EB}
		{3214DF66-3E46-4E44-BF9D-BC7502B88C29}.511 = {6B269BA6-6A18-41EF-A82C-03B6B5D4BCA7}
		{3214DF66-3E46-4E44-BF9D-BC7502B88C29}.512 = {9A14F6AC-BC6E-401A-A300-07369BD6C5FE}
		{3214DF66-3E46-4E44-BF9D-BC7502B88C29}.513 = {223ACC19-608E-4E1B-A054-067F0CACB272}
		{3214DF66-3E46-4E44-BF9D-BC7502B88C29}.514 = {2EBA839A-CE6E-406E-9A43-CC6FB25A78CB}
		{3214DF66-3E46-4E44-BF9D-BC7502B88C29}.515 = {11CBDFD6-0D73-40C0-95DF-997C5FD873F2}
		{3214DF66-3E46-4E44-BF9D-BC7502B88C29}.516 = {6B20BD7A-644B-4087-9CAC-71B2D68D0231}
		{3214DF66-3E46-4E44-BF9D-BC7502B88C29}.517 = {3FB9B20E-790A-402F-A02C-B0FBDC5938E3}
		{3214DF66-3E46-4E44-BF9D-BC7502B88C29}.518 = {48CFEC13-E2BC-412F-8ECA-29090C7193B6}
		{3214DF66-3E46-4E44-BF9D-BC7502B88C29}.519 = {23BAAF7B-AEC3-4812-AA91-7E5061E83A39}
		{3214DF66-3E46-4E44-BF9D-BC7502B88C29}.520 = {73D3CA81-3BDC-42F1-8456-76224F6B337C}
		{3214DF66-3E46-4E44-BF9D-BC7502B88C29}.521 = {AD38DCC6-B431-4B32-8569-74F3376EF2DA}
		{3214DF66-3E46-4E44-BF9D-BC7502B88C29}.522 = {D74A626E-C8CB-4787-913E-2E637FC04F2B}
		{3214DF66-3E46-4E44-BF9D-BC7502B88C29}.523 = {C2B7DBC0-5AB3-46F5-90E9-05EF1B230AE2}
		{3214DF66-3E46-4E44-BF9D-BC7502B88C29}.524 = {43DE5FC7-7E6F-43FE-AD8A-FBBA7AF5D139}
		{3214DF66-3E46-4E44-BF9D-BC7502B88C29}.525 = {AE0ABDB0-AE3B-4C38-843B-3408A6B87BA4}
		{3214DF66-3E46-4E44-BF9D-BC7502B88C29}.526 = {DC4D86E2-72C1-4995-8FB1-0F08655E620A}
		{3214DF66-3E46-4E44-BF9D-BC7502B88C29}.527 = {2394BCBD-BAE8-443F-A65C-6BFDDD42D7CA}
		{3214DF66-3E46-4E44-BF9D-BC7502B88C29}.528 = {AE32588D-2807-4796-9E68-C9104817BC1A}
		{3214DF66-3E46-4E44-BF9D-BC7502B88C29}.529 = {6B548F29-04A2-4F61-946F-72B86B4845DA}
		{3214DF66-3E46-4E44-BF9D-BC7502B88C29}.530 = {88532BA9-1EED-421F-84BF-88A7A87FB2D3}
		{3214DF66-3E46-4E44-BF9D-BC7502B88C29}.531 = {95720FE9-89D5-4DCD-9A75-EE73BDF58AB2}
		{3214DF66-3E46-4E44-BF9D-BC7502B88C29}.532 = {A882A968-3013-4A27-B653-E18CF5C791FE}
		{3214DF66-3E46-4E44-BF9D-BC7502B88C29}.533 = {F9F22B14-22FE-4651-81B8-5AE267A6B189}
		{3214DF66-3E46-4E44-BF9D-BC7502B88C29}.534 = {419E0701-9C9A-4671-B3B6-79FA206DEE25}
		{3214DF66-3E46-4E44-BF9D-BC7502B88C29}.535 = {DE1073F1-71D6-477E-A7C1-6E4F0AACCBF4}
		{3214DF66-3E46-4E44-BF9D-BC7502B88C29}.536 = {A0004AEB-B47C-4A0A-8FE7-4F65B5FD48FA}
		{3214DF66-3E46-4E44-BF9D-BC7502B88C29}.537 = {FB373486-0E6E-4BB6-8BF2-1F92EACA1468}
		{3214DF66-3E46-4E44-BF9D-BC7502B88C29}.538 = {BE48BAC3-F0DE-47AA-8192-C2A52798E0E5}
		{3214DF66-3E46-4E44-BF9D-BC7502B88C29}.539 = {A3BFBA6A-9B45-44C3-8FB0-A16FA2D9E487}
		{3214DF66-3E46-4E44-BF9D-BC7502B88C29}.540 = {4906E533-2864-4840-ABC1-00CD844623EB}
		{3214DF66-3E46-4E44-BF9D-BC7502B88C29}.541 = {6B269BA6-6A18-41EF-A82C-03B6B5D4BCA7}
		{3214DF66-3E46-4E44-BF9D-BC7502B88C29}.542 = {9A14F6AC-BC6E-401A-A300-07369BD6C5FE}
		{3214DF66-3E46-4E44-BF9D-BC7502B88C29}.543 = {223ACC19-608E-4E1B-A054-067F0CACB272}
		{3214DF66-3E46-4E44-BF9D-BC7502B88C29}.544 = {2EBA839A-CE6E-406E-9A43-CC6FB25A78CB}
		{3214DF66-3E46-4E44-BF9D-BC7502B88C29}.545 = {11CBDFD6-0D73-40C0-95DF-997C5FD873F2}
		{3214DF66-3E46-4E44-BF9D-BC7502B88C29}.546 = {6B20BD7A-644B-4087-9CAC-71B2D68D0231}
		{3214DF66-3E46-4E44-BF9D-BC7502B88C29}.547 = {3FB9B20E-790A-402F-A02C-B0FBDC5938E3}
		{3214DF66-3E46-4E44-BF9D-BC7502B88C29}.548 = {48CFEC13-E2BC-412F-8ECA-29090C7193B6}
		{3214DF66-3E46-4E44-BF9D-BC7502B88C29}.549 = {23BAAF7B-AEC3-4812-AA91-7E5061E83A39}
		{3214DF66-3E46-4E44-BF9D-BC7502B88C29}.550 = {73D3CA81-3BDC-42F1-8456-76224F6B337C}
		{3214DF66-3E46-4E44-BF9D-BC7502B88C29}.551 = {AD38DCC6-B431-4B32-8569-74F3376EF2DA}
		{3214DF66-3E46-4E44-BF9D-BC7502B88C29}.552 = {D74A626E-C8CB-4787-913E-2E637FC04F2B}
		{3214DF66-3E46-4E44-BF9D-BC7502B88C29}.553 = {C2B7DBC0-5AB3-46F5-90E9-05EF1B230AE2}
		{3214DF66-3E46-4E44-BF9D-BC7502B88C29}.554 = {43DE5FC7-7E6F-43FE-AD8A-FBBA7AF5D139}
		{3214DF66-3E46-4E44-BF9D-BC7502B88C29}.555 = {AE0ABDB0-AE3B-4C38-843B-3408A6B87BA4}
		{3214DF66-3E46-4E44-BF9D-BC7502B88C29}.556 = {DC4D86E2-72C1-4995-8FB1-0F08655E620A}
		{3214DF66-3E46-4E44-BF9D-BC7502B88C29}.557 = {2394BCBD-BAE8-443F-A65C-6BFDDD42D7CA}
		{3214DF66-3E46-4E44-BF9D-BC7502B88C29}.558 = {AE32588D-2807-4796-9E68-C9104817BC1A}
		{3214DF66-3E46-4E44-BF9D-BC7502B88C29}.559 = {6B548F29-04A2-4F61-946F-72B86B4845DA}
		{3214DF66-3E46-4E44-BF9D-BC7502B88C29}.560 = {88532BA9-1EED-421F-84BF-88A7A87FB2D3}
		{3214DF66-3E46-4E44-BF9D-BC7502B88C29}.561 = {95720FE9-89D5-4DCD-9A75-EE73BDF58AB2}
		{3214DF66-3E46-4E44-BF9D-BC7502B88C29}.562 = {8C91066F-5C96-48BB-BD1F-D30FFD2A57A1}
		{3214DF66-3E46-4E44-BF9D-BC7502B88C29}.563 = {A882A968-3013-4A27-B653-E18CF5C791FE}
		{3214DF66-3E46-4E44-BF9D-BC7502B88C29}.564 = {F9F22B14-22FE-4651-81B8-5AE267A6B189}
		{3214DF66-3E46-4E44-BF9D-BC7502B88C29}.565 = {419E0701-9C9A-4671-B3B6-79FA206DEE25}
		{3214DF66-3E46-4E44-BF9D-BC7502B88C29}.566 = {DE1073F1-71D6-477E-A7C1-6E4F0AACCBF4}
		{3214DF66-3E46-4E44-BF9D-BC7502B88C29}.567 = {A0004AEB-B47C-4A0A-8FE7-4F65B5FD48FA}
		{3214DF66-3E46-4E44-BF9D-BC7502B88C29}.568 = {FB373486-0E6E-4BB6-8BF2-1F92EACA1468}
		{3214DF66-3E46-4E44-BF9D-BC7502B88C29}.569 = {BE48BAC3-F0DE-47AA-8192-C2A52798E0E5}
		{3214DF66-3E46-4E44-BF9D-BC7502B88C29}.570 = {A3BFBA6A-9B45-44C3-8FB0-A16FA2D9E487}
		{3214DF66-3E46-4E44-BF9D-BC7502B88C29}.571 = {4906E533-2864-4840-ABC1-00CD844623EB}
		{3214DF66-3E46-4E44-BF9D-BC7502B88C29}.572 = {6B269BA6-6A18-41EF-A82C-03B6B5D4BCA7}
		{3214DF66-3E46-4E44-BF9D-BC7502B88C29}.573 = {9A14F6AC-BC6E-401A-A300-07369BD6C5FE}
		{3214DF66-3E46-4E44-BF9D-BC7502B88C29}.574 = {223ACC19-608E-4E1B-A054-067F0CACB272}
		{3214DF66-3E46-4E44-BF9D-BC7502B88C29}.575 = {2EBA839A-CE6E-406E-9A43-CC6FB25A78CB}
		{3214DF66-3E46-4E44-BF9D-BC7502B88C29}.576 = {11CBDFD6-0D73-40C0-95DF-997C5FD873F2}
		{3214DF66-3E46-4E44-BF9D-BC7502B88C29}.577 = {6B20BD7A-644B-4087-9CAC-71B2D68D0231}
		{3214DF66-3E46-4E44-BF9D-BC7502B88C29}.578 = {3FB9B20E-790A-402F-A02C-B0FBDC5938E3}
		{3214DF66-3E46-4E44-BF9D-BC7502B88C29}.579 = {48CFEC13-E2BC-412F-8ECA-29090C7193B6}
		{3214DF66-3E46-4E44-BF9D-BC7502B88C29}.580 = {23BAAF7B-AEC3-4812-AA91-7E5061E83A39}
		{3214DF66-3E46-4E44-BF9D-BC7502B88C29}.581 = {AD2DC5BB-AC7B-482D-9472-19BB98A833CE}
		{3214DF66-3E46-4E44-BF9D-BC7502B88C29}.582 = {73D3CA81-3BDC-42F1-8456-76224F6B337C}
		{3214DF66-3E46-4E44-BF9D-BC7502B88C29}.583 = {AD38DCC6-B431-4B32-8569-74F3376EF2DA}
		{3214DF66-3E46-4E44-BF9D-BC7502B88C29}.584 = {D74A626E-C8CB-4787-913E-2E637FC04F2B}
		{3214DF66-3E46-4E44-BF9D-BC7502B88C29}.585 = {C2B7DBC0-5AB3-46F5-90E9-05EF1B230AE2}
		{3214DF66-3E46-4E44-BF9D-BC7502B88C29}.586 = {43DE5FC7-7E6F-43FE-AD8A-FBBA7AF5D139}
		{3214DF66-3E46-4E44-BF9D-BC7502B88C29}.587 = {AE0ABDB0-AE3B-4C38-843B-3408A6B87BA4}
		{3214DF66-3E46-4E44-BF9D-BC7502B88C29}.588 = {DC4D86E2-72C1-4995-8FB1-0F08655E620A}
		{3214DF66-3E46-4E44-BF9D-BC7502B88C29}.589 = {2394BCBD-BAE8-443F-A65C-6BFDDD42D7CA}
		{3214DF66-3E46-4E44-BF9D-BC7502B88C29}.590 = {AE32588D-2807-4796-9E68-C9104817BC1A}
		{3214DF66-3E46-4E44-BF9D-BC7502B88C29}.591 = {6B548F29-04A2-4F61-946F-72B86B4845DA}
		{3214DF66-3E46-4E44-BF9D-BC7502B88C29}.592 = {88532BA9-1EED-421F-84BF-88A7A87FB2D3}
		{3214DF66-3E46-4E44-BF9D-BC7502B88C29}.593 = {95720FE9-89D5-4DCD-9A75-EE73BDF58AB2}
		{3214DF66-3E46-4E44-BF9D-BC7502B88C29}.594 = {8C91066F-5C96-48BB-BD1F-D30FFD2A57A1}
		{3214DF66-3E46-4E44-BF9D-BC7502B88C29}.595 = {A882A968-3013-4A27-B653-E18CF5C791FE}
		{3214DF66-3E46-4E44-BF9D-BC7502B88C29}.596 = {F9F22B14-22FE-4651-81B8-5AE267A6B189}
		{3214DF66-3E46-4E44-BF9D-BC7502B88C29}.597 = {419E0701-9C9A-4671-B3B6-79FA206DEE25}
		{3214DF66-3E46-4E44-BF9D-BC7502B88C29}.598 = {DE1073F1-71D6-477E-A7C1-6E4F0AACCBF4}
		{3214DF66-3E46-4E44-BF9D-BC7502B88C29}.599 = {A0004AEB-B47C-4A0A-8FE7-4F65B5FD48FA}
		{3214DF66-3E46-4E44-BF9D-BC7502B88C29}.600 = {FB373486-0E6E-4BB6-8BF2-1F92EACA1468}
		{3214DF66-3E46-4E44-BF9D-BC7502B88C29}.601 = {BE48BAC3-F0DE-47AA-8192-C2A52798E0E5}
		{3214DF66-3E46-4E44-BF9D-BC7502B88C29}.602 = {A3BFBA6A-9B45-44C3-8FB0-A16FA2D9E487}
		{3214DF66-3E46-4E44-BF9D-BC7502B88C29}.603 = {4906E533-2864-4840-ABC1-00CD844623EB}
		{3214DF66-3E46-4E44-BF9D-BC7502B88C29}.604 = {6B269BA6-6A18-41EF-A82C-03B6B5D4BCA7}
		{3214DF66-3E46-4E44-BF9D-BC7502B88C29}.605 = {9A14F6AC-BC6E-401A-A300-07369BD6C5FE}
		{3214DF66-3E46-4E44-BF9D-BC7502B88C29}.606 = {223ACC19-608E-4E1B-A054-067F0CACB272}
		{3214DF66-3E46-4E44-BF9D-BC7502B88C29}.607 = {2EBA839A-CE6E-406E-9A43-CC6FB25A78CB}
		{3214DF66-3E46-4E44-BF9D-BC7502B88C29}.608 = {11CBDFD6-0D73-40C0-95DF-997C5FD873F2}
		{3214DF66-3E46-4E44-BF9D-BC7502B88C29}.609 = {6B20BD7A-644B-4087-9CAC-71B2D68D0231}
		{3214DF66-3E46-4E44-BF9D-BC7502B88C29}.610 = {3FB9B20E-790A-402F-A02C-B0FBDC5938E3}
		{3214DF66-3E46-4E44-BF9D-BC7502B88C29}.611 = {48CFEC13-E2BC-412F-8ECA-29090C7193B6}
		{3214DF66-3E46-4E44-BF9D-BC7502B88C29}.612 = {23BAAF7B-AEC3-4812-AA91-7E5061E83A39}
		{3214DF66-3E46-4E44-BF9D-BC7502B88C29}.613 = {AD2DC5BB-AC7B-482D-9472-19BB98A833CE}
		{3214DF66-3E46-4E44-BF9D-BC7502B88C29}.614 = {73D3CA81-3BDC-42F1-8456-76224F6B337C}
		{3214DF66-3E46-4E44-BF9D-BC7502B88C29}.615 = {AD38DCC6-B431-4B32-8569-74F3376EF2DA}
		{48CFEC13-E2BC-412F-8ECA-29090C7193B6}.0 = {223ACC19-608E-4E1B-A054-067F0CACB272}
		{F9F22B14-22FE-4651-81B8-5AE267A6B189}.0 = {9A14F6AC-BC6E-401A-A300-07369BD6C5FE}
		{F9F22B14-22FE-4651-81B8-5AE267A6B189}.1 = {223ACC19-608E-4E1B-A054-067F0CACB272}
		{F9F22B14-22FE-4651-81B8-5AE267A6B189}.2 = {A882A968-3013-4A27-B653-E18CF5C791FE}
		{F9F22B14-22FE-4651-81B8-5AE267A6B189}.3 = {4CBC0173-27E6-4218-AE06-5EFDCA7B2547}
		{F9F22B14-22FE-4651-81B8-5AE267A6B189}.4 = {AE32588D-2807-4796-9E68-C9104817BC1A}
		{AD2DC5BB-AC7B-482D-9472-19BB98A833CE}.0 = {A882A968-3013-4A27-B653-E18CF5C791FE}
		{AD2DC5BB-AC7B-482D-9472-19BB98A833CE}.1 = {4CBC0173-27E6-4218-AE06-5EFDCA7B2547}
		{8C91066F-5C96-48BB-BD1F-D30FFD2A57A1}.0 = {4CBC0173-27E6-4218-AE06-5EFDCA7B2547}
		{8C91066F-5C96-48BB-BD1F-D30FFD2A57A1}.1 = {A882A968-3013-4A27-B653-E18CF5C791FE}
		{8C91066F-5C96-48BB-BD1F-D30FFD2A57A1}.2 = {6B20BD7A-644B-4087-9CAC-71B2D68D0231}
		{8C91066F-5C96-48BB-BD1F-D30FFD2A57A1}.3 = {223ACC19-608E-4E1B-A054-067F0CACB272}
		{8C91066F-5C96-48BB-BD1F-D30FFD2A57A1}.4 = {AD2DC5BB-AC7B-482D-9472-19BB98A833CE}
		{8C91066F-5C96-48BB-BD1F-D30FFD2A57A1}.5 = {2394BCBD-BAE8-443F-A65C-6BFDDD42D7CA}
		{23BAAF7B-AEC3-4812-AA91-7E5061E83A39}.0 = {AD38DCC6-B431-4B32-8569-74F3376EF2DA}
		{6B269BA6-6A18-41EF-A82C-03B6B5D4BCA7}.0 = {AD38DCC6-B431-4B32-8569-74F3376EF2DA}
		{6B269BA6-6A18-41EF-A82C-03B6B5D4BCA7}.1 = {4CBC0173-27E6-4218-AE06-5EFDCA7B2547}
		{6B269BA6-6A18-41EF-A82C-03B6B5D4BCA7}.2 = {23BAAF7B-AEC3-4812-AA91-7E5061E83A39}
		{43DE5FC7-7E6F-43FE-AD8A-FBBA7AF5D139}.0 = {DC4D86E2-72C1-4995-8FB1-0F08655E620A}
		{43DE5FC7-7E6F-43FE-AD8A-FBBA7AF5D139}.1 = {223ACC19-608E-4E1B-A054-067F0CACB272}
		{E274665B-12E3-4C7F-A749-FAB0C0A73522}.0 = {FCFE729D-EADE-45BA-9506-7E82A46403F7}
		{E274665B-12E3-4C7F-A749-FAB0C0A73522}.1 = {4CBC0173-27E6-4218-AE06-5EFDCA7B2547}
	EndGlobalSection
	GlobalSection(ProjectConfiguration) = postSolution
		{FB373486-0E6E-4BB6-8BF2-1F92EACA1468}.Debug.ActiveCfg = Debug|Win32
		{FB373486-0E6E-4BB6-8BF2-1F92EACA1468}.Debug.Build.0 = Debug|Win32
		{FB373486-0E6E-4BB6-8BF2-1F92EACA1468}.Debug Unicode.ActiveCfg = Debug|Win32
		{FB373486-0E6E-4BB6-8BF2-1F92EACA1468}.Debug Unicode.Build.0 = Debug|Win32
		{FB373486-0E6E-4BB6-8BF2-1F92EACA1468}.MakeFile.ActiveCfg = MakeFile|Win32
		{FB373486-0E6E-4BB6-8BF2-1F92EACA1468}.MakeFile.Build.0 = MakeFile|Win32
		{FB373486-0E6E-4BB6-8BF2-1F92EACA1468}.Release.ActiveCfg = Release|Win32
		{FB373486-0E6E-4BB6-8BF2-1F92EACA1468}.Release.Build.0 = Release|Win32
		{FB373486-0E6E-4BB6-8BF2-1F92EACA1468}.Release Unicode.ActiveCfg = Release|Win32
		{FB373486-0E6E-4BB6-8BF2-1F92EACA1468}.Release Unicode.Build.0 = Release|Win32
		{223ACC19-608E-4E1B-A054-067F0CACB272}.Debug.ActiveCfg = Debug|Win32
		{223ACC19-608E-4E1B-A054-067F0CACB272}.Debug.Build.0 = Debug|Win32
		{223ACC19-608E-4E1B-A054-067F0CACB272}.Debug Unicode.ActiveCfg = Debug|Win32
		{223ACC19-608E-4E1B-A054-067F0CACB272}.Debug Unicode.Build.0 = Debug|Win32
		{223ACC19-608E-4E1B-A054-067F0CACB272}.MakeFile.ActiveCfg = Release|Win32
		{223ACC19-608E-4E1B-A054-067F0CACB272}.MakeFile.Build.0 = Release|Win32
		{223ACC19-608E-4E1B-A054-067F0CACB272}.Release.ActiveCfg = Release|Win32
		{223ACC19-608E-4E1B-A054-067F0CACB272}.Release.Build.0 = Release|Win32
		{223ACC19-608E-4E1B-A054-067F0CACB272}.Release Unicode.ActiveCfg = Release|Win32
		{223ACC19-608E-4E1B-A054-067F0CACB272}.Release Unicode.Build.0 = Release|Win32
		{9A14F6AC-BC6E-401A-A300-07369BD6C5FE}.Debug.ActiveCfg = Debug|Win32
		{9A14F6AC-BC6E-401A-A300-07369BD6C5FE}.Debug.Build.0 = Debug|Win32
		{9A14F6AC-BC6E-401A-A300-07369BD6C5FE}.Debug Unicode.ActiveCfg = Debug|Win32
		{9A14F6AC-BC6E-401A-A300-07369BD6C5FE}.Debug Unicode.Build.0 = Debug|Win32
		{9A14F6AC-BC6E-401A-A300-07369BD6C5FE}.MakeFile.ActiveCfg = Release|Win32
		{9A14F6AC-BC6E-401A-A300-07369BD6C5FE}.MakeFile.Build.0 = Release|Win32
		{9A14F6AC-BC6E-401A-A300-07369BD6C5FE}.Release.ActiveCfg = Release|Win32
		{9A14F6AC-BC6E-401A-A300-07369BD6C5FE}.Release.Build.0 = Release|Win32
		{9A14F6AC-BC6E-401A-A300-07369BD6C5FE}.Release Unicode.ActiveCfg = Release|Win32
		{9A14F6AC-BC6E-401A-A300-07369BD6C5FE}.Release Unicode.Build.0 = Release|Win32
		{BE48BAC3-F0DE-47AA-8192-C2A52798E0E5}.Debug.ActiveCfg = Debug|Win32
		{BE48BAC3-F0DE-47AA-8192-C2A52798E0E5}.Debug.Build.0 = Debug|Win32
		{BE48BAC3-F0DE-47AA-8192-C2A52798E0E5}.Debug Unicode.ActiveCfg = Debug|Win32
		{BE48BAC3-F0DE-47AA-8192-C2A52798E0E5}.Debug Unicode.Build.0 = Debug|Win32
		{BE48BAC3-F0DE-47AA-8192-C2A52798E0E5}.MakeFile.ActiveCfg = Release|Win32
		{BE48BAC3-F0DE-47AA-8192-C2A52798E0E5}.MakeFile.Build.0 = Release|Win32
		{BE48BAC3-F0DE-47AA-8192-C2A52798E0E5}.Release.ActiveCfg = Release|Win32
		{BE48BAC3-F0DE-47AA-8192-C2A52798E0E5}.Release.Build.0 = Release|Win32
		{BE48BAC3-F0DE-47AA-8192-C2A52798E0E5}.Release Unicode.ActiveCfg = Release|Win32
		{BE48BAC3-F0DE-47AA-8192-C2A52798E0E5}.Release Unicode.Build.0 = Release|Win32
		{A882A968-3013-4A27-B653-E18CF5C791FE}.Debug.ActiveCfg = Debug|Win32
		{A882A968-3013-4A27-B653-E18CF5C791FE}.Debug.Build.0 = Debug|Win32
		{A882A968-3013-4A27-B653-E18CF5C791FE}.Debug Unicode.ActiveCfg = Debug|Win32
		{A882A968-3013-4A27-B653-E18CF5C791FE}.Debug Unicode.Build.0 = Debug|Win32
		{A882A968-3013-4A27-B653-E18CF5C791FE}.MakeFile.ActiveCfg = Release|Win32
		{A882A968-3013-4A27-B653-E18CF5C791FE}.MakeFile.Build.0 = Release|Win32
		{A882A968-3013-4A27-B653-E18CF5C791FE}.Release.ActiveCfg = Release|Win32
		{A882A968-3013-4A27-B653-E18CF5C791FE}.Release.Build.0 = Release|Win32
		{A882A968-3013-4A27-B653-E18CF5C791FE}.Release Unicode.ActiveCfg = Release|Win32
		{A882A968-3013-4A27-B653-E18CF5C791FE}.Release Unicode.Build.0 = Release|Win32
		{4CBC0173-27E6-4218-AE06-5EFDCA7B2547}.Debug.ActiveCfg = Debug|Win32
		{4CBC0173-27E6-4218-AE06-5EFDCA7B2547}.Debug.Build.0 = Debug|Win32
		{4CBC0173-27E6-4218-AE06-5EFDCA7B2547}.Debug Unicode.ActiveCfg = Debug Unicode|Win32
		{4CBC0173-27E6-4218-AE06-5EFDCA7B2547}.Debug Unicode.Build.0 = Debug Unicode|Win32
		{4CBC0173-27E6-4218-AE06-5EFDCA7B2547}.MakeFile.ActiveCfg = Debug|Win32
		{4CBC0173-27E6-4218-AE06-5EFDCA7B2547}.MakeFile.Build.0 = Debug|Win32
		{4CBC0173-27E6-4218-AE06-5EFDCA7B2547}.Release.ActiveCfg = Release|Win32
		{4CBC0173-27E6-4218-AE06-5EFDCA7B2547}.Release.Build.0 = Release|Win32
		{4CBC0173-27E6-4218-AE06-5EFDCA7B2547}.Release Unicode.ActiveCfg = Release Unicode|Win32
		{4CBC0173-27E6-4218-AE06-5EFDCA7B2547}.Release Unicode.Build.0 = Release Unicode|Win32
		{4906E533-2864-4840-ABC1-00CD844623EB}.Debug.ActiveCfg = Debug|Win32
		{4906E533-2864-4840-ABC1-00CD844623EB}.Debug.Build.0 = Debug|Win32
		{4906E533-2864-4840-ABC1-00CD844623EB}.Debug Unicode.ActiveCfg = Debug|Win32
		{4906E533-2864-4840-ABC1-00CD844623EB}.Debug Unicode.Build.0 = Debug|Win32
		{4906E533-2864-4840-ABC1-00CD844623EB}.MakeFile.ActiveCfg = Release|Win32
		{4906E533-2864-4840-ABC1-00CD844623EB}.MakeFile.Build.0 = Release|Win32
		{4906E533-2864-4840-ABC1-00CD844623EB}.Release.ActiveCfg = Release|Win32
		{4906E533-2864-4840-ABC1-00CD844623EB}.Release.Build.0 = Release|Win32
		{4906E533-2864-4840-ABC1-00CD844623EB}.Release Unicode.ActiveCfg = Release|Win32
		{4906E533-2864-4840-ABC1-00CD844623EB}.Release Unicode.Build.0 = Release|Win32
		{A3BFBA6A-9B45-44C3-8FB0-A16FA2D9E487}.Debug.ActiveCfg = Debug|Win32
		{A3BFBA6A-9B45-44C3-8FB0-A16FA2D9E487}.Debug.Build.0 = Debug|Win32
		{A3BFBA6A-9B45-44C3-8FB0-A16FA2D9E487}.Debug Unicode.ActiveCfg = Debug|Win32
		{A3BFBA6A-9B45-44C3-8FB0-A16FA2D9E487}.Debug Unicode.Build.0 = Debug|Win32
		{A3BFBA6A-9B45-44C3-8FB0-A16FA2D9E487}.MakeFile.ActiveCfg = Release|Win32
		{A3BFBA6A-9B45-44C3-8FB0-A16FA2D9E487}.MakeFile.Build.0 = Release|Win32
		{A3BFBA6A-9B45-44C3-8FB0-A16FA2D9E487}.Release.ActiveCfg = Release|Win32
		{A3BFBA6A-9B45-44C3-8FB0-A16FA2D9E487}.Release.Build.0 = Release|Win32
		{A3BFBA6A-9B45-44C3-8FB0-A16FA2D9E487}.Release Unicode.ActiveCfg = Release|Win32
		{A3BFBA6A-9B45-44C3-8FB0-A16FA2D9E487}.Release Unicode.Build.0 = Release|Win32
		{AE32588D-2807-4796-9E68-C9104817BC1A}.Debug.ActiveCfg = Debug|Win32
		{AE32588D-2807-4796-9E68-C9104817BC1A}.Debug.Build.0 = Debug|Win32
		{AE32588D-2807-4796-9E68-C9104817BC1A}.Debug Unicode.ActiveCfg = Debug|Win32
		{AE32588D-2807-4796-9E68-C9104817BC1A}.Debug Unicode.Build.0 = Debug|Win32
		{AE32588D-2807-4796-9E68-C9104817BC1A}.MakeFile.ActiveCfg = Release|Win32
		{AE32588D-2807-4796-9E68-C9104817BC1A}.MakeFile.Build.0 = Release|Win32
		{AE32588D-2807-4796-9E68-C9104817BC1A}.Release.ActiveCfg = Release|Win32
		{AE32588D-2807-4796-9E68-C9104817BC1A}.Release.Build.0 = Release|Win32
		{AE32588D-2807-4796-9E68-C9104817BC1A}.Release Unicode.ActiveCfg = Release|Win32
		{AE32588D-2807-4796-9E68-C9104817BC1A}.Release Unicode.Build.0 = Release|Win32
		{2EBA839A-CE6E-406E-9A43-CC6FB25A78CB}.Debug.ActiveCfg = Debug|Win32
		{2EBA839A-CE6E-406E-9A43-CC6FB25A78CB}.Debug.Build.0 = Debug|Win32
		{2EBA839A-CE6E-406E-9A43-CC6FB25A78CB}.Debug Unicode.ActiveCfg = Debug|Win32
		{2EBA839A-CE6E-406E-9A43-CC6FB25A78CB}.Debug Unicode.Build.0 = Debug|Win32
		{2EBA839A-CE6E-406E-9A43-CC6FB25A78CB}.MakeFile.ActiveCfg = Release|Win32
		{2EBA839A-CE6E-406E-9A43-CC6FB25A78CB}.MakeFile.Build.0 = Release|Win32
		{2EBA839A-CE6E-406E-9A43-CC6FB25A78CB}.Release.ActiveCfg = Release|Win32
		{2EBA839A-CE6E-406E-9A43-CC6FB25A78CB}.Release.Build.0 = Release|Win32
		{2EBA839A-CE6E-406E-9A43-CC6FB25A78CB}.Release Unicode.ActiveCfg = Release|Win32
		{2EBA839A-CE6E-406E-9A43-CC6FB25A78CB}.Release Unicode.Build.0 = Release|Win32
		{A0004AEB-B47C-4A0A-8FE7-4F65B5FD48FA}.Debug.ActiveCfg = Debug|Win32
		{A0004AEB-B47C-4A0A-8FE7-4F65B5FD48FA}.Debug.Build.0 = Debug|Win32
		{A0004AEB-B47C-4A0A-8FE7-4F65B5FD48FA}.Debug Unicode.ActiveCfg = Debug|Win32
		{A0004AEB-B47C-4A0A-8FE7-4F65B5FD48FA}.Debug Unicode.Build.0 = Debug|Win32
		{A0004AEB-B47C-4A0A-8FE7-4F65B5FD48FA}.MakeFile.ActiveCfg = Debug|Win32
		{A0004AEB-B47C-4A0A-8FE7-4F65B5FD48FA}.MakeFile.Build.0 = Debug|Win32
		{A0004AEB-B47C-4A0A-8FE7-4F65B5FD48FA}.Release.ActiveCfg = Release|Win32
		{A0004AEB-B47C-4A0A-8FE7-4F65B5FD48FA}.Release.Build.0 = Release|Win32
		{A0004AEB-B47C-4A0A-8FE7-4F65B5FD48FA}.Release Unicode.ActiveCfg = Release|Win32
		{A0004AEB-B47C-4A0A-8FE7-4F65B5FD48FA}.Release Unicode.Build.0 = Release|Win32
		{6B548F29-04A2-4F61-946F-72B86B4845DA}.Debug.ActiveCfg = Debug|Win32
		{6B548F29-04A2-4F61-946F-72B86B4845DA}.Debug.Build.0 = Debug|Win32
		{6B548F29-04A2-4F61-946F-72B86B4845DA}.Debug Unicode.ActiveCfg = Debug|Win32
		{6B548F29-04A2-4F61-946F-72B86B4845DA}.Debug Unicode.Build.0 = Debug|Win32
		{6B548F29-04A2-4F61-946F-72B86B4845DA}.MakeFile.ActiveCfg = Debug|Win32
		{6B548F29-04A2-4F61-946F-72B86B4845DA}.MakeFile.Build.0 = Debug|Win32
		{6B548F29-04A2-4F61-946F-72B86B4845DA}.Release.ActiveCfg = Release|Win32
		{6B548F29-04A2-4F61-946F-72B86B4845DA}.Release.Build.0 = Release|Win32
		{6B548F29-04A2-4F61-946F-72B86B4845DA}.Release Unicode.ActiveCfg = Release|Win32
		{6B548F29-04A2-4F61-946F-72B86B4845DA}.Release Unicode.Build.0 = Release|Win32
		{DE1073F1-71D6-477E-A7C1-6E4F0AACCBF4}.Debug.ActiveCfg = Debug|Win32
		{DE1073F1-71D6-477E-A7C1-6E4F0AACCBF4}.Debug.Build.0 = Debug|Win32
		{DE1073F1-71D6-477E-A7C1-6E4F0AACCBF4}.Debug Unicode.ActiveCfg = Debug|Win32
		{DE1073F1-71D6-477E-A7C1-6E4F0AACCBF4}.Debug Unicode.Build.0 = Debug|Win32
		{DE1073F1-71D6-477E-A7C1-6E4F0AACCBF4}.MakeFile.ActiveCfg = Release|Win32
		{DE1073F1-71D6-477E-A7C1-6E4F0AACCBF4}.MakeFile.Build.0 = Release|Win32
		{DE1073F1-71D6-477E-A7C1-6E4F0AACCBF4}.Release.ActiveCfg = Release|Win32
		{DE1073F1-71D6-477E-A7C1-6E4F0AACCBF4}.Release.Build.0 = Release|Win32
		{DE1073F1-71D6-477E-A7C1-6E4F0AACCBF4}.Release Unicode.ActiveCfg = Release|Win32
		{DE1073F1-71D6-477E-A7C1-6E4F0AACCBF4}.Release Unicode.Build.0 = Release|Win32
		{95720FE9-89D5-4DCD-9A75-EE73BDF58AB2}.Debug.ActiveCfg = Debug|Win32
		{95720FE9-89D5-4DCD-9A75-EE73BDF58AB2}.Debug.Build.0 = Debug|Win32
		{95720FE9-89D5-4DCD-9A75-EE73BDF58AB2}.Debug Unicode.ActiveCfg = Debug|Win32
		{95720FE9-89D5-4DCD-9A75-EE73BDF58AB2}.Debug Unicode.Build.0 = Debug|Win32
		{95720FE9-89D5-4DCD-9A75-EE73BDF58AB2}.MakeFile.ActiveCfg = Release|Win32
		{95720FE9-89D5-4DCD-9A75-EE73BDF58AB2}.MakeFile.Build.0 = Release|Win32
		{95720FE9-89D5-4DCD-9A75-EE73BDF58AB2}.Release.ActiveCfg = Release|Win32
		{95720FE9-89D5-4DCD-9A75-EE73BDF58AB2}.Release.Build.0 = Release|Win32
		{95720FE9-89D5-4DCD-9A75-EE73BDF58AB2}.Release Unicode.ActiveCfg = Release|Win32
		{95720FE9-89D5-4DCD-9A75-EE73BDF58AB2}.Release Unicode.Build.0 = Release|Win32
		{C2B7DBC0-5AB3-46F5-90E9-05EF1B230AE2}.Debug.ActiveCfg = Debug|Win32
		{C2B7DBC0-5AB3-46F5-90E9-05EF1B230AE2}.Debug.Build.0 = Debug|Win32
		{C2B7DBC0-5AB3-46F5-90E9-05EF1B230AE2}.Debug Unicode.ActiveCfg = Debug|Win32
		{C2B7DBC0-5AB3-46F5-90E9-05EF1B230AE2}.Debug Unicode.Build.0 = Debug|Win32
		{C2B7DBC0-5AB3-46F5-90E9-05EF1B230AE2}.MakeFile.ActiveCfg = Release|Win32
		{C2B7DBC0-5AB3-46F5-90E9-05EF1B230AE2}.MakeFile.Build.0 = Release|Win32
		{C2B7DBC0-5AB3-46F5-90E9-05EF1B230AE2}.Release.ActiveCfg = Release|Win32
		{C2B7DBC0-5AB3-46F5-90E9-05EF1B230AE2}.Release.Build.0 = Release|Win32
		{C2B7DBC0-5AB3-46F5-90E9-05EF1B230AE2}.Release Unicode.ActiveCfg = Release|Win32
		{C2B7DBC0-5AB3-46F5-90E9-05EF1B230AE2}.Release Unicode.Build.0 = Release|Win32
		{AE0ABDB0-AE3B-4C38-843B-3408A6B87BA4}.Debug.ActiveCfg = Debug|Win32
		{AE0ABDB0-AE3B-4C38-843B-3408A6B87BA4}.Debug.Build.0 = Debug|Win32
		{AE0ABDB0-AE3B-4C38-843B-3408A6B87BA4}.Debug Unicode.ActiveCfg = Debug|Win32
		{AE0ABDB0-AE3B-4C38-843B-3408A6B87BA4}.Debug Unicode.Build.0 = Debug|Win32
		{AE0ABDB0-AE3B-4C38-843B-3408A6B87BA4}.MakeFile.ActiveCfg = Debug|Win32
		{AE0ABDB0-AE3B-4C38-843B-3408A6B87BA4}.MakeFile.Build.0 = Debug|Win32
		{AE0ABDB0-AE3B-4C38-843B-3408A6B87BA4}.Release.ActiveCfg = Release|Win32
		{AE0ABDB0-AE3B-4C38-843B-3408A6B87BA4}.Release.Build.0 = Release|Win32
		{AE0ABDB0-AE3B-4C38-843B-3408A6B87BA4}.Release Unicode.ActiveCfg = Release|Win32
		{AE0ABDB0-AE3B-4C38-843B-3408A6B87BA4}.Release Unicode.Build.0 = Release|Win32
		{6D653C6F-8722-4B10-9C3A-CB7094DD159F}.Debug.ActiveCfg = Debug|Win32
		{6D653C6F-8722-4B10-9C3A-CB7094DD159F}.Debug.Build.0 = Debug|Win32
		{6D653C6F-8722-4B10-9C3A-CB7094DD159F}.Debug Unicode.ActiveCfg = Debug|Win32
		{6D653C6F-8722-4B10-9C3A-CB7094DD159F}.Debug Unicode.Build.0 = Debug|Win32
		{6D653C6F-8722-4B10-9C3A-CB7094DD159F}.MakeFile.ActiveCfg = Release|Win32
		{6D653C6F-8722-4B10-9C3A-CB7094DD159F}.MakeFile.Build.0 = Release|Win32
		{6D653C6F-8722-4B10-9C3A-CB7094DD159F}.Release.ActiveCfg = Release|Win32
		{6D653C6F-8722-4B10-9C3A-CB7094DD159F}.Release.Build.0 = Release|Win32
		{6D653C6F-8722-4B10-9C3A-CB7094DD159F}.Release Unicode.ActiveCfg = Release|Win32
		{6D653C6F-8722-4B10-9C3A-CB7094DD159F}.Release Unicode.Build.0 = Release|Win32
		{D74A626E-C8CB-4787-913E-2E637FC04F2B}.Debug.ActiveCfg = Debug|Win32
		{D74A626E-C8CB-4787-913E-2E637FC04F2B}.Debug.Build.0 = Debug|Win32
		{D74A626E-C8CB-4787-913E-2E637FC04F2B}.Debug Unicode.ActiveCfg = Debug|Win32
		{D74A626E-C8CB-4787-913E-2E637FC04F2B}.Debug Unicode.Build.0 = Debug|Win32
		{D74A626E-C8CB-4787-913E-2E637FC04F2B}.MakeFile.ActiveCfg = Release|Win32
		{D74A626E-C8CB-4787-913E-2E637FC04F2B}.MakeFile.Build.0 = Release|Win32
		{D74A626E-C8CB-4787-913E-2E637FC04F2B}.Release.ActiveCfg = Release|Win32
		{D74A626E-C8CB-4787-913E-2E637FC04F2B}.Release.Build.0 = Release|Win32
		{D74A626E-C8CB-4787-913E-2E637FC04F2B}.Release Unicode.ActiveCfg = Release|Win32
		{D74A626E-C8CB-4787-913E-2E637FC04F2B}.Release Unicode.Build.0 = Release|Win32
		{3FB9B20E-790A-402F-A02C-B0FBDC5938E3}.Debug.ActiveCfg = Debug|Win32
		{3FB9B20E-790A-402F-A02C-B0FBDC5938E3}.Debug.Build.0 = Debug|Win32
		{3FB9B20E-790A-402F-A02C-B0FBDC5938E3}.Debug Unicode.ActiveCfg = Debug|Win32
		{3FB9B20E-790A-402F-A02C-B0FBDC5938E3}.Debug Unicode.Build.0 = Debug|Win32
		{3FB9B20E-790A-402F-A02C-B0FBDC5938E3}.MakeFile.ActiveCfg = Release|Win32
		{3FB9B20E-790A-402F-A02C-B0FBDC5938E3}.MakeFile.Build.0 = Release|Win32
		{3FB9B20E-790A-402F-A02C-B0FBDC5938E3}.Release.ActiveCfg = Release|Win32
		{3FB9B20E-790A-402F-A02C-B0FBDC5938E3}.Release.Build.0 = Release|Win32
		{3FB9B20E-790A-402F-A02C-B0FBDC5938E3}.Release Unicode.ActiveCfg = Release|Win32
		{3FB9B20E-790A-402F-A02C-B0FBDC5938E3}.Release Unicode.Build.0 = Release|Win32
		{419E0701-9C9A-4671-B3B6-79FA206DEE25}.Debug.ActiveCfg = Debug|Win32
		{419E0701-9C9A-4671-B3B6-79FA206DEE25}.Debug.Build.0 = Debug|Win32
		{419E0701-9C9A-4671-B3B6-79FA206DEE25}.Debug Unicode.ActiveCfg = Debug|Win32
		{419E0701-9C9A-4671-B3B6-79FA206DEE25}.Debug Unicode.Build.0 = Debug|Win32
		{419E0701-9C9A-4671-B3B6-79FA206DEE25}.MakeFile.ActiveCfg = Release|Win32
		{419E0701-9C9A-4671-B3B6-79FA206DEE25}.MakeFile.Build.0 = Release|Win32
		{419E0701-9C9A-4671-B3B6-79FA206DEE25}.Release.ActiveCfg = Release|Win32
		{419E0701-9C9A-4671-B3B6-79FA206DEE25}.Release.Build.0 = Release|Win32
		{419E0701-9C9A-4671-B3B6-79FA206DEE25}.Release Unicode.ActiveCfg = Release|Win32
		{419E0701-9C9A-4671-B3B6-79FA206DEE25}.Release Unicode.Build.0 = Release|Win32
		{2394BCBD-BAE8-443F-A65C-6BFDDD42D7CA}.Debug.ActiveCfg = Debug|Win32
		{2394BCBD-BAE8-443F-A65C-6BFDDD42D7CA}.Debug.Build.0 = Debug|Win32
		{2394BCBD-BAE8-443F-A65C-6BFDDD42D7CA}.Debug Unicode.ActiveCfg = Debug|Win32
		{2394BCBD-BAE8-443F-A65C-6BFDDD42D7CA}.Debug Unicode.Build.0 = Debug|Win32
		{2394BCBD-BAE8-443F-A65C-6BFDDD42D7CA}.MakeFile.ActiveCfg = Release|Win32
		{2394BCBD-BAE8-443F-A65C-6BFDDD42D7CA}.MakeFile.Build.0 = Release|Win32
		{2394BCBD-BAE8-443F-A65C-6BFDDD42D7CA}.Release.ActiveCfg = Release|Win32
		{2394BCBD-BAE8-443F-A65C-6BFDDD42D7CA}.Release.Build.0 = Release|Win32
		{2394BCBD-BAE8-443F-A65C-6BFDDD42D7CA}.Release Unicode.ActiveCfg = Release|Win32
		{2394BCBD-BAE8-443F-A65C-6BFDDD42D7CA}.Release Unicode.Build.0 = Release|Win32
		{6B20BD7A-644B-4087-9CAC-71B2D68D0231}.Debug.ActiveCfg = Debug|Win32
		{6B20BD7A-644B-4087-9CAC-71B2D68D0231}.Debug.Build.0 = Debug|Win32
		{6B20BD7A-644B-4087-9CAC-71B2D68D0231}.Debug Unicode.ActiveCfg = Debug|Win32
		{6B20BD7A-644B-4087-9CAC-71B2D68D0231}.Debug Unicode.Build.0 = Debug|Win32
		{6B20BD7A-644B-4087-9CAC-71B2D68D0231}.MakeFile.ActiveCfg = Release|Win32
		{6B20BD7A-644B-4087-9CAC-71B2D68D0231}.MakeFile.Build.0 = Release|Win32
		{6B20BD7A-644B-4087-9CAC-71B2D68D0231}.Release.ActiveCfg = Release|Win32
		{6B20BD7A-644B-4087-9CAC-71B2D68D0231}.Release.Build.0 = Release|Win32
		{6B20BD7A-644B-4087-9CAC-71B2D68D0231}.Release Unicode.ActiveCfg = Release|Win32
		{6B20BD7A-644B-4087-9CAC-71B2D68D0231}.Release Unicode.Build.0 = Release|Win32
		{11CBDFD6-0D73-40C0-95DF-997C5FD873F2}.Debug.ActiveCfg = Debug|Win32
		{11CBDFD6-0D73-40C0-95DF-997C5FD873F2}.Debug.Build.0 = Debug|Win32
		{11CBDFD6-0D73-40C0-95DF-997C5FD873F2}.Debug Unicode.ActiveCfg = Debug|Win32
		{11CBDFD6-0D73-40C0-95DF-997C5FD873F2}.Debug Unicode.Build.0 = Debug|Win32
		{11CBDFD6-0D73-40C0-95DF-997C5FD873F2}.MakeFile.ActiveCfg = Release|Win32
		{11CBDFD6-0D73-40C0-95DF-997C5FD873F2}.MakeFile.Build.0 = Release|Win32
		{11CBDFD6-0D73-40C0-95DF-997C5FD873F2}.Release.ActiveCfg = Release|Win32
		{11CBDFD6-0D73-40C0-95DF-997C5FD873F2}.Release.Build.0 = Release|Win32
		{11CBDFD6-0D73-40C0-95DF-997C5FD873F2}.Release Unicode.ActiveCfg = Release|Win32
		{11CBDFD6-0D73-40C0-95DF-997C5FD873F2}.Release Unicode.Build.0 = Release|Win32
		{73D3CA81-3BDC-42F1-8456-76224F6B337C}.Debug.ActiveCfg = Debug|Win32
		{73D3CA81-3BDC-42F1-8456-76224F6B337C}.Debug.Build.0 = Debug|Win32
		{73D3CA81-3BDC-42F1-8456-76224F6B337C}.Debug Unicode.ActiveCfg = Debug|Win32
		{73D3CA81-3BDC-42F1-8456-76224F6B337C}.Debug Unicode.Build.0 = Debug|Win32
		{73D3CA81-3BDC-42F1-8456-76224F6B337C}.MakeFile.ActiveCfg = Release|Win32
		{73D3CA81-3BDC-42F1-8456-76224F6B337C}.MakeFile.Build.0 = Release|Win32
		{73D3CA81-3BDC-42F1-8456-76224F6B337C}.Release.ActiveCfg = Release|Win32
		{73D3CA81-3BDC-42F1-8456-76224F6B337C}.Release.Build.0 = Release|Win32
		{73D3CA81-3BDC-42F1-8456-76224F6B337C}.Release Unicode.ActiveCfg = Release|Win32
		{73D3CA81-3BDC-42F1-8456-76224F6B337C}.Release Unicode.Build.0 = Release|Win32
		{3214DF66-3E46-4E44-BF9D-BC7502B88C29}.Debug.ActiveCfg = Debug
		{3214DF66-3E46-4E44-BF9D-BC7502B88C29}.Debug.Build.0 = Debug
		{3214DF66-3E46-4E44-BF9D-BC7502B88C29}.Debug Unicode.ActiveCfg = Debug
		{3214DF66-3E46-4E44-BF9D-BC7502B88C29}.Debug Unicode.Build.0 = Debug
		{3214DF66-3E46-4E44-BF9D-BC7502B88C29}.MakeFile.ActiveCfg = Release
		{3214DF66-3E46-4E44-BF9D-BC7502B88C29}.MakeFile.Build.0 = Release
		{3214DF66-3E46-4E44-BF9D-BC7502B88C29}.Release.ActiveCfg = Release
		{3214DF66-3E46-4E44-BF9D-BC7502B88C29}.Release.Build.0 = Release
		{3214DF66-3E46-4E44-BF9D-BC7502B88C29}.Release Unicode.ActiveCfg = Release
		{3214DF66-3E46-4E44-BF9D-BC7502B88C29}.Release Unicode.Build.0 = Release
		{48CFEC13-E2BC-412F-8ECA-29090C7193B6}.Debug.ActiveCfg = Debug|Win32
		{48CFEC13-E2BC-412F-8ECA-29090C7193B6}.Debug.Build.0 = Debug|Win32
		{48CFEC13-E2BC-412F-8ECA-29090C7193B6}.Debug Unicode.ActiveCfg = Debug|Win32
		{48CFEC13-E2BC-412F-8ECA-29090C7193B6}.Debug Unicode.Build.0 = Debug|Win32
		{48CFEC13-E2BC-412F-8ECA-29090C7193B6}.MakeFile.ActiveCfg = Release|Win32
		{48CFEC13-E2BC-412F-8ECA-29090C7193B6}.MakeFile.Build.0 = Release|Win32
		{48CFEC13-E2BC-412F-8ECA-29090C7193B6}.Release.ActiveCfg = Release|Win32
		{48CFEC13-E2BC-412F-8ECA-29090C7193B6}.Release.Build.0 = Release|Win32
		{48CFEC13-E2BC-412F-8ECA-29090C7193B6}.Release Unicode.ActiveCfg = Release|Win32
		{48CFEC13-E2BC-412F-8ECA-29090C7193B6}.Release Unicode.Build.0 = Release|Win32
		{F9F22B14-22FE-4651-81B8-5AE267A6B189}.Debug.ActiveCfg = Debug|Win32
		{F9F22B14-22FE-4651-81B8-5AE267A6B189}.Debug.Build.0 = Debug|Win32
		{F9F22B14-22FE-4651-81B8-5AE267A6B189}.Debug Unicode.ActiveCfg = Debug|Win32
		{F9F22B14-22FE-4651-81B8-5AE267A6B189}.Debug Unicode.Build.0 = Debug|Win32
		{F9F22B14-22FE-4651-81B8-5AE267A6B189}.MakeFile.ActiveCfg = Release|Win32
		{F9F22B14-22FE-4651-81B8-5AE267A6B189}.MakeFile.Build.0 = Release|Win32
		{F9F22B14-22FE-4651-81B8-5AE267A6B189}.Release.ActiveCfg = Release|Win32
		{F9F22B14-22FE-4651-81B8-5AE267A6B189}.Release.Build.0 = Release|Win32
		{F9F22B14-22FE-4651-81B8-5AE267A6B189}.Release Unicode.ActiveCfg = Release|Win32
		{F9F22B14-22FE-4651-81B8-5AE267A6B189}.Release Unicode.Build.0 = Release|Win32
		{AD38DCC6-B431-4B32-8569-74F3376EF2DA}.Debug.ActiveCfg = Debug|Win32
		{AD38DCC6-B431-4B32-8569-74F3376EF2DA}.Debug.Build.0 = Debug|Win32
		{AD38DCC6-B431-4B32-8569-74F3376EF2DA}.Debug Unicode.ActiveCfg = Debug|Win32
		{AD38DCC6-B431-4B32-8569-74F3376EF2DA}.Debug Unicode.Build.0 = Debug|Win32
		{AD38DCC6-B431-4B32-8569-74F3376EF2DA}.MakeFile.ActiveCfg = Release|Win32
		{AD38DCC6-B431-4B32-8569-74F3376EF2DA}.MakeFile.Build.0 = Release|Win32
		{AD38DCC6-B431-4B32-8569-74F3376EF2DA}.Release.ActiveCfg = Release|Win32
		{AD38DCC6-B431-4B32-8569-74F3376EF2DA}.Release.Build.0 = Release|Win32
		{AD38DCC6-B431-4B32-8569-74F3376EF2DA}.Release Unicode.ActiveCfg = Release|Win32
		{AD38DCC6-B431-4B32-8569-74F3376EF2DA}.Release Unicode.Build.0 = Release|Win32
		{88532BA9-1EED-421F-84BF-88A7A87FB2D3}.Debug.ActiveCfg = Debug|Win32
		{88532BA9-1EED-421F-84BF-88A7A87FB2D3}.Debug.Build.0 = Debug|Win32
		{88532BA9-1EED-421F-84BF-88A7A87FB2D3}.Debug Unicode.ActiveCfg = Debug|Win32
		{88532BA9-1EED-421F-84BF-88A7A87FB2D3}.Debug Unicode.Build.0 = Debug|Win32
		{88532BA9-1EED-421F-84BF-88A7A87FB2D3}.MakeFile.ActiveCfg = Release|Win32
		{88532BA9-1EED-421F-84BF-88A7A87FB2D3}.MakeFile.Build.0 = Release|Win32
		{88532BA9-1EED-421F-84BF-88A7A87FB2D3}.Release.ActiveCfg = Release|Win32
		{88532BA9-1EED-421F-84BF-88A7A87FB2D3}.Release.Build.0 = Release|Win32
		{88532BA9-1EED-421F-84BF-88A7A87FB2D3}.Release Unicode.ActiveCfg = Release|Win32
		{88532BA9-1EED-421F-84BF-88A7A87FB2D3}.Release Unicode.Build.0 = Release|Win32
		{AD2DC5BB-AC7B-482D-9472-19BB98A833CE}.Debug.ActiveCfg = Debug|Win32
		{AD2DC5BB-AC7B-482D-9472-19BB98A833CE}.Debug.Build.0 = Debug|Win32
		{AD2DC5BB-AC7B-482D-9472-19BB98A833CE}.Debug Unicode.ActiveCfg = Debug|Win32
		{AD2DC5BB-AC7B-482D-9472-19BB98A833CE}.Debug Unicode.Build.0 = Debug|Win32
		{AD2DC5BB-AC7B-482D-9472-19BB98A833CE}.MakeFile.ActiveCfg = Release|Win32
		{AD2DC5BB-AC7B-482D-9472-19BB98A833CE}.MakeFile.Build.0 = Release|Win32
		{AD2DC5BB-AC7B-482D-9472-19BB98A833CE}.Release.ActiveCfg = Release|Win32
		{AD2DC5BB-AC7B-482D-9472-19BB98A833CE}.Release.Build.0 = Release|Win32
		{AD2DC5BB-AC7B-482D-9472-19BB98A833CE}.Release Unicode.ActiveCfg = Release|Win32
		{AD2DC5BB-AC7B-482D-9472-19BB98A833CE}.Release Unicode.Build.0 = Release|Win32
		{8C91066F-5C96-48BB-BD1F-D30FFD2A57A1}.Debug.ActiveCfg = Debug|Win32
		{8C91066F-5C96-48BB-BD1F-D30FFD2A57A1}.Debug.Build.0 = Debug|Win32
		{8C91066F-5C96-48BB-BD1F-D30FFD2A57A1}.Debug Unicode.ActiveCfg = Debug|Win32
		{8C91066F-5C96-48BB-BD1F-D30FFD2A57A1}.Debug Unicode.Build.0 = Debug|Win32
		{8C91066F-5C96-48BB-BD1F-D30FFD2A57A1}.MakeFile.ActiveCfg = Release|Win32
		{8C91066F-5C96-48BB-BD1F-D30FFD2A57A1}.MakeFile.Build.0 = Release|Win32
		{8C91066F-5C96-48BB-BD1F-D30FFD2A57A1}.Release.ActiveCfg = Release|Win32
		{8C91066F-5C96-48BB-BD1F-D30FFD2A57A1}.Release.Build.0 = Release|Win32
		{8C91066F-5C96-48BB-BD1F-D30FFD2A57A1}.Release Unicode.ActiveCfg = Release|Win32
		{8C91066F-5C96-48BB-BD1F-D30FFD2A57A1}.Release Unicode.Build.0 = Release|Win32
		{23BAAF7B-AEC3-4812-AA91-7E5061E83A39}.Debug.ActiveCfg = Debug|Win32
		{23BAAF7B-AEC3-4812-AA91-7E5061E83A39}.Debug.Build.0 = Debug|Win32
		{23BAAF7B-AEC3-4812-AA91-7E5061E83A39}.Debug Unicode.ActiveCfg = Debug|Win32
		{23BAAF7B-AEC3-4812-AA91-7E5061E83A39}.Debug Unicode.Build.0 = Debug|Win32
		{23BAAF7B-AEC3-4812-AA91-7E5061E83A39}.MakeFile.ActiveCfg = Release|Win32
		{23BAAF7B-AEC3-4812-AA91-7E5061E83A39}.MakeFile.Build.0 = Release|Win32
		{23BAAF7B-AEC3-4812-AA91-7E5061E83A39}.Release.ActiveCfg = Release|Win32
		{23BAAF7B-AEC3-4812-AA91-7E5061E83A39}.Release.Build.0 = Release|Win32
		{23BAAF7B-AEC3-4812-AA91-7E5061E83A39}.Release Unicode.ActiveCfg = Release|Win32
		{23BAAF7B-AEC3-4812-AA91-7E5061E83A39}.Release Unicode.Build.0 = Release|Win32
		{6B269BA6-6A18-41EF-A82C-03B6B5D4BCA7}.Debug.ActiveCfg = Debug|Win32
		{6B269BA6-6A18-41EF-A82C-03B6B5D4BCA7}.Debug.Build.0 = Debug|Win32
		{6B269BA6-6A18-41EF-A82C-03B6B5D4BCA7}.Debug Unicode.ActiveCfg = Debug|Win32
		{6B269BA6-6A18-41EF-A82C-03B6B5D4BCA7}.Debug Unicode.Build.0 = Debug|Win32
		{6B269BA6-6A18-41EF-A82C-03B6B5D4BCA7}.MakeFile.ActiveCfg = Release|Win32
		{6B269BA6-6A18-41EF-A82C-03B6B5D4BCA7}.MakeFile.Build.0 = Release|Win32
		{6B269BA6-6A18-41EF-A82C-03B6B5D4BCA7}.Release.ActiveCfg = Release|Win32
		{6B269BA6-6A18-41EF-A82C-03B6B5D4BCA7}.Release.Build.0 = Release|Win32
		{6B269BA6-6A18-41EF-A82C-03B6B5D4BCA7}.Release Unicode.ActiveCfg = Release|Win32
		{6B269BA6-6A18-41EF-A82C-03B6B5D4BCA7}.Release Unicode.Build.0 = Release|Win32
		{DC4D86E2-72C1-4995-8FB1-0F08655E620A}.Debug.ActiveCfg = Debug|Win32
		{DC4D86E2-72C1-4995-8FB1-0F08655E620A}.Debug.Build.0 = Debug|Win32
		{DC4D86E2-72C1-4995-8FB1-0F08655E620A}.Debug Unicode.ActiveCfg = Debug|Win32
		{DC4D86E2-72C1-4995-8FB1-0F08655E620A}.Debug Unicode.Build.0 = Debug|Win32
		{DC4D86E2-72C1-4995-8FB1-0F08655E620A}.MakeFile.ActiveCfg = Release|Win32
		{DC4D86E2-72C1-4995-8FB1-0F08655E620A}.MakeFile.Build.0 = Release|Win32
		{DC4D86E2-72C1-4995-8FB1-0F08655E620A}.Release.ActiveCfg = Release|Win32
		{DC4D86E2-72C1-4995-8FB1-0F08655E620A}.Release.Build.0 = Release|Win32
		{DC4D86E2-72C1-4995-8FB1-0F08655E620A}.Release Unicode.ActiveCfg = Release|Win32
		{DC4D86E2-72C1-4995-8FB1-0F08655E620A}.Release Unicode.Build.0 = Release|Win32
		{43DE5FC7-7E6F-43FE-AD8A-FBBA7AF5D139}.Debug.ActiveCfg = Debug|Win32
		{43DE5FC7-7E6F-43FE-AD8A-FBBA7AF5D139}.Debug.Build.0 = Debug|Win32
		{43DE5FC7-7E6F-43FE-AD8A-FBBA7AF5D139}.Debug Unicode.ActiveCfg = Debug|Win32
		{43DE5FC7-7E6F-43FE-AD8A-FBBA7AF5D139}.Debug Unicode.Build.0 = Debug|Win32
		{43DE5FC7-7E6F-43FE-AD8A-FBBA7AF5D139}.MakeFile.ActiveCfg = Release|Win32
		{43DE5FC7-7E6F-43FE-AD8A-FBBA7AF5D139}.MakeFile.Build.0 = Release|Win32
		{43DE5FC7-7E6F-43FE-AD8A-FBBA7AF5D139}.Release.ActiveCfg = Release|Win32
		{43DE5FC7-7E6F-43FE-AD8A-FBBA7AF5D139}.Release.Build.0 = Release|Win32
		{43DE5FC7-7E6F-43FE-AD8A-FBBA7AF5D139}.Release Unicode.ActiveCfg = Release|Win32
		{43DE5FC7-7E6F-43FE-AD8A-FBBA7AF5D139}.Release Unicode.Build.0 = Release|Win32
		{9FAC2038-9D4F-4309-B79F-CF7C32BEE60F}.Debug.ActiveCfg = Debug|Win32
		{9FAC2038-9D4F-4309-B79F-CF7C32BEE60F}.Debug.Build.0 = Debug|Win32
		{9FAC2038-9D4F-4309-B79F-CF7C32BEE60F}.Debug Unicode.ActiveCfg = Debug|Win32
		{9FAC2038-9D4F-4309-B79F-CF7C32BEE60F}.Debug Unicode.Build.0 = Debug|Win32
		{9FAC2038-9D4F-4309-B79F-CF7C32BEE60F}.MakeFile.ActiveCfg = Release|Win32
		{9FAC2038-9D4F-4309-B79F-CF7C32BEE60F}.MakeFile.Build.0 = Release|Win32
		{9FAC2038-9D4F-4309-B79F-CF7C32BEE60F}.Release.ActiveCfg = Release|Win32
		{9FAC2038-9D4F-4309-B79F-CF7C32BEE60F}.Release.Build.0 = Release|Win32
		{9FAC2038-9D4F-4309-B79F-CF7C32BEE60F}.Release Unicode.ActiveCfg = Release|Win32
		{9FAC2038-9D4F-4309-B79F-CF7C32BEE60F}.Release Unicode.Build.0 = Release|Win32
		{E274665B-12E3-4C7F-A749-FAB0C0A73522}.Debug.ActiveCfg = Debug|Win32
		{E274665B-12E3-4C7F-A749-FAB0C0A73522}.Debug.Build.0 = Debug|Win32
		{E274665B-12E3-4C7F-A749-FAB0C0A73522}.Debug Unicode.ActiveCfg = Debug|Win32
		{E274665B-12E3-4C7F-A749-FAB0C0A73522}.Debug Unicode.Build.0 = Debug|Win32
		{E274665B-12E3-4C7F-A749-FAB0C0A73522}.MakeFile.ActiveCfg = Release|Win32
		{E274665B-12E3-4C7F-A749-FAB0C0A73522}.MakeFile.Build.0 = Release|Win32
		{E274665B-12E3-4C7F-A749-FAB0C0A73522}.Release.ActiveCfg = Release|Win32
		{E274665B-12E3-4C7F-A749-FAB0C0A73522}.Release.Build.0 = Release|Win32
		{E274665B-12E3-4C7F-A749-FAB0C0A73522}.Release Unicode.ActiveCfg = Release|Win32
		{E274665B-12E3-4C7F-A749-FAB0C0A73522}.Release Unicode.Build.0 = Release|Win32
		{FCFE729D-EADE-45BA-9506-7E82A46403F7}.Debug.ActiveCfg = Debug|Win32
		{FCFE729D-EADE-45BA-9506-7E82A46403F7}.Debug.Build.0 = Debug|Win32
		{FCFE729D-EADE-45BA-9506-7E82A46403F7}.Debug Unicode.ActiveCfg = Debug|Win32
		{FCFE729D-EADE-45BA-9506-7E82A46403F7}.Debug Unicode.Build.0 = Debug|Win32
		{FCFE729D-EADE-45BA-9506-7E82A46403F7}.MakeFile.ActiveCfg = Release|Win32
		{FCFE729D-EADE-45BA-9506-7E82A46403F7}.MakeFile.Build.0 = Release|Win32
		{FCFE729D-EADE-45BA-9506-7E82A46403F7}.Release.ActiveCfg = Release|Win32
		{FCFE729D-EADE-45BA-9506-7E82A46403F7}.Release.Build.0 = Release|Win32
		{FCFE729D-EADE-45BA-9506-7E82A46403F7}.Release Unicode.ActiveCfg = Release|Win32
		{FCFE729D-EADE-45BA-9506-7E82A46403F7}.Release Unicode.Build.0 = Release|Win32
	EndGlobalSection
	GlobalSection(SolutionItems) = postSolution
	EndGlobalSection
	GlobalSection(ExtensibilityGlobals) = postSolution
	EndGlobalSection
	GlobalSection(ExtensibilityAddIns) = postSolution
	EndGlobalSection
EndGlobal
