Microsoft Visual Studio Solution File, Format Version 7.00
Project("{8BC9CEB8-8B4A-11D0-8D11-00A0C91BC942}") = "ogg_dynamic", "..\..\src\lib\core\ogg\libogg\win32\ogg_dynamic.vcproj", "{FB373486-0E6E-4BB6-8BF2-1F92EACA1468}"
EndProject
Project("{8BC9CEB8-8B4A-11D0-8D11-00A0C91BC942}") = "libOOOgg", "..\..\src\lib\core\ogg\libOOOgg\libOOOgg.vcproj", "{223ACC19-608E-4E1B-A054-067F0CACB272}"
EndProject
Project("{8BC9CEB8-8B4A-11D0-8D11-00A0C91BC942}") = "libOOOggSeek", "..\..\src\lib\core\ogg\libOOOggSeek\libOOOggSeek.vcproj", "{9A14F6AC-BC6E-401A-A300-07369BD6C5FE}"
EndProject
Project("{8BC9CEB8-8B4A-11D0-8D11-00A0C91BC942}") = "dsfAbstractAudioDecoder", "..\..\src\lib\core\directshow\dsfAbstractAudioDecoder\dsfAbstractAudioDecoder.vcproj", "{BE48BAC3-F0DE-47AA-8192-C2A52798E0E5}"
EndProject
Project("{8BC9CEB8-8B4A-11D0-8D11-00A0C91BC942}") = "dsfSeeking", "..\..\src\lib\core\directshow\dsfSeeking\dsfSeeking.vcproj", "{A882A968-3013-4A27-B653-E18CF5C791FE}"
EndProject
Project("{8BC9CEB8-8B4A-11D0-8D11-00A0C91BC942}") = "BaseClasses", "C:\DXSDK\Samples\C++\DirectShow\BaseClasses\baseclasses.vcproj", "{4CBC0173-27E6-4218-AE06-5EFDCA7B2547}"
EndProject
Project("{8BC9CEB8-8B4A-11D0-8D11-00A0C91BC942}") = "dsfAbstractAudioEncoder", "..\..\src\lib\core\directshow\dsfAbstractAudioEncoder\dsfAbstractAudioEncoder.vcproj", "{4906E533-2864-4840-ABC1-00CD844623EB}"
EndProject
Project("{8BC9CEB8-8B4A-11D0-8D11-00A0C91BC942}") = "dsfAbstractVideoDecoder", "..\..\src\lib\core\directshow\dsfAbstractVideoDecoder\dsfAbstractVideoDecoder.vcproj", "{A3BFBA6A-9B45-44C3-8FB0-A16FA2D9E487}"
EndProject
Project("{8BC9CEB8-8B4A-11D0-8D11-00A0C91BC942}") = "dsfOggDemux", "..\..\src\lib\core\directshow\dsfOggDemux\dsfOggDemux.vcproj", "{AE32588D-2807-4796-9E68-C9104817BC1A}"
EndProject
Project("{8BC9CEB8-8B4A-11D0-8D11-00A0C91BC942}") = "dsfOggMux", "..\..\src\lib\core\directshow\dsfOggMux\dsfOggMux.vcproj", "{2EBA839A-CE6E-406E-9A43-CC6FB25A78CB}"
EndProject
Project("{8BC9CEB8-8B4A-11D0-8D11-00A0C91BC942}") = "libFLAC_dynamic", "..\..\src\lib\codecs\flac\libs\libflac\src\libFLAC\libFLAC_dynamic.vcproj", "{A0004AEB-B47C-4A0A-8FE7-4F65B5FD48FA}"
EndProject
Project("{8BC9CEB8-8B4A-11D0-8D11-00A0C91BC942}") = "libFLAC++_dynamic", "..\..\src\lib\codecs\flac\libs\libflac\src\libFLAC++\libFLAC++_dynamic.vcproj", "{6B548F29-04A2-4F61-946F-72B86B4845DA}"
EndProject
Project("{8BC9CEB8-8B4A-11D0-8D11-00A0C91BC942}") = "dsfFLACDecoder", "..\..\src\lib\codecs\flac\filters\dsfFLACDecoder\dsfFLACDecoder.vcproj", "{DE1073F1-71D6-477E-A7C1-6E4F0AACCBF4}"
EndProject
Project("{8BC9CEB8-8B4A-11D0-8D11-00A0C91BC942}") = "vorbis_dynamic", "..\..\src\lib\codecs\vorbis\libs\libvorbis\win32\vorbis_dynamic.vcproj", "{95720FE9-89D5-4DCD-9A75-EE73BDF58AB2}"
EndProject
Project("{8BC9CEB8-8B4A-11D0-8D11-00A0C91BC942}") = "dsfVorbisDecoder", "..\..\src\lib\codecs\vorbis\filters\dsfVorbisDecoder\dsfVorbisDecoder.vcproj", "{C2B7DBC0-5AB3-46F5-90E9-05EF1B230AE2}"
EndProject
Project("{8BC9CEB8-8B4A-11D0-8D11-00A0C91BC942}") = "libfishsound", "..\..\src\lib\codecs\helper\libfishsound\win32\libfishsound.vcproj", "{AE0ABDB0-AE3B-4C38-843B-3408A6B87BA4}"
EndProject
Project("{8BC9CEB8-8B4A-11D0-8D11-00A0C91BC942}") = "libspeex", "..\..\src\lib\codecs\speex\libs\libspeex\win32\libspeex\libspeex.vcproj", "{6D653C6F-8722-4B10-9C3A-CB7094DD159F}"
EndProject
Project("{8BC9CEB8-8B4A-11D0-8D11-00A0C91BC942}") = "dsfVorbisEncoder", "..\..\src\lib\codecs\vorbis\filters\dsfVorbisEncoder\dsfVorbisEncoder.vcproj", "{D74A626E-C8CB-4787-913E-2E637FC04F2B}"
EndProject
Project("{8BC9CEB8-8B4A-11D0-8D11-00A0C91BC942}") = "dsfSpeexDecoder", "..\..\src\lib\codecs\speex\filters\dsfSpeexDecoder\dsfSpeexDecoder.vcproj", "{3FB9B20E-790A-402F-A02C-B0FBDC5938E3}"
EndProject
Project("{8BC9CEB8-8B4A-11D0-8D11-00A0C91BC942}") = "dsfSpeexEncoder", "..\..\src\lib\codecs\speex\filters\dsfSpeexEncoder\dsfSpeexEncoder.vcproj", "{419E0701-9C9A-4671-B3B6-79FA206DEE25}"
EndProject
Project("{8BC9CEB8-8B4A-11D0-8D11-00A0C91BC942}") = "libtheora", "..\..\src\lib\codecs\theora\libs\libtheora\win32\libtheora\libtheora.vcproj", "{2394BCBD-BAE8-443F-A65C-6BFDDD42D7CA}"
EndProject
Project("{8BC9CEB8-8B4A-11D0-8D11-00A0C91BC942}") = "libOOTheora", "..\..\src\lib\codecs\theora\libs\libOOTheora\libOOTheora.vcproj", "{6B20BD7A-644B-4087-9CAC-71B2D68D0231}"
EndProject
Project("{8BC9CEB8-8B4A-11D0-8D11-00A0C91BC942}") = "dsfTheoraDecoder", "..\..\src\lib\codecs\theora\filters\dsfTheoraDecoder\dsfTheoraDecoder.vcproj", "{11CBDFD6-0D73-40C0-95DF-997C5FD873F2}"
EndProject
Project("{8BC9CEB8-8B4A-11D0-8D11-00A0C91BC942}") = "OOOggDump", "..\..\src\tools\OOOggDump\OOOggDump.vcproj", "{73D3CA81-3BDC-42F1-8456-76224F6B337C}"
EndProject
Project("{54435603-DBB4-11D2-8724-00A0C9A8B90C}") = "oggcodecs", "..\..\build\oggcodecs\oggcodecs.vdproj", "{3214DF66-3E46-4E44-BF9D-BC7502B88C29}"
EndProject
Project("{8BC9CEB8-8B4A-11D0-8D11-00A0C91BC942}") = "OOOggStat", "..\..\src\tools\OOOggStat\OOOggStat.vcproj", "{48CFEC13-E2BC-412F-8ECA-29090C7193B6}"
EndProject
Project("{8BC9CEB8-8B4A-11D0-8D11-00A0C91BC942}") = "dsfAnxDemux", "..\..\src\lib\core\directshow\dsfAnxDemux\dsfAnxDemux.vcproj", "{F9F22B14-22FE-4651-81B8-5AE267A6B189}"
EndProject
Project("{8BC9CEB8-8B4A-11D0-8D11-00A0C91BC942}") = "libCMMLTags", "..\..\src\lib\codecs\cmml\libCMMLTags\libCMMLTags.vcproj", "{AD38DCC6-B431-4B32-8569-74F3376EF2DA}"
EndProject
Project("{8BC9CEB8-8B4A-11D0-8D11-00A0C91BC942}") = "dsfSubtitleVMR9", "..\..\src\lib\core\directshow\dsfSubtitleVMR9\dsfSubtitleVMR9.vcproj", "{88532BA9-1EED-421F-84BF-88A7A87FB2D3}"
EndProject
Project("{8BC9CEB8-8B4A-11D0-8D11-00A0C91BC942}") = "dsfAbstractVideoEncoder", "..\..\src\lib\core\directshow\dsfAbstractVideoEncoder\dsfAbstractVideoEncoder.vcproj", "{AD2DC5BB-AC7B-482D-9472-19BB98A833CE}"
EndProject
Project("{8BC9CEB8-8B4A-11D0-8D11-00A0C91BC942}") = "dsfTheoraEncoder", "..\..\src\lib\codecs\theora\filters\dsfTheoraEncoder\dsfTheoraEncoder.vcproj", "{8C91066F-5C96-48BB-BD1F-D30FFD2A57A1}"
EndProject
Global
	GlobalSection(SolutionConfiguration) = preSolution
		ConfigName.0 = Debug
		ConfigName.1 = Debug Unicode
		ConfigName.2 = MakeFile
		ConfigName.3 = Release
		ConfigName.4 = Release Unicode
	EndGlobalSection
	GlobalSection(ProjectDependencies) = postSolution
		{9A14F6AC-BC6E-401A-A300-07369BD6C5FE}.0 = {223ACC19-608E-4E1B-A054-067F0CACB272}
		{BE48BAC3-F0DE-47AA-8192-C2A52798E0E5}.0 = {223ACC19-608E-4E1B-A054-067F0CACB272}
		{BE48BAC3-F0DE-47AA-8192-C2A52798E0E5}.1 = {4CBC0173-27E6-4218-AE06-5EFDCA7B2547}
		{BE48BAC3-F0DE-47AA-8192-C2A52798E0E5}.2 = {A882A968-3013-4A27-B653-E18CF5C791FE}
		{4906E533-2864-4840-ABC1-00CD844623EB}.0 = {223ACC19-608E-4E1B-A054-067F0CACB272}
		{4906E533-2864-4840-ABC1-00CD844623EB}.1 = {A882A968-3013-4A27-B653-E18CF5C791FE}
		{4906E533-2864-4840-ABC1-00CD844623EB}.2 = {4CBC0173-27E6-4218-AE06-5EFDCA7B2547}
		{A3BFBA6A-9B45-44C3-8FB0-A16FA2D9E487}.0 = {4CBC0173-27E6-4218-AE06-5EFDCA7B2547}
		{A3BFBA6A-9B45-44C3-8FB0-A16FA2D9E487}.1 = {A882A968-3013-4A27-B653-E18CF5C791FE}
		{A3BFBA6A-9B45-44C3-8FB0-A16FA2D9E487}.2 = {223ACC19-608E-4E1B-A054-067F0CACB272}
		{AE32588D-2807-4796-9E68-C9104817BC1A}.0 = {4CBC0173-27E6-4218-AE06-5EFDCA7B2547}
		{AE32588D-2807-4796-9E68-C9104817BC1A}.1 = {9A14F6AC-BC6E-401A-A300-07369BD6C5FE}
		{AE32588D-2807-4796-9E68-C9104817BC1A}.2 = {223ACC19-608E-4E1B-A054-067F0CACB272}
		{AE32588D-2807-4796-9E68-C9104817BC1A}.3 = {A882A968-3013-4A27-B653-E18CF5C791FE}
		{2EBA839A-CE6E-406E-9A43-CC6FB25A78CB}.0 = {4CBC0173-27E6-4218-AE06-5EFDCA7B2547}
		{2EBA839A-CE6E-406E-9A43-CC6FB25A78CB}.1 = {A882A968-3013-4A27-B653-E18CF5C791FE}
		{2EBA839A-CE6E-406E-9A43-CC6FB25A78CB}.2 = {223ACC19-608E-4E1B-A054-067F0CACB272}
		{6B548F29-04A2-4F61-946F-72B86B4845DA}.0 = {A0004AEB-B47C-4A0A-8FE7-4F65B5FD48FA}
		{DE1073F1-71D6-477E-A7C1-6E4F0AACCBF4}.0 = {A882A968-3013-4A27-B653-E18CF5C791FE}
		{DE1073F1-71D6-477E-A7C1-6E4F0AACCBF4}.1 = {BE48BAC3-F0DE-47AA-8192-C2A52798E0E5}
		{DE1073F1-71D6-477E-A7C1-6E4F0AACCBF4}.2 = {4CBC0173-27E6-4218-AE06-5EFDCA7B2547}
		{DE1073F1-71D6-477E-A7C1-6E4F0AACCBF4}.3 = {6B548F29-04A2-4F61-946F-72B86B4845DA}
		{DE1073F1-71D6-477E-A7C1-6E4F0AACCBF4}.4 = {223ACC19-608E-4E1B-A054-067F0CACB272}
		{95720FE9-89D5-4DCD-9A75-EE73BDF58AB2}.0 = {FB373486-0E6E-4BB6-8BF2-1F92EACA1468}
		{C2B7DBC0-5AB3-46F5-90E9-05EF1B230AE2}.0 = {223ACC19-608E-4E1B-A054-067F0CACB272}
		{C2B7DBC0-5AB3-46F5-90E9-05EF1B230AE2}.1 = {AE0ABDB0-AE3B-4C38-843B-3408A6B87BA4}
		{C2B7DBC0-5AB3-46F5-90E9-05EF1B230AE2}.2 = {A882A968-3013-4A27-B653-E18CF5C791FE}
		{C2B7DBC0-5AB3-46F5-90E9-05EF1B230AE2}.3 = {BE48BAC3-F0DE-47AA-8192-C2A52798E0E5}
		{C2B7DBC0-5AB3-46F5-90E9-05EF1B230AE2}.4 = {4CBC0173-27E6-4218-AE06-5EFDCA7B2547}
		{AE0ABDB0-AE3B-4C38-843B-3408A6B87BA4}.0 = {6D653C6F-8722-4B10-9C3A-CB7094DD159F}
		{AE0ABDB0-AE3B-4C38-843B-3408A6B87BA4}.1 = {FB373486-0E6E-4BB6-8BF2-1F92EACA1468}
		{AE0ABDB0-AE3B-4C38-843B-3408A6B87BA4}.2 = {95720FE9-89D5-4DCD-9A75-EE73BDF58AB2}
		{D74A626E-C8CB-4787-913E-2E637FC04F2B}.0 = {4906E533-2864-4840-ABC1-00CD844623EB}
		{D74A626E-C8CB-4787-913E-2E637FC04F2B}.1 = {A882A968-3013-4A27-B653-E18CF5C791FE}
		{D74A626E-C8CB-4787-913E-2E637FC04F2B}.2 = {223ACC19-608E-4E1B-A054-067F0CACB272}
		{D74A626E-C8CB-4787-913E-2E637FC04F2B}.3 = {AE0ABDB0-AE3B-4C38-843B-3408A6B87BA4}
		{D74A626E-C8CB-4787-913E-2E637FC04F2B}.4 = {4CBC0173-27E6-4218-AE06-5EFDCA7B2547}
		{3FB9B20E-790A-402F-A02C-B0FBDC5938E3}.0 = {4CBC0173-27E6-4218-AE06-5EFDCA7B2547}
		{3FB9B20E-790A-402F-A02C-B0FBDC5938E3}.1 = {BE48BAC3-F0DE-47AA-8192-C2A52798E0E5}
		{3FB9B20E-790A-402F-A02C-B0FBDC5938E3}.2 = {A882A968-3013-4A27-B653-E18CF5C791FE}
		{3FB9B20E-790A-402F-A02C-B0FBDC5938E3}.3 = {AE0ABDB0-AE3B-4C38-843B-3408A6B87BA4}
		{3FB9B20E-790A-402F-A02C-B0FBDC5938E3}.4 = {223ACC19-608E-4E1B-A054-067F0CACB272}
		{419E0701-9C9A-4671-B3B6-79FA206DEE25}.0 = {223ACC19-608E-4E1B-A054-067F0CACB272}
		{419E0701-9C9A-4671-B3B6-79FA206DEE25}.1 = {AE0ABDB0-AE3B-4C38-843B-3408A6B87BA4}
		{419E0701-9C9A-4671-B3B6-79FA206DEE25}.2 = {A882A968-3013-4A27-B653-E18CF5C791FE}
		{419E0701-9C9A-4671-B3B6-79FA206DEE25}.3 = {4906E533-2864-4840-ABC1-00CD844623EB}
		{419E0701-9C9A-4671-B3B6-79FA206DEE25}.4 = {4CBC0173-27E6-4218-AE06-5EFDCA7B2547}
		{2394BCBD-BAE8-443F-A65C-6BFDDD42D7CA}.0 = {FB373486-0E6E-4BB6-8BF2-1F92EACA1468}
		{6B20BD7A-644B-4087-9CAC-71B2D68D0231}.0 = {2394BCBD-BAE8-443F-A65C-6BFDDD42D7CA}
		{6B20BD7A-644B-4087-9CAC-71B2D68D0231}.1 = {223ACC19-608E-4E1B-A054-067F0CACB272}
		{11CBDFD6-0D73-40C0-95DF-997C5FD873F2}.0 = {223ACC19-608E-4E1B-A054-067F0CACB272}
		{11CBDFD6-0D73-40C0-95DF-997C5FD873F2}.1 = {6B20BD7A-644B-4087-9CAC-71B2D68D0231}
		{11CBDFD6-0D73-40C0-95DF-997C5FD873F2}.2 = {A882A968-3013-4A27-B653-E18CF5C791FE}
		{11CBDFD6-0D73-40C0-95DF-997C5FD873F2}.3 = {A3BFBA6A-9B45-44C3-8FB0-A16FA2D9E487}
		{11CBDFD6-0D73-40C0-95DF-997C5FD873F2}.4 = {4CBC0173-27E6-4218-AE06-5EFDCA7B2547}
		{73D3CA81-3BDC-42F1-8456-76224F6B337C}.0 = {223ACC19-608E-4E1B-A054-067F0CACB272}
		{3214DF66-3E46-4E44-BF9D-BC7502B88C29}.0 = {73D3CA81-3BDC-42F1-8456-76224F6B337C}
		{3214DF66-3E46-4E44-BF9D-BC7502B88C29}.1 = {48CFEC13-E2BC-412F-8ECA-29090C7193B6}
		{3214DF66-3E46-4E44-BF9D-BC7502B88C29}.2 = {3FB9B20E-790A-402F-A02C-B0FBDC5938E3}
		{3214DF66-3E46-4E44-BF9D-BC7502B88C29}.3 = {6B20BD7A-644B-4087-9CAC-71B2D68D0231}
		{3214DF66-3E46-4E44-BF9D-BC7502B88C29}.4 = {11CBDFD6-0D73-40C0-95DF-997C5FD873F2}
		{3214DF66-3E46-4E44-BF9D-BC7502B88C29}.5 = {2EBA839A-CE6E-406E-9A43-CC6FB25A78CB}
		{3214DF66-3E46-4E44-BF9D-BC7502B88C29}.6 = {223ACC19-608E-4E1B-A054-067F0CACB272}
		{3214DF66-3E46-4E44-BF9D-BC7502B88C29}.7 = {9A14F6AC-BC6E-401A-A300-07369BD6C5FE}
		{3214DF66-3E46-4E44-BF9D-BC7502B88C29}.8 = {4906E533-2864-4840-ABC1-00CD844623EB}
		{3214DF66-3E46-4E44-BF9D-BC7502B88C29}.9 = {A3BFBA6A-9B45-44C3-8FB0-A16FA2D9E487}
		{3214DF66-3E46-4E44-BF9D-BC7502B88C29}.10 = {BE48BAC3-F0DE-47AA-8192-C2A52798E0E5}
		{3214DF66-3E46-4E44-BF9D-BC7502B88C29}.11 = {FB373486-0E6E-4BB6-8BF2-1F92EACA1468}
		{3214DF66-3E46-4E44-BF9D-BC7502B88C29}.12 = {A0004AEB-B47C-4A0A-8FE7-4F65B5FD48FA}
		{3214DF66-3E46-4E44-BF9D-BC7502B88C29}.13 = {DE1073F1-71D6-477E-A7C1-6E4F0AACCBF4}
		{3214DF66-3E46-4E44-BF9D-BC7502B88C29}.14 = {419E0701-9C9A-4671-B3B6-79FA206DEE25}
		{3214DF66-3E46-4E44-BF9D-BC7502B88C29}.15 = {A882A968-3013-4A27-B653-E18CF5C791FE}
		{3214DF66-3E46-4E44-BF9D-BC7502B88C29}.16 = {95720FE9-89D5-4DCD-9A75-EE73BDF58AB2}
		{3214DF66-3E46-4E44-BF9D-BC7502B88C29}.17 = {6B548F29-04A2-4F61-946F-72B86B4845DA}
		{3214DF66-3E46-4E44-BF9D-BC7502B88C29}.18 = {AE32588D-2807-4796-9E68-C9104817BC1A}
		{3214DF66-3E46-4E44-BF9D-BC7502B88C29}.19 = {2394BCBD-BAE8-443F-A65C-6BFDDD42D7CA}
		{3214DF66-3E46-4E44-BF9D-BC7502B88C29}.20 = {AE0ABDB0-AE3B-4C38-843B-3408A6B87BA4}
		{3214DF66-3E46-4E44-BF9D-BC7502B88C29}.21 = {C2B7DBC0-5AB3-46F5-90E9-05EF1B230AE2}
		{3214DF66-3E46-4E44-BF9D-BC7502B88C29}.22 = {D74A626E-C8CB-4787-913E-2E637FC04F2B}
		{3214DF66-3E46-4E44-BF9D-BC7502B88C29}.23 = {73D3CA81-3BDC-42F1-8456-76224F6B337C}
		{3214DF66-3E46-4E44-BF9D-BC7502B88C29}.24 = {48CFEC13-E2BC-412F-8ECA-29090C7193B6}
		{3214DF66-3E46-4E44-BF9D-BC7502B88C29}.25 = {3FB9B20E-790A-402F-A02C-B0FBDC5938E3}
		{3214DF66-3E46-4E44-BF9D-BC7502B88C29}.26 = {6B20BD7A-644B-4087-9CAC-71B2D68D0231}
		{3214DF66-3E46-4E44-BF9D-BC7502B88C29}.27 = {11CBDFD6-0D73-40C0-95DF-997C5FD873F2}
		{3214DF66-3E46-4E44-BF9D-BC7502B88C29}.28 = {2EBA839A-CE6E-406E-9A43-CC6FB25A78CB}
		{3214DF66-3E46-4E44-BF9D-BC7502B88C29}.29 = {223ACC19-608E-4E1B-A054-067F0CACB272}
		{3214DF66-3E46-4E44-BF9D-BC7502B88C29}.30 = {9A14F6AC-BC6E-401A-A300-07369BD6C5FE}
		{3214DF66-3E46-4E44-BF9D-BC7502B88C29}.31 = {4906E533-2864-4840-ABC1-00CD844623EB}
		{3214DF66-3E46-4E44-BF9D-BC7502B88C29}.32 = {A3BFBA6A-9B45-44C3-8FB0-A16FA2D9E487}
		{3214DF66-3E46-4E44-BF9D-BC7502B88C29}.33 = {BE48BAC3-F0DE-47AA-8192-C2A52798E0E5}
		{3214DF66-3E46-4E44-BF9D-BC7502B88C29}.34 = {FB373486-0E6E-4BB6-8BF2-1F92EACA1468}
		{3214DF66-3E46-4E44-BF9D-BC7502B88C29}.35 = {A0004AEB-B47C-4A0A-8FE7-4F65B5FD48FA}
		{3214DF66-3E46-4E44-BF9D-BC7502B88C29}.36 = {DE1073F1-71D6-477E-A7C1-6E4F0AACCBF4}
		{3214DF66-3E46-4E44-BF9D-BC7502B88C29}.37 = {419E0701-9C9A-4671-B3B6-79FA206DEE25}
		{3214DF66-3E46-4E44-BF9D-BC7502B88C29}.38 = {A882A968-3013-4A27-B653-E18CF5C791FE}
		{3214DF66-3E46-4E44-BF9D-BC7502B88C29}.39 = {95720FE9-89D5-4DCD-9A75-EE73BDF58AB2}
		{3214DF66-3E46-4E44-BF9D-BC7502B88C29}.40 = {6B548F29-04A2-4F61-946F-72B86B4845DA}
		{3214DF66-3E46-4E44-BF9D-BC7502B88C29}.41 = {AE32588D-2807-4796-9E68-C9104817BC1A}
		{3214DF66-3E46-4E44-BF9D-BC7502B88C29}.42 = {2394BCBD-BAE8-443F-A65C-6BFDDD42D7CA}
		{3214DF66-3E46-4E44-BF9D-BC7502B88C29}.43 = {AE0ABDB0-AE3B-4C38-843B-3408A6B87BA4}
		{3214DF66-3E46-4E44-BF9D-BC7502B88C29}.44 = {C2B7DBC0-5AB3-46F5-90E9-05EF1B230AE2}
		{3214DF66-3E46-4E44-BF9D-BC7502B88C29}.45 = {D74A626E-C8CB-4787-913E-2E637FC04F2B}
		{3214DF66-3E46-4E44-BF9D-BC7502B88C29}.46 = {73D3CA81-3BDC-42F1-8456-76224F6B337C}
		{3214DF66-3E46-4E44-BF9D-BC7502B88C29}.47 = {3FB9B20E-790A-402F-A02C-B0FBDC5938E3}
		{3214DF66-3E46-4E44-BF9D-BC7502B88C29}.48 = {6B20BD7A-644B-4087-9CAC-71B2D68D0231}
		{3214DF66-3E46-4E44-BF9D-BC7502B88C29}.49 = {11CBDFD6-0D73-40C0-95DF-997C5FD873F2}
		{3214DF66-3E46-4E44-BF9D-BC7502B88C29}.50 = {2EBA839A-CE6E-406E-9A43-CC6FB25A78CB}
		{3214DF66-3E46-4E44-BF9D-BC7502B88C29}.51 = {223ACC19-608E-4E1B-A054-067F0CACB272}
		{3214DF66-3E46-4E44-BF9D-BC7502B88C29}.52 = {9A14F6AC-BC6E-401A-A300-07369BD6C5FE}
		{3214DF66-3E46-4E44-BF9D-BC7502B88C29}.53 = {4906E533-2864-4840-ABC1-00CD844623EB}
		{3214DF66-3E46-4E44-BF9D-BC7502B88C29}.54 = {A3BFBA6A-9B45-44C3-8FB0-A16FA2D9E487}
		{3214DF66-3E46-4E44-BF9D-BC7502B88C29}.55 = {BE48BAC3-F0DE-47AA-8192-C2A52798E0E5}
		{3214DF66-3E46-4E44-BF9D-BC7502B88C29}.56 = {FB373486-0E6E-4BB6-8BF2-1F92EACA1468}
		{3214DF66-3E46-4E44-BF9D-BC7502B88C29}.57 = {A0004AEB-B47C-4A0A-8FE7-4F65B5FD48FA}
		{3214DF66-3E46-4E44-BF9D-BC7502B88C29}.58 = {DE1073F1-71D6-477E-A7C1-6E4F0AACCBF4}
		{3214DF66-3E46-4E44-BF9D-BC7502B88C29}.59 = {419E0701-9C9A-4671-B3B6-79FA206DEE25}
		{3214DF66-3E46-4E44-BF9D-BC7502B88C29}.60 = {A882A968-3013-4A27-B653-E18CF5C791FE}
		{3214DF66-3E46-4E44-BF9D-BC7502B88C29}.61 = {95720FE9-89D5-4DCD-9A75-EE73BDF58AB2}
		{3214DF66-3E46-4E44-BF9D-BC7502B88C29}.62 = {6B548F29-04A2-4F61-946F-72B86B4845DA}
		{3214DF66-3E46-4E44-BF9D-BC7502B88C29}.63 = {AE32588D-2807-4796-9E68-C9104817BC1A}
		{3214DF66-3E46-4E44-BF9D-BC7502B88C29}.64 = {2394BCBD-BAE8-443F-A65C-6BFDDD42D7CA}
		{3214DF66-3E46-4E44-BF9D-BC7502B88C29}.65 = {AE0ABDB0-AE3B-4C38-843B-3408A6B87BA4}
		{3214DF66-3E46-4E44-BF9D-BC7502B88C29}.66 = {C2B7DBC0-5AB3-46F5-90E9-05EF1B230AE2}
		{3214DF66-3E46-4E44-BF9D-BC7502B88C29}.67 = {D74A626E-C8CB-4787-913E-2E637FC04F2B}
		{3214DF66-3E46-4E44-BF9D-BC7502B88C29}.68 = {D74A626E-C8CB-4787-913E-2E637FC04F2B}
		{3214DF66-3E46-4E44-BF9D-BC7502B88C29}.69 = {C2B7DBC0-5AB3-46F5-90E9-05EF1B230AE2}
		{3214DF66-3E46-4E44-BF9D-BC7502B88C29}.70 = {AE0ABDB0-AE3B-4C38-843B-3408A6B87BA4}
		{3214DF66-3E46-4E44-BF9D-BC7502B88C29}.71 = {2394BCBD-BAE8-443F-A65C-6BFDDD42D7CA}
		{3214DF66-3E46-4E44-BF9D-BC7502B88C29}.72 = {AE32588D-2807-4796-9E68-C9104817BC1A}
		{3214DF66-3E46-4E44-BF9D-BC7502B88C29}.73 = {6B548F29-04A2-4F61-946F-72B86B4845DA}
		{3214DF66-3E46-4E44-BF9D-BC7502B88C29}.74 = {95720FE9-89D5-4DCD-9A75-EE73BDF58AB2}
		{3214DF66-3E46-4E44-BF9D-BC7502B88C29}.75 = {A882A968-3013-4A27-B653-E18CF5C791FE}
		{3214DF66-3E46-4E44-BF9D-BC7502B88C29}.76 = {419E0701-9C9A-4671-B3B6-79FA206DEE25}
		{3214DF66-3E46-4E44-BF9D-BC7502B88C29}.77 = {DE1073F1-71D6-477E-A7C1-6E4F0AACCBF4}
		{3214DF66-3E46-4E44-BF9D-BC7502B88C29}.78 = {A0004AEB-B47C-4A0A-8FE7-4F65B5FD48FA}
		{3214DF66-3E46-4E44-BF9D-BC7502B88C29}.79 = {FB373486-0E6E-4BB6-8BF2-1F92EACA1468}
		{3214DF66-3E46-4E44-BF9D-BC7502B88C29}.80 = {BE48BAC3-F0DE-47AA-8192-C2A52798E0E5}
		{3214DF66-3E46-4E44-BF9D-BC7502B88C29}.81 = {A3BFBA6A-9B45-44C3-8FB0-A16FA2D9E487}
		{3214DF66-3E46-4E44-BF9D-BC7502B88C29}.82 = {4906E533-2864-4840-ABC1-00CD844623EB}
		{3214DF66-3E46-4E44-BF9D-BC7502B88C29}.83 = {9A14F6AC-BC6E-401A-A300-07369BD6C5FE}
		{3214DF66-3E46-4E44-BF9D-BC7502B88C29}.84 = {223ACC19-608E-4E1B-A054-067F0CACB272}
		{3214DF66-3E46-4E44-BF9D-BC7502B88C29}.85 = {2EBA839A-CE6E-406E-9A43-CC6FB25A78CB}
		{3214DF66-3E46-4E44-BF9D-BC7502B88C29}.86 = {11CBDFD6-0D73-40C0-95DF-997C5FD873F2}
		{3214DF66-3E46-4E44-BF9D-BC7502B88C29}.87 = {6B20BD7A-644B-4087-9CAC-71B2D68D0231}
		{3214DF66-3E46-4E44-BF9D-BC7502B88C29}.88 = {3FB9B20E-790A-402F-A02C-B0FBDC5938E3}
		{3214DF66-3E46-4E44-BF9D-BC7502B88C29}.89 = {73D3CA81-3BDC-42F1-8456-76224F6B337C}
		{3214DF66-3E46-4E44-BF9D-BC7502B88C29}.90 = {D74A626E-C8CB-4787-913E-2E637FC04F2B}
		{3214DF66-3E46-4E44-BF9D-BC7502B88C29}.91 = {C2B7DBC0-5AB3-46F5-90E9-05EF1B230AE2}
		{3214DF66-3E46-4E44-BF9D-BC7502B88C29}.92 = {AE0ABDB0-AE3B-4C38-843B-3408A6B87BA4}
		{3214DF66-3E46-4E44-BF9D-BC7502B88C29}.93 = {2394BCBD-BAE8-443F-A65C-6BFDDD42D7CA}
		{3214DF66-3E46-4E44-BF9D-BC7502B88C29}.94 = {AE32588D-2807-4796-9E68-C9104817BC1A}
		{3214DF66-3E46-4E44-BF9D-BC7502B88C29}.95 = {6B548F29-04A2-4F61-946F-72B86B4845DA}
		{3214DF66-3E46-4E44-BF9D-BC7502B88C29}.96 = {95720FE9-89D5-4DCD-9A75-EE73BDF58AB2}
		{3214DF66-3E46-4E44-BF9D-BC7502B88C29}.97 = {A882A968-3013-4A27-B653-E18CF5C791FE}
		{3214DF66-3E46-4E44-BF9D-BC7502B88C29}.98 = {419E0701-9C9A-4671-B3B6-79FA206DEE25}
		{3214DF66-3E46-4E44-BF9D-BC7502B88C29}.99 = {DE1073F1-71D6-477E-A7C1-6E4F0AACCBF4}
		{3214DF66-3E46-4E44-BF9D-BC7502B88C29}.100 = {A0004AEB-B47C-4A0A-8FE7-4F65B5FD48FA}
		{3214DF66-3E46-4E44-BF9D-BC7502B88C29}.101 = {FB373486-0E6E-4BB6-8BF2-1F92EACA1468}
		{3214DF66-3E46-4E44-BF9D-BC7502B88C29}.102 = {BE48BAC3-F0DE-47AA-8192-C2A52798E0E5}
		{3214DF66-3E46-4E44-BF9D-BC7502B88C29}.103 = {A3BFBA6A-9B45-44C3-8FB0-A16FA2D9E487}
		{3214DF66-3E46-4E44-BF9D-BC7502B88C29}.104 = {4906E533-2864-4840-ABC1-00CD844623EB}
		{3214DF66-3E46-4E44-BF9D-BC7502B88C29}.105 = {9A14F6AC-BC6E-401A-A300-07369BD6C5FE}
		{3214DF66-3E46-4E44-BF9D-BC7502B88C29}.106 = {223ACC19-608E-4E1B-A054-067F0CACB272}
		{3214DF66-3E46-4E44-BF9D-BC7502B88C29}.107 = {2EBA839A-CE6E-406E-9A43-CC6FB25A78CB}
		{3214DF66-3E46-4E44-BF9D-BC7502B88C29}.108 = {11CBDFD6-0D73-40C0-95DF-997C5FD873F2}
		{3214DF66-3E46-4E44-BF9D-BC7502B88C29}.109 = {6B20BD7A-644B-4087-9CAC-71B2D68D0231}
		{3214DF66-3E46-4E44-BF9D-BC7502B88C29}.110 = {3FB9B20E-790A-402F-A02C-B0FBDC5938E3}
		{3214DF66-3E46-4E44-BF9D-BC7502B88C29}.111 = {73D3CA81-3BDC-42F1-8456-76224F6B337C}
		{3214DF66-3E46-4E44-BF9D-BC7502B88C29}.112 = {D74A626E-C8CB-4787-913E-2E637FC04F2B}
		{3214DF66-3E46-4E44-BF9D-BC7502B88C29}.113 = {C2B7DBC0-5AB3-46F5-90E9-05EF1B230AE2}
		{3214DF66-3E46-4E44-BF9D-BC7502B88C29}.114 = {AE0ABDB0-AE3B-4C38-843B-3408A6B87BA4}
		{3214DF66-3E46-4E44-BF9D-BC7502B88C29}.115 = {2394BCBD-BAE8-443F-A65C-6BFDDD42D7CA}
		{3214DF66-3E46-4E44-BF9D-BC7502B88C29}.116 = {AE32588D-2807-4796-9E68-C9104817BC1A}
		{3214DF66-3E46-4E44-BF9D-BC7502B88C29}.117 = {6B548F29-04A2-4F61-946F-72B86B4845DA}
		{3214DF66-3E46-4E44-BF9D-BC7502B88C29}.118 = {95720FE9-89D5-4DCD-9A75-EE73BDF58AB2}
		{3214DF66-3E46-4E44-BF9D-BC7502B88C29}.119 = {A882A968-3013-4A27-B653-E18CF5C791FE}
		{3214DF66-3E46-4E44-BF9D-BC7502B88C29}.120 = {419E0701-9C9A-4671-B3B6-79FA206DEE25}
		{3214DF66-3E46-4E44-BF9D-BC7502B88C29}.121 = {DE1073F1-71D6-477E-A7C1-6E4F0AACCBF4}
		{3214DF66-3E46-4E44-BF9D-BC7502B88C29}.122 = {A0004AEB-B47C-4A0A-8FE7-4F65B5FD48FA}
		{3214DF66-3E46-4E44-BF9D-BC7502B88C29}.123 = {FB373486-0E6E-4BB6-8BF2-1F92EACA1468}
		{3214DF66-3E46-4E44-BF9D-BC7502B88C29}.124 = {BE48BAC3-F0DE-47AA-8192-C2A52798E0E5}
		{3214DF66-3E46-4E44-BF9D-BC7502B88C29}.125 = {A3BFBA6A-9B45-44C3-8FB0-A16FA2D9E487}
		{3214DF66-3E46-4E44-BF9D-BC7502B88C29}.126 = {4906E533-2864-4840-ABC1-00CD844623EB}
		{3214DF66-3E46-4E44-BF9D-BC7502B88C29}.127 = {9A14F6AC-BC6E-401A-A300-07369BD6C5FE}
		{3214DF66-3E46-4E44-BF9D-BC7502B88C29}.128 = {223ACC19-608E-4E1B-A054-067F0CACB272}
		{3214DF66-3E46-4E44-BF9D-BC7502B88C29}.129 = {2EBA839A-CE6E-406E-9A43-CC6FB25A78CB}
		{3214DF66-3E46-4E44-BF9D-BC7502B88C29}.130 = {11CBDFD6-0D73-40C0-95DF-997C5FD873F2}
		{3214DF66-3E46-4E44-BF9D-BC7502B88C29}.131 = {6B20BD7A-644B-4087-9CAC-71B2D68D0231}
		{3214DF66-3E46-4E44-BF9D-BC7502B88C29}.132 = {3FB9B20E-790A-402F-A02C-B0FBDC5938E3}
		{3214DF66-3E46-4E44-BF9D-BC7502B88C29}.133 = {73D3CA81-3BDC-42F1-8456-76224F6B337C}
		{3214DF66-3E46-4E44-BF9D-BC7502B88C29}.134 = {D74A626E-C8CB-4787-913E-2E637FC04F2B}
		{3214DF66-3E46-4E44-BF9D-BC7502B88C29}.135 = {C2B7DBC0-5AB3-46F5-90E9-05EF1B230AE2}
		{3214DF66-3E46-4E44-BF9D-BC7502B88C29}.136 = {AE0ABDB0-AE3B-4C38-843B-3408A6B87BA4}
		{3214DF66-3E46-4E44-BF9D-BC7502B88C29}.137 = {2394BCBD-BAE8-443F-A65C-6BFDDD42D7CA}
		{3214DF66-3E46-4E44-BF9D-BC7502B88C29}.138 = {AE32588D-2807-4796-9E68-C9104817BC1A}
		{3214DF66-3E46-4E44-BF9D-BC7502B88C29}.139 = {6B548F29-04A2-4F61-946F-72B86B4845DA}
		{3214DF66-3E46-4E44-BF9D-BC7502B88C29}.140 = {95720FE9-89D5-4DCD-9A75-EE73BDF58AB2}
		{3214DF66-3E46-4E44-BF9D-BC7502B88C29}.141 = {A882A968-3013-4A27-B653-E18CF5C791FE}
		{3214DF66-3E46-4E44-BF9D-BC7502B88C29}.142 = {419E0701-9C9A-4671-B3B6-79FA206DEE25}
		{3214DF66-3E46-4E44-BF9D-BC7502B88C29}.143 = {DE1073F1-71D6-477E-A7C1-6E4F0AACCBF4}
		{3214DF66-3E46-4E44-BF9D-BC7502B88C29}.144 = {A0004AEB-B47C-4A0A-8FE7-4F65B5FD48FA}
		{3214DF66-3E46-4E44-BF9D-BC7502B88C29}.145 = {FB373486-0E6E-4BB6-8BF2-1F92EACA1468}
		{3214DF66-3E46-4E44-BF9D-BC7502B88C29}.146 = {BE48BAC3-F0DE-47AA-8192-C2A52798E0E5}
		{3214DF66-3E46-4E44-BF9D-BC7502B88C29}.147 = {A3BFBA6A-9B45-44C3-8FB0-A16FA2D9E487}
		{3214DF66-3E46-4E44-BF9D-BC7502B88C29}.148 = {4906E533-2864-4840-ABC1-00CD844623EB}
		{3214DF66-3E46-4E44-BF9D-BC7502B88C29}.149 = {9A14F6AC-BC6E-401A-A300-07369BD6C5FE}
		{3214DF66-3E46-4E44-BF9D-BC7502B88C29}.150 = {223ACC19-608E-4E1B-A054-067F0CACB272}
		{3214DF66-3E46-4E44-BF9D-BC7502B88C29}.151 = {2EBA839A-CE6E-406E-9A43-CC6FB25A78CB}
		{3214DF66-3E46-4E44-BF9D-BC7502B88C29}.152 = {11CBDFD6-0D73-40C0-95DF-997C5FD873F2}
		{3214DF66-3E46-4E44-BF9D-BC7502B88C29}.153 = {6B20BD7A-644B-4087-9CAC-71B2D68D0231}
		{3214DF66-3E46-4E44-BF9D-BC7502B88C29}.154 = {3FB9B20E-790A-402F-A02C-B0FBDC5938E3}
		{3214DF66-3E46-4E44-BF9D-BC7502B88C29}.155 = {48CFEC13-E2BC-412F-8ECA-29090C7193B6}
		{3214DF66-3E46-4E44-BF9D-BC7502B88C29}.156 = {73D3CA81-3BDC-42F1-8456-76224F6B337C}
		{3214DF66-3E46-4E44-BF9D-BC7502B88C29}.157 = {D74A626E-C8CB-4787-913E-2E637FC04F2B}
		{3214DF66-3E46-4E44-BF9D-BC7502B88C29}.158 = {C2B7DBC0-5AB3-46F5-90E9-05EF1B230AE2}
		{3214DF66-3E46-4E44-BF9D-BC7502B88C29}.159 = {AE0ABDB0-AE3B-4C38-843B-3408A6B87BA4}
		{3214DF66-3E46-4E44-BF9D-BC7502B88C29}.160 = {2394BCBD-BAE8-443F-A65C-6BFDDD42D7CA}
		{3214DF66-3E46-4E44-BF9D-BC7502B88C29}.161 = {AE32588D-2807-4796-9E68-C9104817BC1A}
		{3214DF66-3E46-4E44-BF9D-BC7502B88C29}.162 = {6B548F29-04A2-4F61-946F-72B86B4845DA}
		{3214DF66-3E46-4E44-BF9D-BC7502B88C29}.163 = {95720FE9-89D5-4DCD-9A75-EE73BDF58AB2}
		{3214DF66-3E46-4E44-BF9D-BC7502B88C29}.164 = {A882A968-3013-4A27-B653-E18CF5C791FE}
		{3214DF66-3E46-4E44-BF9D-BC7502B88C29}.165 = {419E0701-9C9A-4671-B3B6-79FA206DEE25}
		{3214DF66-3E46-4E44-BF9D-BC7502B88C29}.166 = {DE1073F1-71D6-477E-A7C1-6E4F0AACCBF4}
		{3214DF66-3E46-4E44-BF9D-BC7502B88C29}.167 = {A0004AEB-B47C-4A0A-8FE7-4F65B5FD48FA}
		{3214DF66-3E46-4E44-BF9D-BC7502B88C29}.168 = {FB373486-0E6E-4BB6-8BF2-1F92EACA1468}
		{3214DF66-3E46-4E44-BF9D-BC7502B88C29}.169 = {BE48BAC3-F0DE-47AA-8192-C2A52798E0E5}
		{3214DF66-3E46-4E44-BF9D-BC7502B88C29}.170 = {A3BFBA6A-9B45-44C3-8FB0-A16FA2D9E487}
		{3214DF66-3E46-4E44-BF9D-BC7502B88C29}.171 = {4906E533-2864-4840-ABC1-00CD844623EB}
		{3214DF66-3E46-4E44-BF9D-BC7502B88C29}.172 = {9A14F6AC-BC6E-401A-A300-07369BD6C5FE}
		{3214DF66-3E46-4E44-BF9D-BC7502B88C29}.173 = {223ACC19-608E-4E1B-A054-067F0CACB272}
		{3214DF66-3E46-4E44-BF9D-BC7502B88C29}.174 = {2EBA839A-CE6E-406E-9A43-CC6FB25A78CB}
		{3214DF66-3E46-4E44-BF9D-BC7502B88C29}.175 = {11CBDFD6-0D73-40C0-95DF-997C5FD873F2}
		{3214DF66-3E46-4E44-BF9D-BC7502B88C29}.176 = {6B20BD7A-644B-4087-9CAC-71B2D68D0231}
		{3214DF66-3E46-4E44-BF9D-BC7502B88C29}.177 = {3FB9B20E-790A-402F-A02C-B0FBDC5938E3}
		{3214DF66-3E46-4E44-BF9D-BC7502B88C29}.178 = {48CFEC13-E2BC-412F-8ECA-29090C7193B6}
		{3214DF66-3E46-4E44-BF9D-BC7502B88C29}.179 = {73D3CA81-3BDC-42F1-8456-76224F6B337C}
		{48CFEC13-E2BC-412F-8ECA-29090C7193B6}.0 = {223ACC19-608E-4E1B-A054-067F0CACB272}
		{F9F22B14-22FE-4651-81B8-5AE267A6B189}.0 = {9A14F6AC-BC6E-401A-A300-07369BD6C5FE}
		{F9F22B14-22FE-4651-81B8-5AE267A6B189}.1 = {223ACC19-608E-4E1B-A054-067F0CACB272}
		{F9F22B14-22FE-4651-81B8-5AE267A6B189}.2 = {A882A968-3013-4A27-B653-E18CF5C791FE}
		{F9F22B14-22FE-4651-81B8-5AE267A6B189}.3 = {4CBC0173-27E6-4218-AE06-5EFDCA7B2547}
		{F9F22B14-22FE-4651-81B8-5AE267A6B189}.4 = {AE32588D-2807-4796-9E68-C9104817BC1A}
	EndGlobalSection
	GlobalSection(ProjectConfiguration) = postSolution
		{FB373486-0E6E-4BB6-8BF2-1F92EACA1468}.Debug.ActiveCfg = Debug|Win32
		{FB373486-0E6E-4BB6-8BF2-1F92EACA1468}.Debug.Build.0 = Debug|Win32
		{FB373486-0E6E-4BB6-8BF2-1F92EACA1468}.Debug Unicode.ActiveCfg = Debug|Win32
		{FB373486-0E6E-4BB6-8BF2-1F92EACA1468}.Debug Unicode.Build.0 = Debug|Win32
		{FB373486-0E6E-4BB6-8BF2-1F92EACA1468}.MakeFile.ActiveCfg = MakeFile|Win32
		{FB373486-0E6E-4BB6-8BF2-1F92EACA1468}.MakeFile.Build.0 = MakeFile|Win32
		{FB373486-0E6E-4BB6-8BF2-1F92EACA1468}.Release.ActiveCfg = Release|Win32
		{FB373486-0E6E-4BB6-8BF2-1F92EACA1468}.Release.Build.0 = Release|Win32
		{FB373486-0E6E-4BB6-8BF2-1F92EACA1468}.Release Unicode.ActiveCfg = Release|Win32
		{FB373486-0E6E-4BB6-8BF2-1F92EACA1468}.Release Unicode.Build.0 = Release|Win32
		{223ACC19-608E-4E1B-A054-067F0CACB272}.Debug.ActiveCfg = Debug|Win32
		{223ACC19-608E-4E1B-A054-067F0CACB272}.Debug.Build.0 = Debug|Win32
		{223ACC19-608E-4E1B-A054-067F0CACB272}.Debug Unicode.ActiveCfg = Debug|Win32
		{223ACC19-608E-4E1B-A054-067F0CACB272}.Debug Unicode.Build.0 = Debug|Win32
		{223ACC19-608E-4E1B-A054-067F0CACB272}.MakeFile.ActiveCfg = Release|Win32
		{223ACC19-608E-4E1B-A054-067F0CACB272}.MakeFile.Build.0 = Release|Win32
		{223ACC19-608E-4E1B-A054-067F0CACB272}.Release.ActiveCfg = Release|Win32
		{223ACC19-608E-4E1B-A054-067F0CACB272}.Release.Build.0 = Release|Win32
		{223ACC19-608E-4E1B-A054-067F0CACB272}.Release Unicode.ActiveCfg = Release|Win32
		{223ACC19-608E-4E1B-A054-067F0CACB272}.Release Unicode.Build.0 = Release|Win32
		{9A14F6AC-BC6E-401A-A300-07369BD6C5FE}.Debug.ActiveCfg = Debug|Win32
		{9A14F6AC-BC6E-401A-A300-07369BD6C5FE}.Debug.Build.0 = Debug|Win32
		{9A14F6AC-BC6E-401A-A300-07369BD6C5FE}.Debug Unicode.ActiveCfg = Debug|Win32
		{9A14F6AC-BC6E-401A-A300-07369BD6C5FE}.Debug Unicode.Build.0 = Debug|Win32
		{9A14F6AC-BC6E-401A-A300-07369BD6C5FE}.MakeFile.ActiveCfg = Release|Win32
		{9A14F6AC-BC6E-401A-A300-07369BD6C5FE}.MakeFile.Build.0 = Release|Win32
		{9A14F6AC-BC6E-401A-A300-07369BD6C5FE}.Release.ActiveCfg = Release|Win32
		{9A14F6AC-BC6E-401A-A300-07369BD6C5FE}.Release.Build.0 = Release|Win32
		{9A14F6AC-BC6E-401A-A300-07369BD6C5FE}.Release Unicode.ActiveCfg = Release|Win32
		{9A14F6AC-BC6E-401A-A300-07369BD6C5FE}.Release Unicode.Build.0 = Release|Win32
		{BE48BAC3-F0DE-47AA-8192-C2A52798E0E5}.Debug.ActiveCfg = Debug|Win32
		{BE48BAC3-F0DE-47AA-8192-C2A52798E0E5}.Debug.Build.0 = Debug|Win32
		{BE48BAC3-F0DE-47AA-8192-C2A52798E0E5}.Debug Unicode.ActiveCfg = Debug|Win32
		{BE48BAC3-F0DE-47AA-8192-C2A52798E0E5}.Debug Unicode.Build.0 = Debug|Win32
		{BE48BAC3-F0DE-47AA-8192-C2A52798E0E5}.MakeFile.ActiveCfg = Release|Win32
		{BE48BAC3-F0DE-47AA-8192-C2A52798E0E5}.MakeFile.Build.0 = Release|Win32
		{BE48BAC3-F0DE-47AA-8192-C2A52798E0E5}.Release.ActiveCfg = Release|Win32
		{BE48BAC3-F0DE-47AA-8192-C2A52798E0E5}.Release.Build.0 = Release|Win32
		{BE48BAC3-F0DE-47AA-8192-C2A52798E0E5}.Release Unicode.ActiveCfg = Release|Win32
		{BE48BAC3-F0DE-47AA-8192-C2A52798E0E5}.Release Unicode.Build.0 = Release|Win32
		{A882A968-3013-4A27-B653-E18CF5C791FE}.Debug.ActiveCfg = Debug|Win32
		{A882A968-3013-4A27-B653-E18CF5C791FE}.Debug.Build.0 = Debug|Win32
		{A882A968-3013-4A27-B653-E18CF5C791FE}.Debug Unicode.ActiveCfg = Debug|Win32
		{A882A968-3013-4A27-B653-E18CF5C791FE}.Debug Unicode.Build.0 = Debug|Win32
		{A882A968-3013-4A27-B653-E18CF5C791FE}.MakeFile.ActiveCfg = Release|Win32
		{A882A968-3013-4A27-B653-E18CF5C791FE}.MakeFile.Build.0 = Release|Win32
		{A882A968-3013-4A27-B653-E18CF5C791FE}.Release.ActiveCfg = Release|Win32
		{A882A968-3013-4A27-B653-E18CF5C791FE}.Release.Build.0 = Release|Win32
		{A882A968-3013-4A27-B653-E18CF5C791FE}.Release Unicode.ActiveCfg = Release|Win32
		{A882A968-3013-4A27-B653-E18CF5C791FE}.Release Unicode.Build.0 = Release|Win32
		{4CBC0173-27E6-4218-AE06-5EFDCA7B2547}.Debug.ActiveCfg = Debug|Win32
		{4CBC0173-27E6-4218-AE06-5EFDCA7B2547}.Debug.Build.0 = Debug|Win32
		{4CBC0173-27E6-4218-AE06-5EFDCA7B2547}.Debug Unicode.ActiveCfg = Debug Unicode|Win32
		{4CBC0173-27E6-4218-AE06-5EFDCA7B2547}.Debug Unicode.Build.0 = Debug Unicode|Win32
		{4CBC0173-27E6-4218-AE06-5EFDCA7B2547}.MakeFile.ActiveCfg = Debug|Win32
		{4CBC0173-27E6-4218-AE06-5EFDCA7B2547}.MakeFile.Build.0 = Debug|Win32
		{4CBC0173-27E6-4218-AE06-5EFDCA7B2547}.Release.ActiveCfg = Release|Win32
		{4CBC0173-27E6-4218-AE06-5EFDCA7B2547}.Release.Build.0 = Release|Win32
		{4CBC0173-27E6-4218-AE06-5EFDCA7B2547}.Release Unicode.ActiveCfg = Release Unicode|Win32
		{4CBC0173-27E6-4218-AE06-5EFDCA7B2547}.Release Unicode.Build.0 = Release Unicode|Win32
		{4906E533-2864-4840-ABC1-00CD844623EB}.Debug.ActiveCfg = Debug|Win32
		{4906E533-2864-4840-ABC1-00CD844623EB}.Debug.Build.0 = Debug|Win32
		{4906E533-2864-4840-ABC1-00CD844623EB}.Debug Unicode.ActiveCfg = Debug|Win32
		{4906E533-2864-4840-ABC1-00CD844623EB}.Debug Unicode.Build.0 = Debug|Win32
		{4906E533-2864-4840-ABC1-00CD844623EB}.MakeFile.ActiveCfg = Release|Win32
		{4906E533-2864-4840-ABC1-00CD844623EB}.MakeFile.Build.0 = Release|Win32
		{4906E533-2864-4840-ABC1-00CD844623EB}.Release.ActiveCfg = Release|Win32
		{4906E533-2864-4840-ABC1-00CD844623EB}.Release.Build.0 = Release|Win32
		{4906E533-2864-4840-ABC1-00CD844623EB}.Release Unicode.ActiveCfg = Release|Win32
		{4906E533-2864-4840-ABC1-00CD844623EB}.Release Unicode.Build.0 = Release|Win32
		{A3BFBA6A-9B45-44C3-8FB0-A16FA2D9E487}.Debug.ActiveCfg = Debug|Win32
		{A3BFBA6A-9B45-44C3-8FB0-A16FA2D9E487}.Debug.Build.0 = Debug|Win32
		{A3BFBA6A-9B45-44C3-8FB0-A16FA2D9E487}.Debug Unicode.ActiveCfg = Debug|Win32
		{A3BFBA6A-9B45-44C3-8FB0-A16FA2D9E487}.Debug Unicode.Build.0 = Debug|Win32
		{A3BFBA6A-9B45-44C3-8FB0-A16FA2D9E487}.MakeFile.ActiveCfg = Release|Win32
		{A3BFBA6A-9B45-44C3-8FB0-A16FA2D9E487}.MakeFile.Build.0 = Release|Win32
		{A3BFBA6A-9B45-44C3-8FB0-A16FA2D9E487}.Release.ActiveCfg = Release|Win32
		{A3BFBA6A-9B45-44C3-8FB0-A16FA2D9E487}.Release.Build.0 = Release|Win32
		{A3BFBA6A-9B45-44C3-8FB0-A16FA2D9E487}.Release Unicode.ActiveCfg = Release|Win32
		{A3BFBA6A-9B45-44C3-8FB0-A16FA2D9E487}.Release Unicode.Build.0 = Release|Win32
		{AE32588D-2807-4796-9E68-C9104817BC1A}.Debug.ActiveCfg = Debug|Win32
		{AE32588D-2807-4796-9E68-C9104817BC1A}.Debug.Build.0 = Debug|Win32
		{AE32588D-2807-4796-9E68-C9104817BC1A}.Debug Unicode.ActiveCfg = Debug|Win32
		{AE32588D-2807-4796-9E68-C9104817BC1A}.Debug Unicode.Build.0 = Debug|Win32
		{AE32588D-2807-4796-9E68-C9104817BC1A}.MakeFile.ActiveCfg = Release|Win32
		{AE32588D-2807-4796-9E68-C9104817BC1A}.MakeFile.Build.0 = Release|Win32
		{AE32588D-2807-4796-9E68-C9104817BC1A}.Release.ActiveCfg = Release|Win32
		{AE32588D-2807-4796-9E68-C9104817BC1A}.Release.Build.0 = Release|Win32
		{AE32588D-2807-4796-9E68-C9104817BC1A}.Release Unicode.ActiveCfg = Release|Win32
		{AE32588D-2807-4796-9E68-C9104817BC1A}.Release Unicode.Build.0 = Release|Win32
		{2EBA839A-CE6E-406E-9A43-CC6FB25A78CB}.Debug.ActiveCfg = Debug|Win32
		{2EBA839A-CE6E-406E-9A43-CC6FB25A78CB}.Debug.Build.0 = Debug|Win32
		{2EBA839A-CE6E-406E-9A43-CC6FB25A78CB}.Debug Unicode.ActiveCfg = Debug|Win32
		{2EBA839A-CE6E-406E-9A43-CC6FB25A78CB}.Debug Unicode.Build.0 = Debug|Win32
		{2EBA839A-CE6E-406E-9A43-CC6FB25A78CB}.MakeFile.ActiveCfg = Release|Win32
		{2EBA839A-CE6E-406E-9A43-CC6FB25A78CB}.MakeFile.Build.0 = Release|Win32
		{2EBA839A-CE6E-406E-9A43-CC6FB25A78CB}.Release.ActiveCfg = Release|Win32
		{2EBA839A-CE6E-406E-9A43-CC6FB25A78CB}.Release.Build.0 = Release|Win32
		{2EBA839A-CE6E-406E-9A43-CC6FB25A78CB}.Release Unicode.ActiveCfg = Release|Win32
		{2EBA839A-CE6E-406E-9A43-CC6FB25A78CB}.Release Unicode.Build.0 = Release|Win32
		{A0004AEB-B47C-4A0A-8FE7-4F65B5FD48FA}.Debug.ActiveCfg = Debug|Win32
		{A0004AEB-B47C-4A0A-8FE7-4F65B5FD48FA}.Debug.Build.0 = Debug|Win32
		{A0004AEB-B47C-4A0A-8FE7-4F65B5FD48FA}.Debug Unicode.ActiveCfg = Debug|Win32
		{A0004AEB-B47C-4A0A-8FE7-4F65B5FD48FA}.Debug Unicode.Build.0 = Debug|Win32
		{A0004AEB-B47C-4A0A-8FE7-4F65B5FD48FA}.MakeFile.ActiveCfg = Debug|Win32
		{A0004AEB-B47C-4A0A-8FE7-4F65B5FD48FA}.MakeFile.Build.0 = Debug|Win32
		{A0004AEB-B47C-4A0A-8FE7-4F65B5FD48FA}.Release.ActiveCfg = Release|Win32
		{A0004AEB-B47C-4A0A-8FE7-4F65B5FD48FA}.Release.Build.0 = Release|Win32
		{A0004AEB-B47C-4A0A-8FE7-4F65B5FD48FA}.Release Unicode.ActiveCfg = Release|Win32
		{A0004AEB-B47C-4A0A-8FE7-4F65B5FD48FA}.Release Unicode.Build.0 = Release|Win32
		{6B548F29-04A2-4F61-946F-72B86B4845DA}.Debug.ActiveCfg = Debug|Win32
		{6B548F29-04A2-4F61-946F-72B86B4845DA}.Debug.Build.0 = Debug|Win32
		{6B548F29-04A2-4F61-946F-72B86B4845DA}.Debug Unicode.ActiveCfg = Debug|Win32
		{6B548F29-04A2-4F61-946F-72B86B4845DA}.Debug Unicode.Build.0 = Debug|Win32
		{6B548F29-04A2-4F61-946F-72B86B4845DA}.MakeFile.ActiveCfg = Debug|Win32
		{6B548F29-04A2-4F61-946F-72B86B4845DA}.MakeFile.Build.0 = Debug|Win32
		{6B548F29-04A2-4F61-946F-72B86B4845DA}.Release.ActiveCfg = Release|Win32
		{6B548F29-04A2-4F61-946F-72B86B4845DA}.Release.Build.0 = Release|Win32
		{6B548F29-04A2-4F61-946F-72B86B4845DA}.Release Unicode.ActiveCfg = Release|Win32
		{6B548F29-04A2-4F61-946F-72B86B4845DA}.Release Unicode.Build.0 = Release|Win32
		{DE1073F1-71D6-477E-A7C1-6E4F0AACCBF4}.Debug.ActiveCfg = Debug|Win32
		{DE1073F1-71D6-477E-A7C1-6E4F0AACCBF4}.Debug.Build.0 = Debug|Win32
		{DE1073F1-71D6-477E-A7C1-6E4F0AACCBF4}.Debug Unicode.ActiveCfg = Debug|Win32
		{DE1073F1-71D6-477E-A7C1-6E4F0AACCBF4}.Debug Unicode.Build.0 = Debug|Win32
		{DE1073F1-71D6-477E-A7C1-6E4F0AACCBF4}.MakeFile.ActiveCfg = Release|Win32
		{DE1073F1-71D6-477E-A7C1-6E4F0AACCBF4}.MakeFile.Build.0 = Release|Win32
		{DE1073F1-71D6-477E-A7C1-6E4F0AACCBF4}.Release.ActiveCfg = Release|Win32
		{DE1073F1-71D6-477E-A7C1-6E4F0AACCBF4}.Release.Build.0 = Release|Win32
		{DE1073F1-71D6-477E-A7C1-6E4F0AACCBF4}.Release Unicode.ActiveCfg = Release|Win32
		{DE1073F1-71D6-477E-A7C1-6E4F0AACCBF4}.Release Unicode.Build.0 = Release|Win32
		{95720FE9-89D5-4DCD-9A75-EE73BDF58AB2}.Debug.ActiveCfg = Debug|Win32
		{95720FE9-89D5-4DCD-9A75-EE73BDF58AB2}.Debug.Build.0 = Debug|Win32
		{95720FE9-89D5-4DCD-9A75-EE73BDF58AB2}.Debug Unicode.ActiveCfg = Debug|Win32
		{95720FE9-89D5-4DCD-9A75-EE73BDF58AB2}.Debug Unicode.Build.0 = Debug|Win32
		{95720FE9-89D5-4DCD-9A75-EE73BDF58AB2}.MakeFile.ActiveCfg = Release|Win32
		{95720FE9-89D5-4DCD-9A75-EE73BDF58AB2}.MakeFile.Build.0 = Release|Win32
		{95720FE9-89D5-4DCD-9A75-EE73BDF58AB2}.Release.ActiveCfg = Release|Win32
		{95720FE9-89D5-4DCD-9A75-EE73BDF58AB2}.Release.Build.0 = Release|Win32
		{95720FE9-89D5-4DCD-9A75-EE73BDF58AB2}.Release Unicode.ActiveCfg = Release|Win32
		{95720FE9-89D5-4DCD-9A75-EE73BDF58AB2}.Release Unicode.Build.0 = Release|Win32
		{C2B7DBC0-5AB3-46F5-90E9-05EF1B230AE2}.Debug.ActiveCfg = Debug|Win32
		{C2B7DBC0-5AB3-46F5-90E9-05EF1B230AE2}.Debug.Build.0 = Debug|Win32
		{C2B7DBC0-5AB3-46F5-90E9-05EF1B230AE2}.Debug Unicode.ActiveCfg = Debug|Win32
		{C2B7DBC0-5AB3-46F5-90E9-05EF1B230AE2}.Debug Unicode.Build.0 = Debug|Win32
		{C2B7DBC0-5AB3-46F5-90E9-05EF1B230AE2}.MakeFile.ActiveCfg = Release|Win32
		{C2B7DBC0-5AB3-46F5-90E9-05EF1B230AE2}.MakeFile.Build.0 = Release|Win32
		{C2B7DBC0-5AB3-46F5-90E9-05EF1B230AE2}.Release.ActiveCfg = Release|Win32
		{C2B7DBC0-5AB3-46F5-90E9-05EF1B230AE2}.Release.Build.0 = Release|Win32
		{C2B7DBC0-5AB3-46F5-90E9-05EF1B230AE2}.Release Unicode.ActiveCfg = Release|Win32
		{C2B7DBC0-5AB3-46F5-90E9-05EF1B230AE2}.Release Unicode.Build.0 = Release|Win32
		{AE0ABDB0-AE3B-4C38-843B-3408A6B87BA4}.Debug.ActiveCfg = Debug|Win32
		{AE0ABDB0-AE3B-4C38-843B-3408A6B87BA4}.Debug.Build.0 = Debug|Win32
		{AE0ABDB0-AE3B-4C38-843B-3408A6B87BA4}.Debug Unicode.ActiveCfg = Debug|Win32
		{AE0ABDB0-AE3B-4C38-843B-3408A6B87BA4}.Debug Unicode.Build.0 = Debug|Win32
		{AE0ABDB0-AE3B-4C38-843B-3408A6B87BA4}.MakeFile.ActiveCfg = Debug|Win32
		{AE0ABDB0-AE3B-4C38-843B-3408A6B87BA4}.MakeFile.Build.0 = Debug|Win32
		{AE0ABDB0-AE3B-4C38-843B-3408A6B87BA4}.Release.ActiveCfg = Release|Win32
		{AE0ABDB0-AE3B-4C38-843B-3408A6B87BA4}.Release.Build.0 = Release|Win32
		{AE0ABDB0-AE3B-4C38-843B-3408A6B87BA4}.Release Unicode.ActiveCfg = Release|Win32
		{AE0ABDB0-AE3B-4C38-843B-3408A6B87BA4}.Release Unicode.Build.0 = Release|Win32
		{6D653C6F-8722-4B10-9C3A-CB7094DD159F}.Debug.ActiveCfg = Debug|Win32
		{6D653C6F-8722-4B10-9C3A-CB7094DD159F}.Debug.Build.0 = Debug|Win32
		{6D653C6F-8722-4B10-9C3A-CB7094DD159F}.Debug Unicode.ActiveCfg = Debug|Win32
		{6D653C6F-8722-4B10-9C3A-CB7094DD159F}.Debug Unicode.Build.0 = Debug|Win32
		{6D653C6F-8722-4B10-9C3A-CB7094DD159F}.MakeFile.ActiveCfg = Release|Win32
		{6D653C6F-8722-4B10-9C3A-CB7094DD159F}.MakeFile.Build.0 = Release|Win32
		{6D653C6F-8722-4B10-9C3A-CB7094DD159F}.Release.ActiveCfg = Release|Win32
		{6D653C6F-8722-4B10-9C3A-CB7094DD159F}.Release.Build.0 = Release|Win32
		{6D653C6F-8722-4B10-9C3A-CB7094DD159F}.Release Unicode.ActiveCfg = Release|Win32
		{6D653C6F-8722-4B10-9C3A-CB7094DD159F}.Release Unicode.Build.0 = Release|Win32
		{D74A626E-C8CB-4787-913E-2E637FC04F2B}.Debug.ActiveCfg = Debug|Win32
		{D74A626E-C8CB-4787-913E-2E637FC04F2B}.Debug.Build.0 = Debug|Win32
		{D74A626E-C8CB-4787-913E-2E637FC04F2B}.Debug Unicode.ActiveCfg = Debug|Win32
		{D74A626E-C8CB-4787-913E-2E637FC04F2B}.Debug Unicode.Build.0 = Debug|Win32
		{D74A626E-C8CB-4787-913E-2E637FC04F2B}.MakeFile.ActiveCfg = Release|Win32
		{D74A626E-C8CB-4787-913E-2E637FC04F2B}.MakeFile.Build.0 = Release|Win32
		{D74A626E-C8CB-4787-913E-2E637FC04F2B}.Release.ActiveCfg = Release|Win32
		{D74A626E-C8CB-4787-913E-2E637FC04F2B}.Release.Build.0 = Release|Win32
		{D74A626E-C8CB-4787-913E-2E637FC04F2B}.Release Unicode.ActiveCfg = Release|Win32
		{D74A626E-C8CB-4787-913E-2E637FC04F2B}.Release Unicode.Build.0 = Release|Win32
		{3FB9B20E-790A-402F-A02C-B0FBDC5938E3}.Debug.ActiveCfg = Debug|Win32
		{3FB9B20E-790A-402F-A02C-B0FBDC5938E3}.Debug.Build.0 = Debug|Win32
		{3FB9B20E-790A-402F-A02C-B0FBDC5938E3}.Debug Unicode.ActiveCfg = Debug|Win32
		{3FB9B20E-790A-402F-A02C-B0FBDC5938E3}.Debug Unicode.Build.0 = Debug|Win32
		{3FB9B20E-790A-402F-A02C-B0FBDC5938E3}.MakeFile.ActiveCfg = Release|Win32
		{3FB9B20E-790A-402F-A02C-B0FBDC5938E3}.MakeFile.Build.0 = Release|Win32
		{3FB9B20E-790A-402F-A02C-B0FBDC5938E3}.Release.ActiveCfg = Release|Win32
		{3FB9B20E-790A-402F-A02C-B0FBDC5938E3}.Release.Build.0 = Release|Win32
		{3FB9B20E-790A-402F-A02C-B0FBDC5938E3}.Release Unicode.ActiveCfg = Release|Win32
		{3FB9B20E-790A-402F-A02C-B0FBDC5938E3}.Release Unicode.Build.0 = Release|Win32
		{419E0701-9C9A-4671-B3B6-79FA206DEE25}.Debug.ActiveCfg = Debug|Win32
		{419E0701-9C9A-4671-B3B6-79FA206DEE25}.Debug.Build.0 = Debug|Win32
		{419E0701-9C9A-4671-B3B6-79FA206DEE25}.Debug Unicode.ActiveCfg = Debug|Win32
		{419E0701-9C9A-4671-B3B6-79FA206DEE25}.Debug Unicode.Build.0 = Debug|Win32
		{419E0701-9C9A-4671-B3B6-79FA206DEE25}.MakeFile.ActiveCfg = Release|Win32
		{419E0701-9C9A-4671-B3B6-79FA206DEE25}.MakeFile.Build.0 = Release|Win32
		{419E0701-9C9A-4671-B3B6-79FA206DEE25}.Release.ActiveCfg = Release|Win32
		{419E0701-9C9A-4671-B3B6-79FA206DEE25}.Release.Build.0 = Release|Win32
		{419E0701-9C9A-4671-B3B6-79FA206DEE25}.Release Unicode.ActiveCfg = Release|Win32
		{419E0701-9C9A-4671-B3B6-79FA206DEE25}.Release Unicode.Build.0 = Release|Win32
		{2394BCBD-BAE8-443F-A65C-6BFDDD42D7CA}.Debug.ActiveCfg = Debug|Win32
		{2394BCBD-BAE8-443F-A65C-6BFDDD42D7CA}.Debug.Build.0 = Debug|Win32
		{2394BCBD-BAE8-443F-A65C-6BFDDD42D7CA}.Debug Unicode.ActiveCfg = Debug|Win32
		{2394BCBD-BAE8-443F-A65C-6BFDDD42D7CA}.Debug Unicode.Build.0 = Debug|Win32
		{2394BCBD-BAE8-443F-A65C-6BFDDD42D7CA}.MakeFile.ActiveCfg = Release|Win32
		{2394BCBD-BAE8-443F-A65C-6BFDDD42D7CA}.MakeFile.Build.0 = Release|Win32
		{2394BCBD-BAE8-443F-A65C-6BFDDD42D7CA}.Release.ActiveCfg = Release|Win32
		{2394BCBD-BAE8-443F-A65C-6BFDDD42D7CA}.Release.Build.0 = Release|Win32
		{2394BCBD-BAE8-443F-A65C-6BFDDD42D7CA}.Release Unicode.ActiveCfg = Release|Win32
		{2394BCBD-BAE8-443F-A65C-6BFDDD42D7CA}.Release Unicode.Build.0 = Release|Win32
		{6B20BD7A-644B-4087-9CAC-71B2D68D0231}.Debug.ActiveCfg = Debug|Win32
		{6B20BD7A-644B-4087-9CAC-71B2D68D0231}.Debug.Build.0 = Debug|Win32
		{6B20BD7A-644B-4087-9CAC-71B2D68D0231}.Debug Unicode.ActiveCfg = Debug|Win32
		{6B20BD7A-644B-4087-9CAC-71B2D68D0231}.Debug Unicode.Build.0 = Debug|Win32
		{6B20BD7A-644B-4087-9CAC-71B2D68D0231}.MakeFile.ActiveCfg = Release|Win32
		{6B20BD7A-644B-4087-9CAC-71B2D68D0231}.MakeFile.Build.0 = Release|Win32
		{6B20BD7A-644B-4087-9CAC-71B2D68D0231}.Release.ActiveCfg = Release|Win32
		{6B20BD7A-644B-4087-9CAC-71B2D68D0231}.Release.Build.0 = Release|Win32
		{6B20BD7A-644B-4087-9CAC-71B2D68D0231}.Release Unicode.ActiveCfg = Release|Win32
		{6B20BD7A-644B-4087-9CAC-71B2D68D0231}.Release Unicode.Build.0 = Release|Win32
		{11CBDFD6-0D73-40C0-95DF-997C5FD873F2}.Debug.ActiveCfg = Debug|Win32
		{11CBDFD6-0D73-40C0-95DF-997C5FD873F2}.Debug.Build.0 = Debug|Win32
		{11CBDFD6-0D73-40C0-95DF-997C5FD873F2}.Debug Unicode.ActiveCfg = Debug|Win32
		{11CBDFD6-0D73-40C0-95DF-997C5FD873F2}.Debug Unicode.Build.0 = Debug|Win32
		{11CBDFD6-0D73-40C0-95DF-997C5FD873F2}.MakeFile.ActiveCfg = Release|Win32
		{11CBDFD6-0D73-40C0-95DF-997C5FD873F2}.MakeFile.Build.0 = Release|Win32
		{11CBDFD6-0D73-40C0-95DF-997C5FD873F2}.Release.ActiveCfg = Release|Win32
		{11CBDFD6-0D73-40C0-95DF-997C5FD873F2}.Release.Build.0 = Release|Win32
		{11CBDFD6-0D73-40C0-95DF-997C5FD873F2}.Release Unicode.ActiveCfg = Release|Win32
		{11CBDFD6-0D73-40C0-95DF-997C5FD873F2}.Release Unicode.Build.0 = Release|Win32
		{73D3CA81-3BDC-42F1-8456-76224F6B337C}.Debug.ActiveCfg = Debug|Win32
		{73D3CA81-3BDC-42F1-8456-76224F6B337C}.Debug.Build.0 = Debug|Win32
		{73D3CA81-3BDC-42F1-8456-76224F6B337C}.Debug Unicode.ActiveCfg = Debug|Win32
		{73D3CA81-3BDC-42F1-8456-76224F6B337C}.Debug Unicode.Build.0 = Debug|Win32
		{73D3CA81-3BDC-42F1-8456-76224F6B337C}.MakeFile.ActiveCfg = Release|Win32
		{73D3CA81-3BDC-42F1-8456-76224F6B337C}.MakeFile.Build.0 = Release|Win32
		{73D3CA81-3BDC-42F1-8456-76224F6B337C}.Release.ActiveCfg = Release|Win32
		{73D3CA81-3BDC-42F1-8456-76224F6B337C}.Release.Build.0 = Release|Win32
		{73D3CA81-3BDC-42F1-8456-76224F6B337C}.Release Unicode.ActiveCfg = Release|Win32
		{73D3CA81-3BDC-42F1-8456-76224F6B337C}.Release Unicode.Build.0 = Release|Win32
		{3214DF66-3E46-4E44-BF9D-BC7502B88C29}.Debug.ActiveCfg = Debug
		{3214DF66-3E46-4E44-BF9D-BC7502B88C29}.Debug.Build.0 = Debug
		{3214DF66-3E46-4E44-BF9D-BC7502B88C29}.Debug Unicode.ActiveCfg = Debug
		{3214DF66-3E46-4E44-BF9D-BC7502B88C29}.Debug Unicode.Build.0 = Debug
		{3214DF66-3E46-4E44-BF9D-BC7502B88C29}.MakeFile.ActiveCfg = Release
		{3214DF66-3E46-4E44-BF9D-BC7502B88C29}.MakeFile.Build.0 = Release
		{3214DF66-3E46-4E44-BF9D-BC7502B88C29}.Release.ActiveCfg = Release
		{3214DF66-3E46-4E44-BF9D-BC7502B88C29}.Release.Build.0 = Release
		{3214DF66-3E46-4E44-BF9D-BC7502B88C29}.Release Unicode.ActiveCfg = Release
		{3214DF66-3E46-4E44-BF9D-BC7502B88C29}.Release Unicode.Build.0 = Release
		{48CFEC13-E2BC-412F-8ECA-29090C7193B6}.Debug.ActiveCfg = Debug|Win32
		{48CFEC13-E2BC-412F-8ECA-29090C7193B6}.Debug.Build.0 = Debug|Win32
		{48CFEC13-E2BC-412F-8ECA-29090C7193B6}.Debug Unicode.ActiveCfg = Debug|Win32
		{48CFEC13-E2BC-412F-8ECA-29090C7193B6}.Debug Unicode.Build.0 = Debug|Win32
		{48CFEC13-E2BC-412F-8ECA-29090C7193B6}.MakeFile.ActiveCfg = Release|Win32
		{48CFEC13-E2BC-412F-8ECA-29090C7193B6}.MakeFile.Build.0 = Release|Win32
		{48CFEC13-E2BC-412F-8ECA-29090C7193B6}.Release.ActiveCfg = Release|Win32
		{48CFEC13-E2BC-412F-8ECA-29090C7193B6}.Release.Build.0 = Release|Win32
		{48CFEC13-E2BC-412F-8ECA-29090C7193B6}.Release Unicode.ActiveCfg = Release|Win32
		{48CFEC13-E2BC-412F-8ECA-29090C7193B6}.Release Unicode.Build.0 = Release|Win32
		{F9F22B14-22FE-4651-81B8-5AE267A6B189}.Debug.ActiveCfg = Debug|Win32
		{F9F22B14-22FE-4651-81B8-5AE267A6B189}.Debug.Build.0 = Debug|Win32
		{F9F22B14-22FE-4651-81B8-5AE267A6B189}.Debug Unicode.ActiveCfg = Debug|Win32
		{F9F22B14-22FE-4651-81B8-5AE267A6B189}.Debug Unicode.Build.0 = Debug|Win32
		{F9F22B14-22FE-4651-81B8-5AE267A6B189}.MakeFile.ActiveCfg = Release|Win32
		{F9F22B14-22FE-4651-81B8-5AE267A6B189}.MakeFile.Build.0 = Release|Win32
		{F9F22B14-22FE-4651-81B8-5AE267A6B189}.Release.ActiveCfg = Release|Win32
		{F9F22B14-22FE-4651-81B8-5AE267A6B189}.Release.Build.0 = Release|Win32
		{F9F22B14-22FE-4651-81B8-5AE267A6B189}.Release Unicode.ActiveCfg = Release|Win32
		{F9F22B14-22FE-4651-81B8-5AE267A6B189}.Release Unicode.Build.0 = Release|Win32
		{AD38DCC6-B431-4B32-8569-74F3376EF2DA}.Debug.ActiveCfg = Debug|Win32
		{AD38DCC6-B431-4B32-8569-74F3376EF2DA}.Debug.Build.0 = Debug|Win32
		{AD38DCC6-B431-4B32-8569-74F3376EF2DA}.Debug Unicode.ActiveCfg = Debug|Win32
		{AD38DCC6-B431-4B32-8569-74F3376EF2DA}.Debug Unicode.Build.0 = Debug|Win32
		{AD38DCC6-B431-4B32-8569-74F3376EF2DA}.MakeFile.ActiveCfg = Release|Win32
		{AD38DCC6-B431-4B32-8569-74F3376EF2DA}.MakeFile.Build.0 = Release|Win32
		{AD38DCC6-B431-4B32-8569-74F3376EF2DA}.Release.ActiveCfg = Release|Win32
		{AD38DCC6-B431-4B32-8569-74F3376EF2DA}.Release.Build.0 = Release|Win32
		{AD38DCC6-B431-4B32-8569-74F3376EF2DA}.Release Unicode.ActiveCfg = Release|Win32
		{AD38DCC6-B431-4B32-8569-74F3376EF2DA}.Release Unicode.Build.0 = Release|Win32
		{88532BA9-1EED-421F-84BF-88A7A87FB2D3}.Debug.ActiveCfg = Debug|Win32
		{88532BA9-1EED-421F-84BF-88A7A87FB2D3}.Debug.Build.0 = Debug|Win32
		{88532BA9-1EED-421F-84BF-88A7A87FB2D3}.Debug Unicode.ActiveCfg = Debug|Win32
		{88532BA9-1EED-421F-84BF-88A7A87FB2D3}.Debug Unicode.Build.0 = Debug|Win32
		{88532BA9-1EED-421F-84BF-88A7A87FB2D3}.MakeFile.ActiveCfg = Release|Win32
		{88532BA9-1EED-421F-84BF-88A7A87FB2D3}.MakeFile.Build.0 = Release|Win32
		{88532BA9-1EED-421F-84BF-88A7A87FB2D3}.Release.ActiveCfg = Release|Win32
		{88532BA9-1EED-421F-84BF-88A7A87FB2D3}.Release.Build.0 = Release|Win32
		{88532BA9-1EED-421F-84BF-88A7A87FB2D3}.Release Unicode.ActiveCfg = Release|Win32
		{88532BA9-1EED-421F-84BF-88A7A87FB2D3}.Release Unicode.Build.0 = Release|Win32
		{AD2DC5BB-AC7B-482D-9472-19BB98A833CE}.Debug.ActiveCfg = Debug|Win32
		{AD2DC5BB-AC7B-482D-9472-19BB98A833CE}.Debug.Build.0 = Debug|Win32
		{AD2DC5BB-AC7B-482D-9472-19BB98A833CE}.Debug Unicode.ActiveCfg = Debug|Win32
		{AD2DC5BB-AC7B-482D-9472-19BB98A833CE}.Debug Unicode.Build.0 = Debug|Win32
		{AD2DC5BB-AC7B-482D-9472-19BB98A833CE}.MakeFile.ActiveCfg = Release|Win32
		{AD2DC5BB-AC7B-482D-9472-19BB98A833CE}.MakeFile.Build.0 = Release|Win32
		{AD2DC5BB-AC7B-482D-9472-19BB98A833CE}.Release.ActiveCfg = Release|Win32
		{AD2DC5BB-AC7B-482D-9472-19BB98A833CE}.Release.Build.0 = Release|Win32
		{AD2DC5BB-AC7B-482D-9472-19BB98A833CE}.Release Unicode.ActiveCfg = Release|Win32
		{AD2DC5BB-AC7B-482D-9472-19BB98A833CE}.Release Unicode.Build.0 = Release|Win32
		{8C91066F-5C96-48BB-BD1F-D30FFD2A57A1}.Debug.ActiveCfg = Debug|Win32
		{8C91066F-5C96-48BB-BD1F-D30FFD2A57A1}.Debug.Build.0 = Debug|Win32
		{8C91066F-5C96-48BB-BD1F-D30FFD2A57A1}.Debug Unicode.ActiveCfg = Debug|Win32
		{8C91066F-5C96-48BB-BD1F-D30FFD2A57A1}.Debug Unicode.Build.0 = Debug|Win32
		{8C91066F-5C96-48BB-BD1F-D30FFD2A57A1}.MakeFile.ActiveCfg = Release|Win32
		{8C91066F-5C96-48BB-BD1F-D30FFD2A57A1}.MakeFile.Build.0 = Release|Win32
		{8C91066F-5C96-48BB-BD1F-D30FFD2A57A1}.Release.ActiveCfg = Release|Win32
		{8C91066F-5C96-48BB-BD1F-D30FFD2A57A1}.Release.Build.0 = Release|Win32
		{8C91066F-5C96-48BB-BD1F-D30FFD2A57A1}.Release Unicode.ActiveCfg = Release|Win32
		{8C91066F-5C96-48BB-BD1F-D30FFD2A57A1}.Release Unicode.Build.0 = Release|Win32
	EndGlobalSection
	GlobalSection(ExtensibilityGlobals) = postSolution
	EndGlobalSection
	GlobalSection(ExtensibilityAddIns) = postSolution
	EndGlobalSection
EndGlobal
