<?xml version="1.0" encoding="utf-8"?>
<Project ToolsVersion="4.0" xmlns="http://schemas.microsoft.com/developer/msbuild/2003">
  <ItemGroup>
    <Filter Include="Source Files">
      <UniqueIdentifier>{5b5f024b-61da-4e7e-b6d1-1728087d06a2}</UniqueIdentifier>
      <Extensions>cpp;c;cxx;def;odl;idl;hpj;bat;asm</Extensions>
    </Filter>
    <Filter Include="Header Files">
      <UniqueIdentifier>{dc463fe5-11df-4e40-8575-eaee12d435be}</UniqueIdentifier>
      <Extensions>h;hpp;hxx;hm;inl;inc</Extensions>
    </Filter>
    <Filter Include="Resource Files">
      <UniqueIdentifier>{f7c9bd23-849e-4245-8a13-6541e501765f}</UniqueIdentifier>
      <Extensions>rc;ico;cur;bmp;dlg;rc2;rct;bin;rgs;gif;jpg;jpeg;jpe</Extensions>
    </Filter>
  </ItemGroup>
  <ItemGroup>
    <ClCompile Include="OggMuxFilter.cpp">
      <Filter>Source Files</Filter>
    </ClCompile>
    <ClCompile Include="OggMuxInputPin.cpp">
      <Filter>Source Files</Filter>
    </ClCompile>
    <ClCompile Include="PropsOggMux.cpp">
      <Filter>Source Files</Filter>
    </ClCompile>
    <ClCompile Include="Precompiled.cpp">
      <Filter>Source Files</Filter>
    </ClCompile>
    <ClCompile Include="FilterRegistration.cpp">
      <Filter>Source Files</Filter>
    </ClCompile>
  </ItemGroup>
  <ItemGroup>
    <None Include="OggMux.def">
      <Filter>Source Files</Filter>
    </None>
  </ItemGroup>
  <ItemGroup>
    <ClInclude Include="IOggMuxProgress.h">
      <Filter>Header Files</Filter>
    </ClInclude>
    <ClInclude Include="IOggMuxSettings.h">
      <Filter>Header Files</Filter>
    </ClInclude>
    <ClInclude Include="OggMuxFilter.h">
      <Filter>Header Files</Filter>
    </ClInclude>
    <ClInclude Include="OggMuxInputPin.h">
      <Filter>Header Files</Filter>
    </ClInclude>
    <ClInclude Include="PropsOggMux.h">
      <Filter>Header Files</Filter>
    </ClInclude>
    <ClInclude Include="resource.h">
      <Filter>Header Files</Filter>
    </ClInclude>
    <ClInclude Include="Precompiled.h">
      <Filter>Header Files</Filter>
    </ClInclude>
    <ClInclude Include="FilterRegistration.h">
      <Filter>Header Files</Filter>
    </ClInclude>
  </ItemGroup>
  <ItemGroup>
    <Text Include="ReadMe.txt" />
  </ItemGroup>
</Project>